{
  "version": 4,
  "terraform_version": "1.9.8",
  "serial": 13,
  "lineage": "2df03bec-b9ae-dc62-df83-5e6e6bf8a818",
  "outputs": {},
  "resources": [
    {
      "mode": "managed",
      "type": "kubernetes_manifest",
      "name": "mariadb_service",
      "provider": "provider[\"registry.terraform.io/hashicorp/kubernetes\"]",
      "instances": [
        {
          "schema_version": 1,
          "attributes": {
            "computed_fields": null,
            "field_manager": [],
            "manifest": {
              "value": {
                "apiVersion": "v1",
                "kind": "Service",
                "metadata": {
                  "name": "mariadb-service",
                  "namespace": "default"
                },
                "spec": {
                  "ports": [
                    {
                      "port": 3306,
                      "targetPort": 3306
                    }
                  ],
                  "selector": {
                    "app": "mariadb"
                  },
                  "type": "ClusterIP"
                }
              },
              "type": [
                "object",
                {
                  "apiVersion": "string",
                  "kind": "string",
                  "metadata": [
                    "object",
                    {
                      "name": "string",
                      "namespace": "string"
                    }
                  ],
                  "spec": [
                    "object",
                    {
                      "ports": [
                        "tuple",
                        [
                          [
                            "object",
                            {
                              "port": "number",
                              "targetPort": "number"
                            }
                          ]
                        ]
                      ],
                      "selector": [
                        "object",
                        {
                          "app": "string"
                        }
                      ],
                      "type": "string"
                    }
                  ]
                }
              ]
            },
            "object": {
              "value": {
                "apiVersion": "v1",
                "kind": "Service",
                "metadata": {
                  "annotations": null,
                  "creationTimestamp": null,
                  "deletionGracePeriodSeconds": null,
                  "deletionTimestamp": null,
                  "finalizers": null,
                  "generateName": null,
                  "generation": null,
                  "labels": null,
                  "managedFields": null,
                  "name": "mariadb-service",
                  "namespace": "default",
                  "ownerReferences": null,
                  "resourceVersion": null,
                  "selfLink": null,
                  "uid": null
                },
                "spec": {
                  "allocateLoadBalancerNodePorts": null,
                  "clusterIP": "10.99.140.43",
                  "clusterIPs": [
                    "10.99.140.43"
                  ],
                  "externalIPs": null,
                  "externalName": null,
                  "externalTrafficPolicy": null,
                  "healthCheckNodePort": null,
                  "internalTrafficPolicy": "Cluster",
                  "ipFamilies": [
                    "IPv4"
                  ],
                  "ipFamilyPolicy": "SingleStack",
                  "loadBalancerClass": null,
                  "loadBalancerIP": null,
                  "loadBalancerSourceRanges": null,
                  "ports": [
                    {
                      "appProtocol": null,
                      "name": null,
                      "nodePort": null,
                      "port": 3306,
                      "protocol": "TCP",
                      "targetPort": "3306"
                    }
                  ],
                  "publishNotReadyAddresses": null,
                  "selector": {
                    "app": "mariadb"
                  },
                  "sessionAffinity": "None",
                  "sessionAffinityConfig": {
                    "clientIP": {
                      "timeoutSeconds": null
                    }
                  },
                  "trafficDistribution": null,
                  "type": "ClusterIP"
                }
              },
              "type": [
                "object",
                {
                  "apiVersion": "string",
                  "kind": "string",
                  "metadata": [
                    "object",
                    {
                      "annotations": [
                        "map",
                        "string"
                      ],
                      "creationTimestamp": "string",
                      "deletionGracePeriodSeconds": "number",
                      "deletionTimestamp": "string",
                      "finalizers": [
                        "list",
                        "string"
                      ],
                      "generateName": "string",
                      "generation": "number",
                      "labels": [
                        "map",
                        "string"
                      ],
                      "managedFields": [
                        "tuple",
                        [
                          [
                            "object",
                            {
                              "apiVersion": "string",
                              "fieldsType": "string",
                              "fieldsV1": "dynamic",
                              "manager": "string",
                              "operation": "string",
                              "subresource": "string",
                              "time": "string"
                            }
                          ]
                        ]
                      ],
                      "name": "string",
                      "namespace": "string",
                      "ownerReferences": [
                        "list",
                        [
                          "object",
                          {
                            "apiVersion": "string",
                            "blockOwnerDeletion": "bool",
                            "controller": "bool",
                            "kind": "string",
                            "name": "string",
                            "uid": "string"
                          }
                        ]
                      ],
                      "resourceVersion": "string",
                      "selfLink": "string",
                      "uid": "string"
                    }
                  ],
                  "spec": [
                    "object",
                    {
                      "allocateLoadBalancerNodePorts": "bool",
                      "clusterIP": "string",
                      "clusterIPs": [
                        "list",
                        "string"
                      ],
                      "externalIPs": [
                        "list",
                        "string"
                      ],
                      "externalName": "string",
                      "externalTrafficPolicy": "string",
                      "healthCheckNodePort": "number",
                      "internalTrafficPolicy": "string",
                      "ipFamilies": [
                        "list",
                        "string"
                      ],
                      "ipFamilyPolicy": "string",
                      "loadBalancerClass": "string",
                      "loadBalancerIP": "string",
                      "loadBalancerSourceRanges": [
                        "list",
                        "string"
                      ],
                      "ports": [
                        "list",
                        [
                          "object",
                          {
                            "appProtocol": "string",
                            "name": "string",
                            "nodePort": "number",
                            "port": "number",
                            "protocol": "string",
                            "targetPort": "string"
                          }
                        ]
                      ],
                      "publishNotReadyAddresses": "bool",
                      "selector": [
                        "map",
                        "string"
                      ],
                      "sessionAffinity": "string",
                      "sessionAffinityConfig": [
                        "object",
                        {
                          "clientIP": [
                            "object",
                            {
                              "timeoutSeconds": "number"
                            }
                          ]
                        }
                      ],
                      "trafficDistribution": "string",
                      "type": "string"
                    }
                  ]
                }
              ]
            },
            "timeouts": [],
            "wait": [],
            "wait_for": null
          },
          "sensitive_attributes": []
        }
      ]
    },
    {
      "mode": "managed",
      "type": "kubernetes_manifest",
      "name": "mongodb_deployment",
      "provider": "provider[\"registry.terraform.io/hashicorp/kubernetes\"]",
      "instances": [
        {
          "status": "tainted",
          "schema_version": 1,
          "attributes": {
            "computed_fields": null,
            "field_manager": [],
            "manifest": {
              "value": {
                "apiVersion": "v1",
                "kind": "Pod",
                "metadata": {
                  "labels": {
                    "app": "mongodb"
                  },
                  "name": "mongodb",
                  "namespace": "default"
                },
                "spec": {
                  "containers": [
                    {
                      "image": "mongo:latest",
                      "name": "mongodb",
                      "ports": [
                        {
                          "containerPort": 27017
                        }
                      ],
                      "volumeMounts": [
                        {
                          "mountPath": "/data/db",
                          "name": "mongo-storage"
                        }
                      ]
                    }
                  ],
                  "volumes": [
                    {
                      "emptyDir": {},
                      "name": "mongo-storage"
                    }
                  ]
                }
              },
              "type": [
                "object",
                {
                  "apiVersion": "string",
                  "kind": "string",
                  "metadata": [
                    "object",
                    {
                      "labels": [
                        "object",
                        {
                          "app": "string"
                        }
                      ],
                      "name": "string",
                      "namespace": "string"
                    }
                  ],
                  "spec": [
                    "object",
                    {
                      "containers": [
                        "tuple",
                        [
                          [
                            "object",
                            {
                              "image": "string",
                              "name": "string",
                              "ports": [
                                "tuple",
                                [
                                  [
                                    "object",
                                    {
                                      "containerPort": "number"
                                    }
                                  ]
                                ]
                              ],
                              "volumeMounts": [
                                "tuple",
                                [
                                  [
                                    "object",
                                    {
                                      "mountPath": "string",
                                      "name": "string"
                                    }
                                  ]
                                ]
                              ]
                            }
                          ]
                        ]
                      ],
                      "volumes": [
                        "tuple",
                        [
                          [
                            "object",
                            {
                              "emptyDir": [
                                "object",
                                {}
                              ],
                              "name": "string"
                            }
                          ]
                        ]
                      ]
                    }
                  ]
                }
              ]
            },
            "object": {
              "value": {
                "apiVersion": "v1",
                "kind": "Pod",
                "metadata": {
                  "annotations": null,
                  "creationTimestamp": null,
                  "deletionGracePeriodSeconds": null,
                  "deletionTimestamp": null,
                  "finalizers": null,
                  "generateName": null,
                  "generation": null,
                  "labels": {
                    "app": "mongodb"
                  },
                  "managedFields": null,
                  "name": "mongodb",
                  "namespace": "default",
                  "ownerReferences": null,
                  "resourceVersion": null,
                  "selfLink": null,
                  "uid": null
                },
                "spec": {
                  "activeDeadlineSeconds": null,
                  "affinity": {
                    "nodeAffinity": {
                      "preferredDuringSchedulingIgnoredDuringExecution": null,
                      "requiredDuringSchedulingIgnoredDuringExecution": {
                        "nodeSelectorTerms": null
                      }
                    },
                    "podAffinity": {
                      "preferredDuringSchedulingIgnoredDuringExecution": null,
                      "requiredDuringSchedulingIgnoredDuringExecution": null
                    },
                    "podAntiAffinity": {
                      "preferredDuringSchedulingIgnoredDuringExecution": null,
                      "requiredDuringSchedulingIgnoredDuringExecution": null
                    }
                  },
                  "automountServiceAccountToken": null,
                  "containers": [
                    {
                      "args": null,
                      "command": null,
                      "env": null,
                      "envFrom": null,
                      "image": "mongo:latest",
                      "imagePullPolicy": "Always",
                      "lifecycle": {
                        "postStart": {
                          "exec": {
                            "command": null
                          },
                          "httpGet": {
                            "host": null,
                            "httpHeaders": null,
                            "path": null,
                            "port": null,
                            "scheme": null
                          },
                          "sleep": {
                            "seconds": null
                          },
                          "tcpSocket": {
                            "host": null,
                            "port": null
                          }
                        },
                        "preStop": {
                          "exec": {
                            "command": null
                          },
                          "httpGet": {
                            "host": null,
                            "httpHeaders": null,
                            "path": null,
                            "port": null,
                            "scheme": null
                          },
                          "sleep": {
                            "seconds": null
                          },
                          "tcpSocket": {
                            "host": null,
                            "port": null
                          }
                        }
                      },
                      "livenessProbe": {
                        "exec": {
                          "command": null
                        },
                        "failureThreshold": null,
                        "grpc": {
                          "port": null,
                          "service": null
                        },
                        "httpGet": {
                          "host": null,
                          "httpHeaders": null,
                          "path": null,
                          "port": null,
                          "scheme": null
                        },
                        "initialDelaySeconds": null,
                        "periodSeconds": null,
                        "successThreshold": null,
                        "tcpSocket": {
                          "host": null,
                          "port": null
                        },
                        "terminationGracePeriodSeconds": null,
                        "timeoutSeconds": null
                      },
                      "name": "mongodb",
                      "ports": [
                        {
                          "containerPort": 27017,
                          "hostIP": null,
                          "hostPort": null,
                          "name": null,
                          "protocol": "TCP"
                        }
                      ],
                      "readinessProbe": {
                        "exec": {
                          "command": null
                        },
                        "failureThreshold": null,
                        "grpc": {
                          "port": null,
                          "service": null
                        },
                        "httpGet": {
                          "host": null,
                          "httpHeaders": null,
                          "path": null,
                          "port": null,
                          "scheme": null
                        },
                        "initialDelaySeconds": null,
                        "periodSeconds": null,
                        "successThreshold": null,
                        "tcpSocket": {
                          "host": null,
                          "port": null
                        },
                        "terminationGracePeriodSeconds": null,
                        "timeoutSeconds": null
                      },
                      "resizePolicy": null,
                      "resources": {
                        "claims": null,
                        "limits": null,
                        "requests": null
                      },
                      "restartPolicy": null,
                      "securityContext": {
                        "allowPrivilegeEscalation": null,
                        "appArmorProfile": {
                          "localhostProfile": null,
                          "type": null
                        },
                        "capabilities": {
                          "add": null,
                          "drop": null
                        },
                        "privileged": null,
                        "procMount": null,
                        "readOnlyRootFilesystem": null,
                        "runAsGroup": null,
                        "runAsNonRoot": null,
                        "runAsUser": null,
                        "seLinuxOptions": {
                          "level": null,
                          "role": null,
                          "type": null,
                          "user": null
                        },
                        "seccompProfile": {
                          "localhostProfile": null,
                          "type": null
                        },
                        "windowsOptions": {
                          "gmsaCredentialSpec": null,
                          "gmsaCredentialSpecName": null,
                          "hostProcess": null,
                          "runAsUserName": null
                        }
                      },
                      "startupProbe": {
                        "exec": {
                          "command": null
                        },
                        "failureThreshold": null,
                        "grpc": {
                          "port": null,
                          "service": null
                        },
                        "httpGet": {
                          "host": null,
                          "httpHeaders": null,
                          "path": null,
                          "port": null,
                          "scheme": null
                        },
                        "initialDelaySeconds": null,
                        "periodSeconds": null,
                        "successThreshold": null,
                        "tcpSocket": {
                          "host": null,
                          "port": null
                        },
                        "terminationGracePeriodSeconds": null,
                        "timeoutSeconds": null
                      },
                      "stdin": null,
                      "stdinOnce": null,
                      "terminationMessagePath": "/dev/termination-log",
                      "terminationMessagePolicy": "File",
                      "tty": null,
                      "volumeDevices": null,
                      "volumeMounts": [
                        {
                          "mountPath": "/data/db",
                          "mountPropagation": null,
                          "name": "mongo-storage",
                          "readOnly": null,
                          "recursiveReadOnly": null,
                          "subPath": null,
                          "subPathExpr": null
                        },
                        {
                          "mountPath": "/var/run/secrets/kubernetes.io/serviceaccount",
                          "mountPropagation": null,
                          "name": "kube-api-access-4lmcr",
                          "readOnly": true,
                          "recursiveReadOnly": null,
                          "subPath": null,
                          "subPathExpr": null
                        }
                      ],
                      "workingDir": null
                    }
                  ],
                  "dnsConfig": {
                    "nameservers": null,
                    "options": null,
                    "searches": null
                  },
                  "dnsPolicy": "ClusterFirst",
                  "enableServiceLinks": true,
                  "ephemeralContainers": null,
                  "hostAliases": null,
                  "hostIPC": null,
                  "hostNetwork": null,
                  "hostPID": null,
                  "hostUsers": null,
                  "hostname": null,
                  "imagePullSecrets": null,
                  "initContainers": null,
                  "nodeName": null,
                  "nodeSelector": null,
                  "os": {
                    "name": null
                  },
                  "overhead": null,
                  "preemptionPolicy": "PreemptLowerPriority",
                  "priority": 0,
                  "priorityClassName": null,
                  "readinessGates": null,
                  "resourceClaims": null,
                  "restartPolicy": "Always",
                  "runtimeClassName": null,
                  "schedulerName": "default-scheduler",
                  "schedulingGates": null,
                  "securityContext": {
                    "appArmorProfile": {
                      "localhostProfile": null,
                      "type": null
                    },
                    "fsGroup": null,
                    "fsGroupChangePolicy": null,
                    "runAsGroup": null,
                    "runAsNonRoot": null,
                    "runAsUser": null,
                    "seLinuxOptions": {
                      "level": null,
                      "role": null,
                      "type": null,
                      "user": null
                    },
                    "seccompProfile": {
                      "localhostProfile": null,
                      "type": null
                    },
                    "supplementalGroups": null,
                    "sysctls": null,
                    "windowsOptions": {
                      "gmsaCredentialSpec": null,
                      "gmsaCredentialSpecName": null,
                      "hostProcess": null,
                      "runAsUserName": null
                    }
                  },
                  "serviceAccount": "default",
                  "serviceAccountName": "default",
                  "setHostnameAsFQDN": null,
                  "shareProcessNamespace": null,
                  "subdomain": null,
                  "terminationGracePeriodSeconds": 30,
                  "tolerations": [
                    {
                      "effect": "NoExecute",
                      "key": "node.kubernetes.io/not-ready",
                      "operator": "Exists",
                      "tolerationSeconds": 300,
                      "value": null
                    },
                    {
                      "effect": "NoExecute",
                      "key": "node.kubernetes.io/unreachable",
                      "operator": "Exists",
                      "tolerationSeconds": 300,
                      "value": null
                    }
                  ],
                  "topologySpreadConstraints": null,
                  "volumes": [
                    {
                      "awsElasticBlockStore": {
                        "fsType": null,
                        "partition": null,
                        "readOnly": null,
                        "volumeID": null
                      },
                      "azureDisk": {
                        "cachingMode": null,
                        "diskName": null,
                        "diskURI": null,
                        "fsType": null,
                        "kind": null,
                        "readOnly": null
                      },
                      "azureFile": {
                        "readOnly": null,
                        "secretName": null,
                        "shareName": null
                      },
                      "cephfs": {
                        "monitors": null,
                        "path": null,
                        "readOnly": null,
                        "secretFile": null,
                        "secretRef": {
                          "name": null
                        },
                        "user": null
                      },
                      "cinder": {
                        "fsType": null,
                        "readOnly": null,
                        "secretRef": {
                          "name": null
                        },
                        "volumeID": null
                      },
                      "configMap": {
                        "defaultMode": null,
                        "items": null,
                        "name": null,
                        "optional": null
                      },
                      "csi": {
                        "driver": null,
                        "fsType": null,
                        "nodePublishSecretRef": {
                          "name": null
                        },
                        "readOnly": null,
                        "volumeAttributes": null
                      },
                      "downwardAPI": {
                        "defaultMode": null,
                        "items": null
                      },
                      "emptyDir": {
                        "medium": null,
                        "sizeLimit": null
                      },
                      "ephemeral": {
                        "volumeClaimTemplate": {
                          "metadata": {
                            "annotations": null,
                            "creationTimestamp": null,
                            "deletionGracePeriodSeconds": null,
                            "deletionTimestamp": null,
                            "finalizers": null,
                            "generateName": null,
                            "generation": null,
                            "labels": null,
                            "managedFields": null,
                            "name": null,
                            "namespace": null,
                            "ownerReferences": null,
                            "resourceVersion": null,
                            "selfLink": null,
                            "uid": null
                          },
                          "spec": {
                            "accessModes": null,
                            "dataSource": {
                              "apiGroup": null,
                              "kind": null,
                              "name": null
                            },
                            "dataSourceRef": {
                              "apiGroup": null,
                              "kind": null,
                              "name": null,
                              "namespace": null
                            },
                            "resources": {
                              "limits": null,
                              "requests": null
                            },
                            "selector": {
                              "matchExpressions": null,
                              "matchLabels": null
                            },
                            "storageClassName": null,
                            "volumeAttributesClassName": null,
                            "volumeMode": null,
                            "volumeName": null
                          }
                        }
                      },
                      "fc": {
                        "fsType": null,
                        "lun": null,
                        "readOnly": null,
                        "targetWWNs": null,
                        "wwids": null
                      },
                      "flexVolume": {
                        "driver": null,
                        "fsType": null,
                        "options": null,
                        "readOnly": null,
                        "secretRef": {
                          "name": null
                        }
                      },
                      "flocker": {
                        "datasetName": null,
                        "datasetUUID": null
                      },
                      "gcePersistentDisk": {
                        "fsType": null,
                        "partition": null,
                        "pdName": null,
                        "readOnly": null
                      },
                      "gitRepo": {
                        "directory": null,
                        "repository": null,
                        "revision": null
                      },
                      "glusterfs": {
                        "endpoints": null,
                        "path": null,
                        "readOnly": null
                      },
                      "hostPath": {
                        "path": null,
                        "type": null
                      },
                      "iscsi": {
                        "chapAuthDiscovery": null,
                        "chapAuthSession": null,
                        "fsType": null,
                        "initiatorName": null,
                        "iqn": null,
                        "iscsiInterface": null,
                        "lun": null,
                        "portals": null,
                        "readOnly": null,
                        "secretRef": {
                          "name": null
                        },
                        "targetPortal": null
                      },
                      "name": "mongo-storage",
                      "nfs": {
                        "path": null,
                        "readOnly": null,
                        "server": null
                      },
                      "persistentVolumeClaim": {
                        "claimName": null,
                        "readOnly": null
                      },
                      "photonPersistentDisk": {
                        "fsType": null,
                        "pdID": null
                      },
                      "portworxVolume": {
                        "fsType": null,
                        "readOnly": null,
                        "volumeID": null
                      },
                      "projected": {
                        "defaultMode": null,
                        "sources": null
                      },
                      "quobyte": {
                        "group": null,
                        "readOnly": null,
                        "registry": null,
                        "tenant": null,
                        "user": null,
                        "volume": null
                      },
                      "rbd": {
                        "fsType": null,
                        "image": null,
                        "keyring": null,
                        "monitors": null,
                        "pool": null,
                        "readOnly": null,
                        "secretRef": {
                          "name": null
                        },
                        "user": null
                      },
                      "scaleIO": {
                        "fsType": null,
                        "gateway": null,
                        "protectionDomain": null,
                        "readOnly": null,
                        "secretRef": {
                          "name": null
                        },
                        "sslEnabled": null,
                        "storageMode": null,
                        "storagePool": null,
                        "system": null,
                        "volumeName": null
                      },
                      "secret": {
                        "defaultMode": null,
                        "items": null,
                        "optional": null,
                        "secretName": null
                      },
                      "storageos": {
                        "fsType": null,
                        "readOnly": null,
                        "secretRef": {
                          "name": null
                        },
                        "volumeName": null,
                        "volumeNamespace": null
                      },
                      "vsphereVolume": {
                        "fsType": null,
                        "storagePolicyID": null,
                        "storagePolicyName": null,
                        "volumePath": null
                      }
                    },
                    {
                      "awsElasticBlockStore": {
                        "fsType": null,
                        "partition": null,
                        "readOnly": null,
                        "volumeID": null
                      },
                      "azureDisk": {
                        "cachingMode": null,
                        "diskName": null,
                        "diskURI": null,
                        "fsType": null,
                        "kind": null,
                        "readOnly": null
                      },
                      "azureFile": {
                        "readOnly": null,
                        "secretName": null,
                        "shareName": null
                      },
                      "cephfs": {
                        "monitors": null,
                        "path": null,
                        "readOnly": null,
                        "secretFile": null,
                        "secretRef": {
                          "name": null
                        },
                        "user": null
                      },
                      "cinder": {
                        "fsType": null,
                        "readOnly": null,
                        "secretRef": {
                          "name": null
                        },
                        "volumeID": null
                      },
                      "configMap": {
                        "defaultMode": null,
                        "items": null,
                        "name": null,
                        "optional": null
                      },
                      "csi": {
                        "driver": null,
                        "fsType": null,
                        "nodePublishSecretRef": {
                          "name": null
                        },
                        "readOnly": null,
                        "volumeAttributes": null
                      },
                      "downwardAPI": {
                        "defaultMode": null,
                        "items": null
                      },
                      "emptyDir": {
                        "medium": null,
                        "sizeLimit": null
                      },
                      "ephemeral": {
                        "volumeClaimTemplate": {
                          "metadata": {
                            "annotations": null,
                            "creationTimestamp": null,
                            "deletionGracePeriodSeconds": null,
                            "deletionTimestamp": null,
                            "finalizers": null,
                            "generateName": null,
                            "generation": null,
                            "labels": null,
                            "managedFields": null,
                            "name": null,
                            "namespace": null,
                            "ownerReferences": null,
                            "resourceVersion": null,
                            "selfLink": null,
                            "uid": null
                          },
                          "spec": {
                            "accessModes": null,
                            "dataSource": {
                              "apiGroup": null,
                              "kind": null,
                              "name": null
                            },
                            "dataSourceRef": {
                              "apiGroup": null,
                              "kind": null,
                              "name": null,
                              "namespace": null
                            },
                            "resources": {
                              "limits": null,
                              "requests": null
                            },
                            "selector": {
                              "matchExpressions": null,
                              "matchLabels": null
                            },
                            "storageClassName": null,
                            "volumeAttributesClassName": null,
                            "volumeMode": null,
                            "volumeName": null
                          }
                        }
                      },
                      "fc": {
                        "fsType": null,
                        "lun": null,
                        "readOnly": null,
                        "targetWWNs": null,
                        "wwids": null
                      },
                      "flexVolume": {
                        "driver": null,
                        "fsType": null,
                        "options": null,
                        "readOnly": null,
                        "secretRef": {
                          "name": null
                        }
                      },
                      "flocker": {
                        "datasetName": null,
                        "datasetUUID": null
                      },
                      "gcePersistentDisk": {
                        "fsType": null,
                        "partition": null,
                        "pdName": null,
                        "readOnly": null
                      },
                      "gitRepo": {
                        "directory": null,
                        "repository": null,
                        "revision": null
                      },
                      "glusterfs": {
                        "endpoints": null,
                        "path": null,
                        "readOnly": null
                      },
                      "hostPath": {
                        "path": null,
                        "type": null
                      },
                      "iscsi": {
                        "chapAuthDiscovery": null,
                        "chapAuthSession": null,
                        "fsType": null,
                        "initiatorName": null,
                        "iqn": null,
                        "iscsiInterface": null,
                        "lun": null,
                        "portals": null,
                        "readOnly": null,
                        "secretRef": {
                          "name": null
                        },
                        "targetPortal": null
                      },
                      "name": "kube-api-access-4lmcr",
                      "nfs": {
                        "path": null,
                        "readOnly": null,
                        "server": null
                      },
                      "persistentVolumeClaim": {
                        "claimName": null,
                        "readOnly": null
                      },
                      "photonPersistentDisk": {
                        "fsType": null,
                        "pdID": null
                      },
                      "portworxVolume": {
                        "fsType": null,
                        "readOnly": null,
                        "volumeID": null
                      },
                      "projected": {
                        "defaultMode": 420,
                        "sources": [
                          {
                            "clusterTrustBundle": {
                              "labelSelector": {
                                "matchExpressions": null,
                                "matchLabels": null
                              },
                              "name": null,
                              "optional": null,
                              "path": null,
                              "signerName": null
                            },
                            "configMap": {
                              "items": null,
                              "name": null,
                              "optional": null
                            },
                            "downwardAPI": {
                              "items": null
                            },
                            "secret": {
                              "items": null,
                              "name": null,
                              "optional": null
                            },
                            "serviceAccountToken": {
                              "audience": null,
                              "expirationSeconds": 3607,
                              "path": "token"
                            }
                          },
                          {
                            "clusterTrustBundle": {
                              "labelSelector": {
                                "matchExpressions": null,
                                "matchLabels": null
                              },
                              "name": null,
                              "optional": null,
                              "path": null,
                              "signerName": null
                            },
                            "configMap": {
                              "items": [
                                {
                                  "key": "ca.crt",
                                  "mode": null,
                                  "path": "ca.crt"
                                }
                              ],
                              "name": "kube-root-ca.crt",
                              "optional": null
                            },
                            "downwardAPI": {
                              "items": null
                            },
                            "secret": {
                              "items": null,
                              "name": null,
                              "optional": null
                            },
                            "serviceAccountToken": {
                              "audience": null,
                              "expirationSeconds": null,
                              "path": null
                            }
                          },
                          {
                            "clusterTrustBundle": {
                              "labelSelector": {
                                "matchExpressions": null,
                                "matchLabels": null
                              },
                              "name": null,
                              "optional": null,
                              "path": null,
                              "signerName": null
                            },
                            "configMap": {
                              "items": null,
                              "name": null,
                              "optional": null
                            },
                            "downwardAPI": {
                              "items": [
                                {
                                  "fieldRef": {
                                    "apiVersion": "v1",
                                    "fieldPath": "metadata.namespace"
                                  },
                                  "mode": null,
                                  "path": "namespace",
                                  "resourceFieldRef": {
                                    "containerName": null,
                                    "divisor": null,
                                    "resource": null
                                  }
                                }
                              ]
                            },
                            "secret": {
                              "items": null,
                              "name": null,
                              "optional": null
                            },
                            "serviceAccountToken": {
                              "audience": null,
                              "expirationSeconds": null,
                              "path": null
                            }
                          }
                        ]
                      },
                      "quobyte": {
                        "group": null,
                        "readOnly": null,
                        "registry": null,
                        "tenant": null,
                        "user": null,
                        "volume": null
                      },
                      "rbd": {
                        "fsType": null,
                        "image": null,
                        "keyring": null,
                        "monitors": null,
                        "pool": null,
                        "readOnly": null,
                        "secretRef": {
                          "name": null
                        },
                        "user": null
                      },
                      "scaleIO": {
                        "fsType": null,
                        "gateway": null,
                        "protectionDomain": null,
                        "readOnly": null,
                        "secretRef": {
                          "name": null
                        },
                        "sslEnabled": null,
                        "storageMode": null,
                        "storagePool": null,
                        "system": null,
                        "volumeName": null
                      },
                      "secret": {
                        "defaultMode": null,
                        "items": null,
                        "optional": null,
                        "secretName": null
                      },
                      "storageos": {
                        "fsType": null,
                        "readOnly": null,
                        "secretRef": {
                          "name": null
                        },
                        "volumeName": null,
                        "volumeNamespace": null
                      },
                      "vsphereVolume": {
                        "fsType": null,
                        "storagePolicyID": null,
                        "storagePolicyName": null,
                        "volumePath": null
                      }
                    }
                  ]
                }
              },
              "type": [
                "object",
                {
                  "apiVersion": "string",
                  "kind": "string",
                  "metadata": [
                    "object",
                    {
                      "annotations": [
                        "map",
                        "string"
                      ],
                      "creationTimestamp": "string",
                      "deletionGracePeriodSeconds": "number",
                      "deletionTimestamp": "string",
                      "finalizers": [
                        "list",
                        "string"
                      ],
                      "generateName": "string",
                      "generation": "number",
                      "labels": [
                        "map",
                        "string"
                      ],
                      "managedFields": [
                        "tuple",
                        [
                          [
                            "object",
                            {
                              "apiVersion": "string",
                              "fieldsType": "string",
                              "fieldsV1": "dynamic",
                              "manager": "string",
                              "operation": "string",
                              "subresource": "string",
                              "time": "string"
                            }
                          ]
                        ]
                      ],
                      "name": "string",
                      "namespace": "string",
                      "ownerReferences": [
                        "list",
                        [
                          "object",
                          {
                            "apiVersion": "string",
                            "blockOwnerDeletion": "bool",
                            "controller": "bool",
                            "kind": "string",
                            "name": "string",
                            "uid": "string"
                          }
                        ]
                      ],
                      "resourceVersion": "string",
                      "selfLink": "string",
                      "uid": "string"
                    }
                  ],
                  "spec": [
                    "object",
                    {
                      "activeDeadlineSeconds": "number",
                      "affinity": [
                        "object",
                        {
                          "nodeAffinity": [
                            "object",
                            {
                              "preferredDuringSchedulingIgnoredDuringExecution": [
                                "list",
                                [
                                  "object",
                                  {
                                    "preference": [
                                      "object",
                                      {
                                        "matchExpressions": [
                                          "list",
                                          [
                                            "object",
                                            {
                                              "key": "string",
                                              "operator": "string",
                                              "values": [
                                                "list",
                                                "string"
                                              ]
                                            }
                                          ]
                                        ],
                                        "matchFields": [
                                          "list",
                                          [
                                            "object",
                                            {
                                              "key": "string",
                                              "operator": "string",
                                              "values": [
                                                "list",
                                                "string"
                                              ]
                                            }
                                          ]
                                        ]
                                      }
                                    ],
                                    "weight": "number"
                                  }
                                ]
                              ],
                              "requiredDuringSchedulingIgnoredDuringExecution": [
                                "object",
                                {
                                  "nodeSelectorTerms": [
                                    "list",
                                    [
                                      "object",
                                      {
                                        "matchExpressions": [
                                          "list",
                                          [
                                            "object",
                                            {
                                              "key": "string",
                                              "operator": "string",
                                              "values": [
                                                "list",
                                                "string"
                                              ]
                                            }
                                          ]
                                        ],
                                        "matchFields": [
                                          "list",
                                          [
                                            "object",
                                            {
                                              "key": "string",
                                              "operator": "string",
                                              "values": [
                                                "list",
                                                "string"
                                              ]
                                            }
                                          ]
                                        ]
                                      }
                                    ]
                                  ]
                                }
                              ]
                            }
                          ],
                          "podAffinity": [
                            "object",
                            {
                              "preferredDuringSchedulingIgnoredDuringExecution": [
                                "list",
                                [
                                  "object",
                                  {
                                    "podAffinityTerm": [
                                      "object",
                                      {
                                        "labelSelector": [
                                          "object",
                                          {
                                            "matchExpressions": [
                                              "list",
                                              [
                                                "object",
                                                {
                                                  "key": "string",
                                                  "operator": "string",
                                                  "values": [
                                                    "list",
                                                    "string"
                                                  ]
                                                }
                                              ]
                                            ],
                                            "matchLabels": [
                                              "map",
                                              "string"
                                            ]
                                          }
                                        ],
                                        "matchLabelKeys": [
                                          "list",
                                          "string"
                                        ],
                                        "mismatchLabelKeys": [
                                          "list",
                                          "string"
                                        ],
                                        "namespaceSelector": [
                                          "object",
                                          {
                                            "matchExpressions": [
                                              "list",
                                              [
                                                "object",
                                                {
                                                  "key": "string",
                                                  "operator": "string",
                                                  "values": [
                                                    "list",
                                                    "string"
                                                  ]
                                                }
                                              ]
                                            ],
                                            "matchLabels": [
                                              "map",
                                              "string"
                                            ]
                                          }
                                        ],
                                        "namespaces": [
                                          "list",
                                          "string"
                                        ],
                                        "topologyKey": "string"
                                      }
                                    ],
                                    "weight": "number"
                                  }
                                ]
                              ],
                              "requiredDuringSchedulingIgnoredDuringExecution": [
                                "list",
                                [
                                  "object",
                                  {
                                    "labelSelector": [
                                      "object",
                                      {
                                        "matchExpressions": [
                                          "list",
                                          [
                                            "object",
                                            {
                                              "key": "string",
                                              "operator": "string",
                                              "values": [
                                                "list",
                                                "string"
                                              ]
                                            }
                                          ]
                                        ],
                                        "matchLabels": [
                                          "map",
                                          "string"
                                        ]
                                      }
                                    ],
                                    "matchLabelKeys": [
                                      "list",
                                      "string"
                                    ],
                                    "mismatchLabelKeys": [
                                      "list",
                                      "string"
                                    ],
                                    "namespaceSelector": [
                                      "object",
                                      {
                                        "matchExpressions": [
                                          "list",
                                          [
                                            "object",
                                            {
                                              "key": "string",
                                              "operator": "string",
                                              "values": [
                                                "list",
                                                "string"
                                              ]
                                            }
                                          ]
                                        ],
                                        "matchLabels": [
                                          "map",
                                          "string"
                                        ]
                                      }
                                    ],
                                    "namespaces": [
                                      "list",
                                      "string"
                                    ],
                                    "topologyKey": "string"
                                  }
                                ]
                              ]
                            }
                          ],
                          "podAntiAffinity": [
                            "object",
                            {
                              "preferredDuringSchedulingIgnoredDuringExecution": [
                                "list",
                                [
                                  "object",
                                  {
                                    "podAffinityTerm": [
                                      "object",
                                      {
                                        "labelSelector": [
                                          "object",
                                          {
                                            "matchExpressions": [
                                              "list",
                                              [
                                                "object",
                                                {
                                                  "key": "string",
                                                  "operator": "string",
                                                  "values": [
                                                    "list",
                                                    "string"
                                                  ]
                                                }
                                              ]
                                            ],
                                            "matchLabels": [
                                              "map",
                                              "string"
                                            ]
                                          }
                                        ],
                                        "matchLabelKeys": [
                                          "list",
                                          "string"
                                        ],
                                        "mismatchLabelKeys": [
                                          "list",
                                          "string"
                                        ],
                                        "namespaceSelector": [
                                          "object",
                                          {
                                            "matchExpressions": [
                                              "list",
                                              [
                                                "object",
                                                {
                                                  "key": "string",
                                                  "operator": "string",
                                                  "values": [
                                                    "list",
                                                    "string"
                                                  ]
                                                }
                                              ]
                                            ],
                                            "matchLabels": [
                                              "map",
                                              "string"
                                            ]
                                          }
                                        ],
                                        "namespaces": [
                                          "list",
                                          "string"
                                        ],
                                        "topologyKey": "string"
                                      }
                                    ],
                                    "weight": "number"
                                  }
                                ]
                              ],
                              "requiredDuringSchedulingIgnoredDuringExecution": [
                                "list",
                                [
                                  "object",
                                  {
                                    "labelSelector": [
                                      "object",
                                      {
                                        "matchExpressions": [
                                          "list",
                                          [
                                            "object",
                                            {
                                              "key": "string",
                                              "operator": "string",
                                              "values": [
                                                "list",
                                                "string"
                                              ]
                                            }
                                          ]
                                        ],
                                        "matchLabels": [
                                          "map",
                                          "string"
                                        ]
                                      }
                                    ],
                                    "matchLabelKeys": [
                                      "list",
                                      "string"
                                    ],
                                    "mismatchLabelKeys": [
                                      "list",
                                      "string"
                                    ],
                                    "namespaceSelector": [
                                      "object",
                                      {
                                        "matchExpressions": [
                                          "list",
                                          [
                                            "object",
                                            {
                                              "key": "string",
                                              "operator": "string",
                                              "values": [
                                                "list",
                                                "string"
                                              ]
                                            }
                                          ]
                                        ],
                                        "matchLabels": [
                                          "map",
                                          "string"
                                        ]
                                      }
                                    ],
                                    "namespaces": [
                                      "list",
                                      "string"
                                    ],
                                    "topologyKey": "string"
                                  }
                                ]
                              ]
                            }
                          ]
                        }
                      ],
                      "automountServiceAccountToken": "bool",
                      "containers": [
                        "list",
                        [
                          "object",
                          {
                            "args": [
                              "list",
                              "string"
                            ],
                            "command": [
                              "list",
                              "string"
                            ],
                            "env": [
                              "list",
                              [
                                "object",
                                {
                                  "name": "string",
                                  "value": "string",
                                  "valueFrom": [
                                    "object",
                                    {
                                      "configMapKeyRef": [
                                        "object",
                                        {
                                          "key": "string",
                                          "name": "string",
                                          "optional": "bool"
                                        }
                                      ],
                                      "fieldRef": [
                                        "object",
                                        {
                                          "apiVersion": "string",
                                          "fieldPath": "string"
                                        }
                                      ],
                                      "resourceFieldRef": [
                                        "object",
                                        {
                                          "containerName": "string",
                                          "divisor": "string",
                                          "resource": "string"
                                        }
                                      ],
                                      "secretKeyRef": [
                                        "object",
                                        {
                                          "key": "string",
                                          "name": "string",
                                          "optional": "bool"
                                        }
                                      ]
                                    }
                                  ]
                                }
                              ]
                            ],
                            "envFrom": [
                              "list",
                              [
                                "object",
                                {
                                  "configMapRef": [
                                    "object",
                                    {
                                      "name": "string",
                                      "optional": "bool"
                                    }
                                  ],
                                  "prefix": "string",
                                  "secretRef": [
                                    "object",
                                    {
                                      "name": "string",
                                      "optional": "bool"
                                    }
                                  ]
                                }
                              ]
                            ],
                            "image": "string",
                            "imagePullPolicy": "string",
                            "lifecycle": [
                              "object",
                              {
                                "postStart": [
                                  "object",
                                  {
                                    "exec": [
                                      "object",
                                      {
                                        "command": [
                                          "list",
                                          "string"
                                        ]
                                      }
                                    ],
                                    "httpGet": [
                                      "object",
                                      {
                                        "host": "string",
                                        "httpHeaders": [
                                          "list",
                                          [
                                            "object",
                                            {
                                              "name": "string",
                                              "value": "string"
                                            }
                                          ]
                                        ],
                                        "path": "string",
                                        "port": "string",
                                        "scheme": "string"
                                      }
                                    ],
                                    "sleep": [
                                      "object",
                                      {
                                        "seconds": "number"
                                      }
                                    ],
                                    "tcpSocket": [
                                      "object",
                                      {
                                        "host": "string",
                                        "port": "string"
                                      }
                                    ]
                                  }
                                ],
                                "preStop": [
                                  "object",
                                  {
                                    "exec": [
                                      "object",
                                      {
                                        "command": [
                                          "list",
                                          "string"
                                        ]
                                      }
                                    ],
                                    "httpGet": [
                                      "object",
                                      {
                                        "host": "string",
                                        "httpHeaders": [
                                          "list",
                                          [
                                            "object",
                                            {
                                              "name": "string",
                                              "value": "string"
                                            }
                                          ]
                                        ],
                                        "path": "string",
                                        "port": "string",
                                        "scheme": "string"
                                      }
                                    ],
                                    "sleep": [
                                      "object",
                                      {
                                        "seconds": "number"
                                      }
                                    ],
                                    "tcpSocket": [
                                      "object",
                                      {
                                        "host": "string",
                                        "port": "string"
                                      }
                                    ]
                                  }
                                ]
                              }
                            ],
                            "livenessProbe": [
                              "object",
                              {
                                "exec": [
                                  "object",
                                  {
                                    "command": [
                                      "list",
                                      "string"
                                    ]
                                  }
                                ],
                                "failureThreshold": "number",
                                "grpc": [
                                  "object",
                                  {
                                    "port": "number",
                                    "service": "string"
                                  }
                                ],
                                "httpGet": [
                                  "object",
                                  {
                                    "host": "string",
                                    "httpHeaders": [
                                      "list",
                                      [
                                        "object",
                                        {
                                          "name": "string",
                                          "value": "string"
                                        }
                                      ]
                                    ],
                                    "path": "string",
                                    "port": "string",
                                    "scheme": "string"
                                  }
                                ],
                                "initialDelaySeconds": "number",
                                "periodSeconds": "number",
                                "successThreshold": "number",
                                "tcpSocket": [
                                  "object",
                                  {
                                    "host": "string",
                                    "port": "string"
                                  }
                                ],
                                "terminationGracePeriodSeconds": "number",
                                "timeoutSeconds": "number"
                              }
                            ],
                            "name": "string",
                            "ports": [
                              "list",
                              [
                                "object",
                                {
                                  "containerPort": "number",
                                  "hostIP": "string",
                                  "hostPort": "number",
                                  "name": "string",
                                  "protocol": "string"
                                }
                              ]
                            ],
                            "readinessProbe": [
                              "object",
                              {
                                "exec": [
                                  "object",
                                  {
                                    "command": [
                                      "list",
                                      "string"
                                    ]
                                  }
                                ],
                                "failureThreshold": "number",
                                "grpc": [
                                  "object",
                                  {
                                    "port": "number",
                                    "service": "string"
                                  }
                                ],
                                "httpGet": [
                                  "object",
                                  {
                                    "host": "string",
                                    "httpHeaders": [
                                      "list",
                                      [
                                        "object",
                                        {
                                          "name": "string",
                                          "value": "string"
                                        }
                                      ]
                                    ],
                                    "path": "string",
                                    "port": "string",
                                    "scheme": "string"
                                  }
                                ],
                                "initialDelaySeconds": "number",
                                "periodSeconds": "number",
                                "successThreshold": "number",
                                "tcpSocket": [
                                  "object",
                                  {
                                    "host": "string",
                                    "port": "string"
                                  }
                                ],
                                "terminationGracePeriodSeconds": "number",
                                "timeoutSeconds": "number"
                              }
                            ],
                            "resizePolicy": [
                              "list",
                              [
                                "object",
                                {
                                  "resourceName": "string",
                                  "restartPolicy": "string"
                                }
                              ]
                            ],
                            "resources": [
                              "object",
                              {
                                "claims": [
                                  "list",
                                  [
                                    "object",
                                    {
                                      "name": "string"
                                    }
                                  ]
                                ],
                                "limits": [
                                  "map",
                                  "string"
                                ],
                                "requests": [
                                  "map",
                                  "string"
                                ]
                              }
                            ],
                            "restartPolicy": "string",
                            "securityContext": [
                              "object",
                              {
                                "allowPrivilegeEscalation": "bool",
                                "appArmorProfile": [
                                  "object",
                                  {
                                    "localhostProfile": "string",
                                    "type": "string"
                                  }
                                ],
                                "capabilities": [
                                  "object",
                                  {
                                    "add": [
                                      "list",
                                      "string"
                                    ],
                                    "drop": [
                                      "list",
                                      "string"
                                    ]
                                  }
                                ],
                                "privileged": "bool",
                                "procMount": "string",
                                "readOnlyRootFilesystem": "bool",
                                "runAsGroup": "number",
                                "runAsNonRoot": "bool",
                                "runAsUser": "number",
                                "seLinuxOptions": [
                                  "object",
                                  {
                                    "level": "string",
                                    "role": "string",
                                    "type": "string",
                                    "user": "string"
                                  }
                                ],
                                "seccompProfile": [
                                  "object",
                                  {
                                    "localhostProfile": "string",
                                    "type": "string"
                                  }
                                ],
                                "windowsOptions": [
                                  "object",
                                  {
                                    "gmsaCredentialSpec": "string",
                                    "gmsaCredentialSpecName": "string",
                                    "hostProcess": "bool",
                                    "runAsUserName": "string"
                                  }
                                ]
                              }
                            ],
                            "startupProbe": [
                              "object",
                              {
                                "exec": [
                                  "object",
                                  {
                                    "command": [
                                      "list",
                                      "string"
                                    ]
                                  }
                                ],
                                "failureThreshold": "number",
                                "grpc": [
                                  "object",
                                  {
                                    "port": "number",
                                    "service": "string"
                                  }
                                ],
                                "httpGet": [
                                  "object",
                                  {
                                    "host": "string",
                                    "httpHeaders": [
                                      "list",
                                      [
                                        "object",
                                        {
                                          "name": "string",
                                          "value": "string"
                                        }
                                      ]
                                    ],
                                    "path": "string",
                                    "port": "string",
                                    "scheme": "string"
                                  }
                                ],
                                "initialDelaySeconds": "number",
                                "periodSeconds": "number",
                                "successThreshold": "number",
                                "tcpSocket": [
                                  "object",
                                  {
                                    "host": "string",
                                    "port": "string"
                                  }
                                ],
                                "terminationGracePeriodSeconds": "number",
                                "timeoutSeconds": "number"
                              }
                            ],
                            "stdin": "bool",
                            "stdinOnce": "bool",
                            "terminationMessagePath": "string",
                            "terminationMessagePolicy": "string",
                            "tty": "bool",
                            "volumeDevices": [
                              "list",
                              [
                                "object",
                                {
                                  "devicePath": "string",
                                  "name": "string"
                                }
                              ]
                            ],
                            "volumeMounts": [
                              "list",
                              [
                                "object",
                                {
                                  "mountPath": "string",
                                  "mountPropagation": "string",
                                  "name": "string",
                                  "readOnly": "bool",
                                  "recursiveReadOnly": "string",
                                  "subPath": "string",
                                  "subPathExpr": "string"
                                }
                              ]
                            ],
                            "workingDir": "string"
                          }
                        ]
                      ],
                      "dnsConfig": [
                        "object",
                        {
                          "nameservers": [
                            "list",
                            "string"
                          ],
                          "options": [
                            "list",
                            [
                              "object",
                              {
                                "name": "string",
                                "value": "string"
                              }
                            ]
                          ],
                          "searches": [
                            "list",
                            "string"
                          ]
                        }
                      ],
                      "dnsPolicy": "string",
                      "enableServiceLinks": "bool",
                      "ephemeralContainers": [
                        "list",
                        [
                          "object",
                          {
                            "args": [
                              "list",
                              "string"
                            ],
                            "command": [
                              "list",
                              "string"
                            ],
                            "env": [
                              "list",
                              [
                                "object",
                                {
                                  "name": "string",
                                  "value": "string",
                                  "valueFrom": [
                                    "object",
                                    {
                                      "configMapKeyRef": [
                                        "object",
                                        {
                                          "key": "string",
                                          "name": "string",
                                          "optional": "bool"
                                        }
                                      ],
                                      "fieldRef": [
                                        "object",
                                        {
                                          "apiVersion": "string",
                                          "fieldPath": "string"
                                        }
                                      ],
                                      "resourceFieldRef": [
                                        "object",
                                        {
                                          "containerName": "string",
                                          "divisor": "string",
                                          "resource": "string"
                                        }
                                      ],
                                      "secretKeyRef": [
                                        "object",
                                        {
                                          "key": "string",
                                          "name": "string",
                                          "optional": "bool"
                                        }
                                      ]
                                    }
                                  ]
                                }
                              ]
                            ],
                            "envFrom": [
                              "list",
                              [
                                "object",
                                {
                                  "configMapRef": [
                                    "object",
                                    {
                                      "name": "string",
                                      "optional": "bool"
                                    }
                                  ],
                                  "prefix": "string",
                                  "secretRef": [
                                    "object",
                                    {
                                      "name": "string",
                                      "optional": "bool"
                                    }
                                  ]
                                }
                              ]
                            ],
                            "image": "string",
                            "imagePullPolicy": "string",
                            "lifecycle": [
                              "object",
                              {
                                "postStart": [
                                  "object",
                                  {
                                    "exec": [
                                      "object",
                                      {
                                        "command": [
                                          "list",
                                          "string"
                                        ]
                                      }
                                    ],
                                    "httpGet": [
                                      "object",
                                      {
                                        "host": "string",
                                        "httpHeaders": [
                                          "list",
                                          [
                                            "object",
                                            {
                                              "name": "string",
                                              "value": "string"
                                            }
                                          ]
                                        ],
                                        "path": "string",
                                        "port": "string",
                                        "scheme": "string"
                                      }
                                    ],
                                    "sleep": [
                                      "object",
                                      {
                                        "seconds": "number"
                                      }
                                    ],
                                    "tcpSocket": [
                                      "object",
                                      {
                                        "host": "string",
                                        "port": "string"
                                      }
                                    ]
                                  }
                                ],
                                "preStop": [
                                  "object",
                                  {
                                    "exec": [
                                      "object",
                                      {
                                        "command": [
                                          "list",
                                          "string"
                                        ]
                                      }
                                    ],
                                    "httpGet": [
                                      "object",
                                      {
                                        "host": "string",
                                        "httpHeaders": [
                                          "list",
                                          [
                                            "object",
                                            {
                                              "name": "string",
                                              "value": "string"
                                            }
                                          ]
                                        ],
                                        "path": "string",
                                        "port": "string",
                                        "scheme": "string"
                                      }
                                    ],
                                    "sleep": [
                                      "object",
                                      {
                                        "seconds": "number"
                                      }
                                    ],
                                    "tcpSocket": [
                                      "object",
                                      {
                                        "host": "string",
                                        "port": "string"
                                      }
                                    ]
                                  }
                                ]
                              }
                            ],
                            "livenessProbe": [
                              "object",
                              {
                                "exec": [
                                  "object",
                                  {
                                    "command": [
                                      "list",
                                      "string"
                                    ]
                                  }
                                ],
                                "failureThreshold": "number",
                                "grpc": [
                                  "object",
                                  {
                                    "port": "number",
                                    "service": "string"
                                  }
                                ],
                                "httpGet": [
                                  "object",
                                  {
                                    "host": "string",
                                    "httpHeaders": [
                                      "list",
                                      [
                                        "object",
                                        {
                                          "name": "string",
                                          "value": "string"
                                        }
                                      ]
                                    ],
                                    "path": "string",
                                    "port": "string",
                                    "scheme": "string"
                                  }
                                ],
                                "initialDelaySeconds": "number",
                                "periodSeconds": "number",
                                "successThreshold": "number",
                                "tcpSocket": [
                                  "object",
                                  {
                                    "host": "string",
                                    "port": "string"
                                  }
                                ],
                                "terminationGracePeriodSeconds": "number",
                                "timeoutSeconds": "number"
                              }
                            ],
                            "name": "string",
                            "ports": [
                              "list",
                              [
                                "object",
                                {
                                  "containerPort": "number",
                                  "hostIP": "string",
                                  "hostPort": "number",
                                  "name": "string",
                                  "protocol": "string"
                                }
                              ]
                            ],
                            "readinessProbe": [
                              "object",
                              {
                                "exec": [
                                  "object",
                                  {
                                    "command": [
                                      "list",
                                      "string"
                                    ]
                                  }
                                ],
                                "failureThreshold": "number",
                                "grpc": [
                                  "object",
                                  {
                                    "port": "number",
                                    "service": "string"
                                  }
                                ],
                                "httpGet": [
                                  "object",
                                  {
                                    "host": "string",
                                    "httpHeaders": [
                                      "list",
                                      [
                                        "object",
                                        {
                                          "name": "string",
                                          "value": "string"
                                        }
                                      ]
                                    ],
                                    "path": "string",
                                    "port": "string",
                                    "scheme": "string"
                                  }
                                ],
                                "initialDelaySeconds": "number",
                                "periodSeconds": "number",
                                "successThreshold": "number",
                                "tcpSocket": [
                                  "object",
                                  {
                                    "host": "string",
                                    "port": "string"
                                  }
                                ],
                                "terminationGracePeriodSeconds": "number",
                                "timeoutSeconds": "number"
                              }
                            ],
                            "resizePolicy": [
                              "list",
                              [
                                "object",
                                {
                                  "resourceName": "string",
                                  "restartPolicy": "string"
                                }
                              ]
                            ],
                            "resources": [
                              "object",
                              {
                                "claims": [
                                  "list",
                                  [
                                    "object",
                                    {
                                      "name": "string"
                                    }
                                  ]
                                ],
                                "limits": [
                                  "map",
                                  "string"
                                ],
                                "requests": [
                                  "map",
                                  "string"
                                ]
                              }
                            ],
                            "restartPolicy": "string",
                            "securityContext": [
                              "object",
                              {
                                "allowPrivilegeEscalation": "bool",
                                "appArmorProfile": [
                                  "object",
                                  {
                                    "localhostProfile": "string",
                                    "type": "string"
                                  }
                                ],
                                "capabilities": [
                                  "object",
                                  {
                                    "add": [
                                      "list",
                                      "string"
                                    ],
                                    "drop": [
                                      "list",
                                      "string"
                                    ]
                                  }
                                ],
                                "privileged": "bool",
                                "procMount": "string",
                                "readOnlyRootFilesystem": "bool",
                                "runAsGroup": "number",
                                "runAsNonRoot": "bool",
                                "runAsUser": "number",
                                "seLinuxOptions": [
                                  "object",
                                  {
                                    "level": "string",
                                    "role": "string",
                                    "type": "string",
                                    "user": "string"
                                  }
                                ],
                                "seccompProfile": [
                                  "object",
                                  {
                                    "localhostProfile": "string",
                                    "type": "string"
                                  }
                                ],
                                "windowsOptions": [
                                  "object",
                                  {
                                    "gmsaCredentialSpec": "string",
                                    "gmsaCredentialSpecName": "string",
                                    "hostProcess": "bool",
                                    "runAsUserName": "string"
                                  }
                                ]
                              }
                            ],
                            "startupProbe": [
                              "object",
                              {
                                "exec": [
                                  "object",
                                  {
                                    "command": [
                                      "list",
                                      "string"
                                    ]
                                  }
                                ],
                                "failureThreshold": "number",
                                "grpc": [
                                  "object",
                                  {
                                    "port": "number",
                                    "service": "string"
                                  }
                                ],
                                "httpGet": [
                                  "object",
                                  {
                                    "host": "string",
                                    "httpHeaders": [
                                      "list",
                                      [
                                        "object",
                                        {
                                          "name": "string",
                                          "value": "string"
                                        }
                                      ]
                                    ],
                                    "path": "string",
                                    "port": "string",
                                    "scheme": "string"
                                  }
                                ],
                                "initialDelaySeconds": "number",
                                "periodSeconds": "number",
                                "successThreshold": "number",
                                "tcpSocket": [
                                  "object",
                                  {
                                    "host": "string",
                                    "port": "string"
                                  }
                                ],
                                "terminationGracePeriodSeconds": "number",
                                "timeoutSeconds": "number"
                              }
                            ],
                            "stdin": "bool",
                            "stdinOnce": "bool",
                            "targetContainerName": "string",
                            "terminationMessagePath": "string",
                            "terminationMessagePolicy": "string",
                            "tty": "bool",
                            "volumeDevices": [
                              "list",
                              [
                                "object",
                                {
                                  "devicePath": "string",
                                  "name": "string"
                                }
                              ]
                            ],
                            "volumeMounts": [
                              "list",
                              [
                                "object",
                                {
                                  "mountPath": "string",
                                  "mountPropagation": "string",
                                  "name": "string",
                                  "readOnly": "bool",
                                  "recursiveReadOnly": "string",
                                  "subPath": "string",
                                  "subPathExpr": "string"
                                }
                              ]
                            ],
                            "workingDir": "string"
                          }
                        ]
                      ],
                      "hostAliases": [
                        "list",
                        [
                          "object",
                          {
                            "hostnames": [
                              "list",
                              "string"
                            ],
                            "ip": "string"
                          }
                        ]
                      ],
                      "hostIPC": "bool",
                      "hostNetwork": "bool",
                      "hostPID": "bool",
                      "hostUsers": "bool",
                      "hostname": "string",
                      "imagePullSecrets": [
                        "list",
                        [
                          "object",
                          {
                            "name": "string"
                          }
                        ]
                      ],
                      "initContainers": [
                        "list",
                        [
                          "object",
                          {
                            "args": [
                              "list",
                              "string"
                            ],
                            "command": [
                              "list",
                              "string"
                            ],
                            "env": [
                              "list",
                              [
                                "object",
                                {
                                  "name": "string",
                                  "value": "string",
                                  "valueFrom": [
                                    "object",
                                    {
                                      "configMapKeyRef": [
                                        "object",
                                        {
                                          "key": "string",
                                          "name": "string",
                                          "optional": "bool"
                                        }
                                      ],
                                      "fieldRef": [
                                        "object",
                                        {
                                          "apiVersion": "string",
                                          "fieldPath": "string"
                                        }
                                      ],
                                      "resourceFieldRef": [
                                        "object",
                                        {
                                          "containerName": "string",
                                          "divisor": "string",
                                          "resource": "string"
                                        }
                                      ],
                                      "secretKeyRef": [
                                        "object",
                                        {
                                          "key": "string",
                                          "name": "string",
                                          "optional": "bool"
                                        }
                                      ]
                                    }
                                  ]
                                }
                              ]
                            ],
                            "envFrom": [
                              "list",
                              [
                                "object",
                                {
                                  "configMapRef": [
                                    "object",
                                    {
                                      "name": "string",
                                      "optional": "bool"
                                    }
                                  ],
                                  "prefix": "string",
                                  "secretRef": [
                                    "object",
                                    {
                                      "name": "string",
                                      "optional": "bool"
                                    }
                                  ]
                                }
                              ]
                            ],
                            "image": "string",
                            "imagePullPolicy": "string",
                            "lifecycle": [
                              "object",
                              {
                                "postStart": [
                                  "object",
                                  {
                                    "exec": [
                                      "object",
                                      {
                                        "command": [
                                          "list",
                                          "string"
                                        ]
                                      }
                                    ],
                                    "httpGet": [
                                      "object",
                                      {
                                        "host": "string",
                                        "httpHeaders": [
                                          "list",
                                          [
                                            "object",
                                            {
                                              "name": "string",
                                              "value": "string"
                                            }
                                          ]
                                        ],
                                        "path": "string",
                                        "port": "string",
                                        "scheme": "string"
                                      }
                                    ],
                                    "sleep": [
                                      "object",
                                      {
                                        "seconds": "number"
                                      }
                                    ],
                                    "tcpSocket": [
                                      "object",
                                      {
                                        "host": "string",
                                        "port": "string"
                                      }
                                    ]
                                  }
                                ],
                                "preStop": [
                                  "object",
                                  {
                                    "exec": [
                                      "object",
                                      {
                                        "command": [
                                          "list",
                                          "string"
                                        ]
                                      }
                                    ],
                                    "httpGet": [
                                      "object",
                                      {
                                        "host": "string",
                                        "httpHeaders": [
                                          "list",
                                          [
                                            "object",
                                            {
                                              "name": "string",
                                              "value": "string"
                                            }
                                          ]
                                        ],
                                        "path": "string",
                                        "port": "string",
                                        "scheme": "string"
                                      }
                                    ],
                                    "sleep": [
                                      "object",
                                      {
                                        "seconds": "number"
                                      }
                                    ],
                                    "tcpSocket": [
                                      "object",
                                      {
                                        "host": "string",
                                        "port": "string"
                                      }
                                    ]
                                  }
                                ]
                              }
                            ],
                            "livenessProbe": [
                              "object",
                              {
                                "exec": [
                                  "object",
                                  {
                                    "command": [
                                      "list",
                                      "string"
                                    ]
                                  }
                                ],
                                "failureThreshold": "number",
                                "grpc": [
                                  "object",
                                  {
                                    "port": "number",
                                    "service": "string"
                                  }
                                ],
                                "httpGet": [
                                  "object",
                                  {
                                    "host": "string",
                                    "httpHeaders": [
                                      "list",
                                      [
                                        "object",
                                        {
                                          "name": "string",
                                          "value": "string"
                                        }
                                      ]
                                    ],
                                    "path": "string",
                                    "port": "string",
                                    "scheme": "string"
                                  }
                                ],
                                "initialDelaySeconds": "number",
                                "periodSeconds": "number",
                                "successThreshold": "number",
                                "tcpSocket": [
                                  "object",
                                  {
                                    "host": "string",
                                    "port": "string"
                                  }
                                ],
                                "terminationGracePeriodSeconds": "number",
                                "timeoutSeconds": "number"
                              }
                            ],
                            "name": "string",
                            "ports": [
                              "list",
                              [
                                "object",
                                {
                                  "containerPort": "number",
                                  "hostIP": "string",
                                  "hostPort": "number",
                                  "name": "string",
                                  "protocol": "string"
                                }
                              ]
                            ],
                            "readinessProbe": [
                              "object",
                              {
                                "exec": [
                                  "object",
                                  {
                                    "command": [
                                      "list",
                                      "string"
                                    ]
                                  }
                                ],
                                "failureThreshold": "number",
                                "grpc": [
                                  "object",
                                  {
                                    "port": "number",
                                    "service": "string"
                                  }
                                ],
                                "httpGet": [
                                  "object",
                                  {
                                    "host": "string",
                                    "httpHeaders": [
                                      "list",
                                      [
                                        "object",
                                        {
                                          "name": "string",
                                          "value": "string"
                                        }
                                      ]
                                    ],
                                    "path": "string",
                                    "port": "string",
                                    "scheme": "string"
                                  }
                                ],
                                "initialDelaySeconds": "number",
                                "periodSeconds": "number",
                                "successThreshold": "number",
                                "tcpSocket": [
                                  "object",
                                  {
                                    "host": "string",
                                    "port": "string"
                                  }
                                ],
                                "terminationGracePeriodSeconds": "number",
                                "timeoutSeconds": "number"
                              }
                            ],
                            "resizePolicy": [
                              "list",
                              [
                                "object",
                                {
                                  "resourceName": "string",
                                  "restartPolicy": "string"
                                }
                              ]
                            ],
                            "resources": [
                              "object",
                              {
                                "claims": [
                                  "list",
                                  [
                                    "object",
                                    {
                                      "name": "string"
                                    }
                                  ]
                                ],
                                "limits": [
                                  "map",
                                  "string"
                                ],
                                "requests": [
                                  "map",
                                  "string"
                                ]
                              }
                            ],
                            "restartPolicy": "string",
                            "securityContext": [
                              "object",
                              {
                                "allowPrivilegeEscalation": "bool",
                                "appArmorProfile": [
                                  "object",
                                  {
                                    "localhostProfile": "string",
                                    "type": "string"
                                  }
                                ],
                                "capabilities": [
                                  "object",
                                  {
                                    "add": [
                                      "list",
                                      "string"
                                    ],
                                    "drop": [
                                      "list",
                                      "string"
                                    ]
                                  }
                                ],
                                "privileged": "bool",
                                "procMount": "string",
                                "readOnlyRootFilesystem": "bool",
                                "runAsGroup": "number",
                                "runAsNonRoot": "bool",
                                "runAsUser": "number",
                                "seLinuxOptions": [
                                  "object",
                                  {
                                    "level": "string",
                                    "role": "string",
                                    "type": "string",
                                    "user": "string"
                                  }
                                ],
                                "seccompProfile": [
                                  "object",
                                  {
                                    "localhostProfile": "string",
                                    "type": "string"
                                  }
                                ],
                                "windowsOptions": [
                                  "object",
                                  {
                                    "gmsaCredentialSpec": "string",
                                    "gmsaCredentialSpecName": "string",
                                    "hostProcess": "bool",
                                    "runAsUserName": "string"
                                  }
                                ]
                              }
                            ],
                            "startupProbe": [
                              "object",
                              {
                                "exec": [
                                  "object",
                                  {
                                    "command": [
                                      "list",
                                      "string"
                                    ]
                                  }
                                ],
                                "failureThreshold": "number",
                                "grpc": [
                                  "object",
                                  {
                                    "port": "number",
                                    "service": "string"
                                  }
                                ],
                                "httpGet": [
                                  "object",
                                  {
                                    "host": "string",
                                    "httpHeaders": [
                                      "list",
                                      [
                                        "object",
                                        {
                                          "name": "string",
                                          "value": "string"
                                        }
                                      ]
                                    ],
                                    "path": "string",
                                    "port": "string",
                                    "scheme": "string"
                                  }
                                ],
                                "initialDelaySeconds": "number",
                                "periodSeconds": "number",
                                "successThreshold": "number",
                                "tcpSocket": [
                                  "object",
                                  {
                                    "host": "string",
                                    "port": "string"
                                  }
                                ],
                                "terminationGracePeriodSeconds": "number",
                                "timeoutSeconds": "number"
                              }
                            ],
                            "stdin": "bool",
                            "stdinOnce": "bool",
                            "terminationMessagePath": "string",
                            "terminationMessagePolicy": "string",
                            "tty": "bool",
                            "volumeDevices": [
                              "list",
                              [
                                "object",
                                {
                                  "devicePath": "string",
                                  "name": "string"
                                }
                              ]
                            ],
                            "volumeMounts": [
                              "list",
                              [
                                "object",
                                {
                                  "mountPath": "string",
                                  "mountPropagation": "string",
                                  "name": "string",
                                  "readOnly": "bool",
                                  "recursiveReadOnly": "string",
                                  "subPath": "string",
                                  "subPathExpr": "string"
                                }
                              ]
                            ],
                            "workingDir": "string"
                          }
                        ]
                      ],
                      "nodeName": "string",
                      "nodeSelector": [
                        "map",
                        "string"
                      ],
                      "os": [
                        "object",
                        {
                          "name": "string"
                        }
                      ],
                      "overhead": [
                        "map",
                        "string"
                      ],
                      "preemptionPolicy": "string",
                      "priority": "number",
                      "priorityClassName": "string",
                      "readinessGates": [
                        "list",
                        [
                          "object",
                          {
                            "conditionType": "string"
                          }
                        ]
                      ],
                      "resourceClaims": [
                        "list",
                        [
                          "object",
                          {
                            "name": "string",
                            "source": [
                              "object",
                              {
                                "resourceClaimName": "string",
                                "resourceClaimTemplateName": "string"
                              }
                            ]
                          }
                        ]
                      ],
                      "restartPolicy": "string",
                      "runtimeClassName": "string",
                      "schedulerName": "string",
                      "schedulingGates": [
                        "list",
                        [
                          "object",
                          {
                            "name": "string"
                          }
                        ]
                      ],
                      "securityContext": [
                        "object",
                        {
                          "appArmorProfile": [
                            "object",
                            {
                              "localhostProfile": "string",
                              "type": "string"
                            }
                          ],
                          "fsGroup": "number",
                          "fsGroupChangePolicy": "string",
                          "runAsGroup": "number",
                          "runAsNonRoot": "bool",
                          "runAsUser": "number",
                          "seLinuxOptions": [
                            "object",
                            {
                              "level": "string",
                              "role": "string",
                              "type": "string",
                              "user": "string"
                            }
                          ],
                          "seccompProfile": [
                            "object",
                            {
                              "localhostProfile": "string",
                              "type": "string"
                            }
                          ],
                          "supplementalGroups": [
                            "list",
                            "number"
                          ],
                          "sysctls": [
                            "list",
                            [
                              "object",
                              {
                                "name": "string",
                                "value": "string"
                              }
                            ]
                          ],
                          "windowsOptions": [
                            "object",
                            {
                              "gmsaCredentialSpec": "string",
                              "gmsaCredentialSpecName": "string",
                              "hostProcess": "bool",
                              "runAsUserName": "string"
                            }
                          ]
                        }
                      ],
                      "serviceAccount": "string",
                      "serviceAccountName": "string",
                      "setHostnameAsFQDN": "bool",
                      "shareProcessNamespace": "bool",
                      "subdomain": "string",
                      "terminationGracePeriodSeconds": "number",
                      "tolerations": [
                        "list",
                        [
                          "object",
                          {
                            "effect": "string",
                            "key": "string",
                            "operator": "string",
                            "tolerationSeconds": "number",
                            "value": "string"
                          }
                        ]
                      ],
                      "topologySpreadConstraints": [
                        "list",
                        [
                          "object",
                          {
                            "labelSelector": [
                              "object",
                              {
                                "matchExpressions": [
                                  "list",
                                  [
                                    "object",
                                    {
                                      "key": "string",
                                      "operator": "string",
                                      "values": [
                                        "list",
                                        "string"
                                      ]
                                    }
                                  ]
                                ],
                                "matchLabels": [
                                  "map",
                                  "string"
                                ]
                              }
                            ],
                            "matchLabelKeys": [
                              "list",
                              "string"
                            ],
                            "maxSkew": "number",
                            "minDomains": "number",
                            "nodeAffinityPolicy": "string",
                            "nodeTaintsPolicy": "string",
                            "topologyKey": "string",
                            "whenUnsatisfiable": "string"
                          }
                        ]
                      ],
                      "volumes": [
                        "tuple",
                        [
                          [
                            "object",
                            {
                              "awsElasticBlockStore": [
                                "object",
                                {
                                  "fsType": "string",
                                  "partition": "number",
                                  "readOnly": "bool",
                                  "volumeID": "string"
                                }
                              ],
                              "azureDisk": [
                                "object",
                                {
                                  "cachingMode": "string",
                                  "diskName": "string",
                                  "diskURI": "string",
                                  "fsType": "string",
                                  "kind": "string",
                                  "readOnly": "bool"
                                }
                              ],
                              "azureFile": [
                                "object",
                                {
                                  "readOnly": "bool",
                                  "secretName": "string",
                                  "shareName": "string"
                                }
                              ],
                              "cephfs": [
                                "object",
                                {
                                  "monitors": [
                                    "list",
                                    "string"
                                  ],
                                  "path": "string",
                                  "readOnly": "bool",
                                  "secretFile": "string",
                                  "secretRef": [
                                    "object",
                                    {
                                      "name": "string"
                                    }
                                  ],
                                  "user": "string"
                                }
                              ],
                              "cinder": [
                                "object",
                                {
                                  "fsType": "string",
                                  "readOnly": "bool",
                                  "secretRef": [
                                    "object",
                                    {
                                      "name": "string"
                                    }
                                  ],
                                  "volumeID": "string"
                                }
                              ],
                              "configMap": [
                                "object",
                                {
                                  "defaultMode": "number",
                                  "items": [
                                    "list",
                                    [
                                      "object",
                                      {
                                        "key": "string",
                                        "mode": "number",
                                        "path": "string"
                                      }
                                    ]
                                  ],
                                  "name": "string",
                                  "optional": "bool"
                                }
                              ],
                              "csi": [
                                "object",
                                {
                                  "driver": "string",
                                  "fsType": "string",
                                  "nodePublishSecretRef": [
                                    "object",
                                    {
                                      "name": "string"
                                    }
                                  ],
                                  "readOnly": "bool",
                                  "volumeAttributes": [
                                    "map",
                                    "string"
                                  ]
                                }
                              ],
                              "downwardAPI": [
                                "object",
                                {
                                  "defaultMode": "number",
                                  "items": [
                                    "list",
                                    [
                                      "object",
                                      {
                                        "fieldRef": [
                                          "object",
                                          {
                                            "apiVersion": "string",
                                            "fieldPath": "string"
                                          }
                                        ],
                                        "mode": "number",
                                        "path": "string",
                                        "resourceFieldRef": [
                                          "object",
                                          {
                                            "containerName": "string",
                                            "divisor": "string",
                                            "resource": "string"
                                          }
                                        ]
                                      }
                                    ]
                                  ]
                                }
                              ],
                              "emptyDir": [
                                "object",
                                {
                                  "medium": "string",
                                  "sizeLimit": "string"
                                }
                              ],
                              "ephemeral": [
                                "object",
                                {
                                  "volumeClaimTemplate": [
                                    "object",
                                    {
                                      "metadata": [
                                        "object",
                                        {
                                          "annotations": [
                                            "map",
                                            "string"
                                          ],
                                          "creationTimestamp": "string",
                                          "deletionGracePeriodSeconds": "number",
                                          "deletionTimestamp": "string",
                                          "finalizers": [
                                            "list",
                                            "string"
                                          ],
                                          "generateName": "string",
                                          "generation": "number",
                                          "labels": [
                                            "map",
                                            "string"
                                          ],
                                          "managedFields": [
                                            "tuple",
                                            [
                                              [
                                                "object",
                                                {
                                                  "apiVersion": "string",
                                                  "fieldsType": "string",
                                                  "fieldsV1": "dynamic",
                                                  "manager": "string",
                                                  "operation": "string",
                                                  "subresource": "string",
                                                  "time": "string"
                                                }
                                              ]
                                            ]
                                          ],
                                          "name": "string",
                                          "namespace": "string",
                                          "ownerReferences": [
                                            "list",
                                            [
                                              "object",
                                              {
                                                "apiVersion": "string",
                                                "blockOwnerDeletion": "bool",
                                                "controller": "bool",
                                                "kind": "string",
                                                "name": "string",
                                                "uid": "string"
                                              }
                                            ]
                                          ],
                                          "resourceVersion": "string",
                                          "selfLink": "string",
                                          "uid": "string"
                                        }
                                      ],
                                      "spec": [
                                        "object",
                                        {
                                          "accessModes": [
                                            "list",
                                            "string"
                                          ],
                                          "dataSource": [
                                            "object",
                                            {
                                              "apiGroup": "string",
                                              "kind": "string",
                                              "name": "string"
                                            }
                                          ],
                                          "dataSourceRef": [
                                            "object",
                                            {
                                              "apiGroup": "string",
                                              "kind": "string",
                                              "name": "string",
                                              "namespace": "string"
                                            }
                                          ],
                                          "resources": [
                                            "object",
                                            {
                                              "limits": [
                                                "map",
                                                "string"
                                              ],
                                              "requests": [
                                                "map",
                                                "string"
                                              ]
                                            }
                                          ],
                                          "selector": [
                                            "object",
                                            {
                                              "matchExpressions": [
                                                "list",
                                                [
                                                  "object",
                                                  {
                                                    "key": "string",
                                                    "operator": "string",
                                                    "values": [
                                                      "list",
                                                      "string"
                                                    ]
                                                  }
                                                ]
                                              ],
                                              "matchLabels": [
                                                "map",
                                                "string"
                                              ]
                                            }
                                          ],
                                          "storageClassName": "string",
                                          "volumeAttributesClassName": "string",
                                          "volumeMode": "string",
                                          "volumeName": "string"
                                        }
                                      ]
                                    }
                                  ]
                                }
                              ],
                              "fc": [
                                "object",
                                {
                                  "fsType": "string",
                                  "lun": "number",
                                  "readOnly": "bool",
                                  "targetWWNs": [
                                    "list",
                                    "string"
                                  ],
                                  "wwids": [
                                    "list",
                                    "string"
                                  ]
                                }
                              ],
                              "flexVolume": [
                                "object",
                                {
                                  "driver": "string",
                                  "fsType": "string",
                                  "options": [
                                    "map",
                                    "string"
                                  ],
                                  "readOnly": "bool",
                                  "secretRef": [
                                    "object",
                                    {
                                      "name": "string"
                                    }
                                  ]
                                }
                              ],
                              "flocker": [
                                "object",
                                {
                                  "datasetName": "string",
                                  "datasetUUID": "string"
                                }
                              ],
                              "gcePersistentDisk": [
                                "object",
                                {
                                  "fsType": "string",
                                  "partition": "number",
                                  "pdName": "string",
                                  "readOnly": "bool"
                                }
                              ],
                              "gitRepo": [
                                "object",
                                {
                                  "directory": "string",
                                  "repository": "string",
                                  "revision": "string"
                                }
                              ],
                              "glusterfs": [
                                "object",
                                {
                                  "endpoints": "string",
                                  "path": "string",
                                  "readOnly": "bool"
                                }
                              ],
                              "hostPath": [
                                "object",
                                {
                                  "path": "string",
                                  "type": "string"
                                }
                              ],
                              "iscsi": [
                                "object",
                                {
                                  "chapAuthDiscovery": "bool",
                                  "chapAuthSession": "bool",
                                  "fsType": "string",
                                  "initiatorName": "string",
                                  "iqn": "string",
                                  "iscsiInterface": "string",
                                  "lun": "number",
                                  "portals": [
                                    "list",
                                    "string"
                                  ],
                                  "readOnly": "bool",
                                  "secretRef": [
                                    "object",
                                    {
                                      "name": "string"
                                    }
                                  ],
                                  "targetPortal": "string"
                                }
                              ],
                              "name": "string",
                              "nfs": [
                                "object",
                                {
                                  "path": "string",
                                  "readOnly": "bool",
                                  "server": "string"
                                }
                              ],
                              "persistentVolumeClaim": [
                                "object",
                                {
                                  "claimName": "string",
                                  "readOnly": "bool"
                                }
                              ],
                              "photonPersistentDisk": [
                                "object",
                                {
                                  "fsType": "string",
                                  "pdID": "string"
                                }
                              ],
                              "portworxVolume": [
                                "object",
                                {
                                  "fsType": "string",
                                  "readOnly": "bool",
                                  "volumeID": "string"
                                }
                              ],
                              "projected": [
                                "object",
                                {
                                  "defaultMode": "number",
                                  "sources": [
                                    "list",
                                    [
                                      "object",
                                      {
                                        "clusterTrustBundle": [
                                          "object",
                                          {
                                            "labelSelector": [
                                              "object",
                                              {
                                                "matchExpressions": [
                                                  "list",
                                                  [
                                                    "object",
                                                    {
                                                      "key": "string",
                                                      "operator": "string",
                                                      "values": [
                                                        "list",
                                                        "string"
                                                      ]
                                                    }
                                                  ]
                                                ],
                                                "matchLabels": [
                                                  "map",
                                                  "string"
                                                ]
                                              }
                                            ],
                                            "name": "string",
                                            "optional": "bool",
                                            "path": "string",
                                            "signerName": "string"
                                          }
                                        ],
                                        "configMap": [
                                          "object",
                                          {
                                            "items": [
                                              "list",
                                              [
                                                "object",
                                                {
                                                  "key": "string",
                                                  "mode": "number",
                                                  "path": "string"
                                                }
                                              ]
                                            ],
                                            "name": "string",
                                            "optional": "bool"
                                          }
                                        ],
                                        "downwardAPI": [
                                          "object",
                                          {
                                            "items": [
                                              "list",
                                              [
                                                "object",
                                                {
                                                  "fieldRef": [
                                                    "object",
                                                    {
                                                      "apiVersion": "string",
                                                      "fieldPath": "string"
                                                    }
                                                  ],
                                                  "mode": "number",
                                                  "path": "string",
                                                  "resourceFieldRef": [
                                                    "object",
                                                    {
                                                      "containerName": "string",
                                                      "divisor": "string",
                                                      "resource": "string"
                                                    }
                                                  ]
                                                }
                                              ]
                                            ]
                                          }
                                        ],
                                        "secret": [
                                          "object",
                                          {
                                            "items": [
                                              "list",
                                              [
                                                "object",
                                                {
                                                  "key": "string",
                                                  "mode": "number",
                                                  "path": "string"
                                                }
                                              ]
                                            ],
                                            "name": "string",
                                            "optional": "bool"
                                          }
                                        ],
                                        "serviceAccountToken": [
                                          "object",
                                          {
                                            "audience": "string",
                                            "expirationSeconds": "number",
                                            "path": "string"
                                          }
                                        ]
                                      }
                                    ]
                                  ]
                                }
                              ],
                              "quobyte": [
                                "object",
                                {
                                  "group": "string",
                                  "readOnly": "bool",
                                  "registry": "string",
                                  "tenant": "string",
                                  "user": "string",
                                  "volume": "string"
                                }
                              ],
                              "rbd": [
                                "object",
                                {
                                  "fsType": "string",
                                  "image": "string",
                                  "keyring": "string",
                                  "monitors": [
                                    "list",
                                    "string"
                                  ],
                                  "pool": "string",
                                  "readOnly": "bool",
                                  "secretRef": [
                                    "object",
                                    {
                                      "name": "string"
                                    }
                                  ],
                                  "user": "string"
                                }
                              ],
                              "scaleIO": [
                                "object",
                                {
                                  "fsType": "string",
                                  "gateway": "string",
                                  "protectionDomain": "string",
                                  "readOnly": "bool",
                                  "secretRef": [
                                    "object",
                                    {
                                      "name": "string"
                                    }
                                  ],
                                  "sslEnabled": "bool",
                                  "storageMode": "string",
                                  "storagePool": "string",
                                  "system": "string",
                                  "volumeName": "string"
                                }
                              ],
                              "secret": [
                                "object",
                                {
                                  "defaultMode": "number",
                                  "items": [
                                    "list",
                                    [
                                      "object",
                                      {
                                        "key": "string",
                                        "mode": "number",
                                        "path": "string"
                                      }
                                    ]
                                  ],
                                  "optional": "bool",
                                  "secretName": "string"
                                }
                              ],
                              "storageos": [
                                "object",
                                {
                                  "fsType": "string",
                                  "readOnly": "bool",
                                  "secretRef": [
                                    "object",
                                    {
                                      "name": "string"
                                    }
                                  ],
                                  "volumeName": "string",
                                  "volumeNamespace": "string"
                                }
                              ],
                              "vsphereVolume": [
                                "object",
                                {
                                  "fsType": "string",
                                  "storagePolicyID": "string",
                                  "storagePolicyName": "string",
                                  "volumePath": "string"
                                }
                              ]
                            }
                          ],
                          [
                            "object",
                            {
                              "awsElasticBlockStore": [
                                "object",
                                {
                                  "fsType": "string",
                                  "partition": "number",
                                  "readOnly": "bool",
                                  "volumeID": "string"
                                }
                              ],
                              "azureDisk": [
                                "object",
                                {
                                  "cachingMode": "string",
                                  "diskName": "string",
                                  "diskURI": "string",
                                  "fsType": "string",
                                  "kind": "string",
                                  "readOnly": "bool"
                                }
                              ],
                              "azureFile": [
                                "object",
                                {
                                  "readOnly": "bool",
                                  "secretName": "string",
                                  "shareName": "string"
                                }
                              ],
                              "cephfs": [
                                "object",
                                {
                                  "monitors": [
                                    "list",
                                    "string"
                                  ],
                                  "path": "string",
                                  "readOnly": "bool",
                                  "secretFile": "string",
                                  "secretRef": [
                                    "object",
                                    {
                                      "name": "string"
                                    }
                                  ],
                                  "user": "string"
                                }
                              ],
                              "cinder": [
                                "object",
                                {
                                  "fsType": "string",
                                  "readOnly": "bool",
                                  "secretRef": [
                                    "object",
                                    {
                                      "name": "string"
                                    }
                                  ],
                                  "volumeID": "string"
                                }
                              ],
                              "configMap": [
                                "object",
                                {
                                  "defaultMode": "number",
                                  "items": [
                                    "list",
                                    [
                                      "object",
                                      {
                                        "key": "string",
                                        "mode": "number",
                                        "path": "string"
                                      }
                                    ]
                                  ],
                                  "name": "string",
                                  "optional": "bool"
                                }
                              ],
                              "csi": [
                                "object",
                                {
                                  "driver": "string",
                                  "fsType": "string",
                                  "nodePublishSecretRef": [
                                    "object",
                                    {
                                      "name": "string"
                                    }
                                  ],
                                  "readOnly": "bool",
                                  "volumeAttributes": [
                                    "map",
                                    "string"
                                  ]
                                }
                              ],
                              "downwardAPI": [
                                "object",
                                {
                                  "defaultMode": "number",
                                  "items": [
                                    "list",
                                    [
                                      "object",
                                      {
                                        "fieldRef": [
                                          "object",
                                          {
                                            "apiVersion": "string",
                                            "fieldPath": "string"
                                          }
                                        ],
                                        "mode": "number",
                                        "path": "string",
                                        "resourceFieldRef": [
                                          "object",
                                          {
                                            "containerName": "string",
                                            "divisor": "string",
                                            "resource": "string"
                                          }
                                        ]
                                      }
                                    ]
                                  ]
                                }
                              ],
                              "emptyDir": [
                                "object",
                                {
                                  "medium": "string",
                                  "sizeLimit": "string"
                                }
                              ],
                              "ephemeral": [
                                "object",
                                {
                                  "volumeClaimTemplate": [
                                    "object",
                                    {
                                      "metadata": [
                                        "object",
                                        {
                                          "annotations": [
                                            "map",
                                            "string"
                                          ],
                                          "creationTimestamp": "string",
                                          "deletionGracePeriodSeconds": "number",
                                          "deletionTimestamp": "string",
                                          "finalizers": [
                                            "list",
                                            "string"
                                          ],
                                          "generateName": "string",
                                          "generation": "number",
                                          "labels": [
                                            "map",
                                            "string"
                                          ],
                                          "managedFields": [
                                            "tuple",
                                            [
                                              [
                                                "object",
                                                {
                                                  "apiVersion": "string",
                                                  "fieldsType": "string",
                                                  "fieldsV1": "dynamic",
                                                  "manager": "string",
                                                  "operation": "string",
                                                  "subresource": "string",
                                                  "time": "string"
                                                }
                                              ]
                                            ]
                                          ],
                                          "name": "string",
                                          "namespace": "string",
                                          "ownerReferences": [
                                            "list",
                                            [
                                              "object",
                                              {
                                                "apiVersion": "string",
                                                "blockOwnerDeletion": "bool",
                                                "controller": "bool",
                                                "kind": "string",
                                                "name": "string",
                                                "uid": "string"
                                              }
                                            ]
                                          ],
                                          "resourceVersion": "string",
                                          "selfLink": "string",
                                          "uid": "string"
                                        }
                                      ],
                                      "spec": [
                                        "object",
                                        {
                                          "accessModes": [
                                            "list",
                                            "string"
                                          ],
                                          "dataSource": [
                                            "object",
                                            {
                                              "apiGroup": "string",
                                              "kind": "string",
                                              "name": "string"
                                            }
                                          ],
                                          "dataSourceRef": [
                                            "object",
                                            {
                                              "apiGroup": "string",
                                              "kind": "string",
                                              "name": "string",
                                              "namespace": "string"
                                            }
                                          ],
                                          "resources": [
                                            "object",
                                            {
                                              "limits": [
                                                "map",
                                                "string"
                                              ],
                                              "requests": [
                                                "map",
                                                "string"
                                              ]
                                            }
                                          ],
                                          "selector": [
                                            "object",
                                            {
                                              "matchExpressions": [
                                                "list",
                                                [
                                                  "object",
                                                  {
                                                    "key": "string",
                                                    "operator": "string",
                                                    "values": [
                                                      "list",
                                                      "string"
                                                    ]
                                                  }
                                                ]
                                              ],
                                              "matchLabels": [
                                                "map",
                                                "string"
                                              ]
                                            }
                                          ],
                                          "storageClassName": "string",
                                          "volumeAttributesClassName": "string",
                                          "volumeMode": "string",
                                          "volumeName": "string"
                                        }
                                      ]
                                    }
                                  ]
                                }
                              ],
                              "fc": [
                                "object",
                                {
                                  "fsType": "string",
                                  "lun": "number",
                                  "readOnly": "bool",
                                  "targetWWNs": [
                                    "list",
                                    "string"
                                  ],
                                  "wwids": [
                                    "list",
                                    "string"
                                  ]
                                }
                              ],
                              "flexVolume": [
                                "object",
                                {
                                  "driver": "string",
                                  "fsType": "string",
                                  "options": [
                                    "map",
                                    "string"
                                  ],
                                  "readOnly": "bool",
                                  "secretRef": [
                                    "object",
                                    {
                                      "name": "string"
                                    }
                                  ]
                                }
                              ],
                              "flocker": [
                                "object",
                                {
                                  "datasetName": "string",
                                  "datasetUUID": "string"
                                }
                              ],
                              "gcePersistentDisk": [
                                "object",
                                {
                                  "fsType": "string",
                                  "partition": "number",
                                  "pdName": "string",
                                  "readOnly": "bool"
                                }
                              ],
                              "gitRepo": [
                                "object",
                                {
                                  "directory": "string",
                                  "repository": "string",
                                  "revision": "string"
                                }
                              ],
                              "glusterfs": [
                                "object",
                                {
                                  "endpoints": "string",
                                  "path": "string",
                                  "readOnly": "bool"
                                }
                              ],
                              "hostPath": [
                                "object",
                                {
                                  "path": "string",
                                  "type": "string"
                                }
                              ],
                              "iscsi": [
                                "object",
                                {
                                  "chapAuthDiscovery": "bool",
                                  "chapAuthSession": "bool",
                                  "fsType": "string",
                                  "initiatorName": "string",
                                  "iqn": "string",
                                  "iscsiInterface": "string",
                                  "lun": "number",
                                  "portals": [
                                    "list",
                                    "string"
                                  ],
                                  "readOnly": "bool",
                                  "secretRef": [
                                    "object",
                                    {
                                      "name": "string"
                                    }
                                  ],
                                  "targetPortal": "string"
                                }
                              ],
                              "name": "string",
                              "nfs": [
                                "object",
                                {
                                  "path": "string",
                                  "readOnly": "bool",
                                  "server": "string"
                                }
                              ],
                              "persistentVolumeClaim": [
                                "object",
                                {
                                  "claimName": "string",
                                  "readOnly": "bool"
                                }
                              ],
                              "photonPersistentDisk": [
                                "object",
                                {
                                  "fsType": "string",
                                  "pdID": "string"
                                }
                              ],
                              "portworxVolume": [
                                "object",
                                {
                                  "fsType": "string",
                                  "readOnly": "bool",
                                  "volumeID": "string"
                                }
                              ],
                              "projected": [
                                "object",
                                {
                                  "defaultMode": "number",
                                  "sources": [
                                    "list",
                                    [
                                      "object",
                                      {
                                        "clusterTrustBundle": [
                                          "object",
                                          {
                                            "labelSelector": [
                                              "object",
                                              {
                                                "matchExpressions": [
                                                  "list",
                                                  [
                                                    "object",
                                                    {
                                                      "key": "string",
                                                      "operator": "string",
                                                      "values": [
                                                        "list",
                                                        "string"
                                                      ]
                                                    }
                                                  ]
                                                ],
                                                "matchLabels": [
                                                  "map",
                                                  "string"
                                                ]
                                              }
                                            ],
                                            "name": "string",
                                            "optional": "bool",
                                            "path": "string",
                                            "signerName": "string"
                                          }
                                        ],
                                        "configMap": [
                                          "object",
                                          {
                                            "items": [
                                              "list",
                                              [
                                                "object",
                                                {
                                                  "key": "string",
                                                  "mode": "number",
                                                  "path": "string"
                                                }
                                              ]
                                            ],
                                            "name": "string",
                                            "optional": "bool"
                                          }
                                        ],
                                        "downwardAPI": [
                                          "object",
                                          {
                                            "items": [
                                              "list",
                                              [
                                                "object",
                                                {
                                                  "fieldRef": [
                                                    "object",
                                                    {
                                                      "apiVersion": "string",
                                                      "fieldPath": "string"
                                                    }
                                                  ],
                                                  "mode": "number",
                                                  "path": "string",
                                                  "resourceFieldRef": [
                                                    "object",
                                                    {
                                                      "containerName": "string",
                                                      "divisor": "string",
                                                      "resource": "string"
                                                    }
                                                  ]
                                                }
                                              ]
                                            ]
                                          }
                                        ],
                                        "secret": [
                                          "object",
                                          {
                                            "items": [
                                              "list",
                                              [
                                                "object",
                                                {
                                                  "key": "string",
                                                  "mode": "number",
                                                  "path": "string"
                                                }
                                              ]
                                            ],
                                            "name": "string",
                                            "optional": "bool"
                                          }
                                        ],
                                        "serviceAccountToken": [
                                          "object",
                                          {
                                            "audience": "string",
                                            "expirationSeconds": "number",
                                            "path": "string"
                                          }
                                        ]
                                      }
                                    ]
                                  ]
                                }
                              ],
                              "quobyte": [
                                "object",
                                {
                                  "group": "string",
                                  "readOnly": "bool",
                                  "registry": "string",
                                  "tenant": "string",
                                  "user": "string",
                                  "volume": "string"
                                }
                              ],
                              "rbd": [
                                "object",
                                {
                                  "fsType": "string",
                                  "image": "string",
                                  "keyring": "string",
                                  "monitors": [
                                    "list",
                                    "string"
                                  ],
                                  "pool": "string",
                                  "readOnly": "bool",
                                  "secretRef": [
                                    "object",
                                    {
                                      "name": "string"
                                    }
                                  ],
                                  "user": "string"
                                }
                              ],
                              "scaleIO": [
                                "object",
                                {
                                  "fsType": "string",
                                  "gateway": "string",
                                  "protectionDomain": "string",
                                  "readOnly": "bool",
                                  "secretRef": [
                                    "object",
                                    {
                                      "name": "string"
                                    }
                                  ],
                                  "sslEnabled": "bool",
                                  "storageMode": "string",
                                  "storagePool": "string",
                                  "system": "string",
                                  "volumeName": "string"
                                }
                              ],
                              "secret": [
                                "object",
                                {
                                  "defaultMode": "number",
                                  "items": [
                                    "list",
                                    [
                                      "object",
                                      {
                                        "key": "string",
                                        "mode": "number",
                                        "path": "string"
                                      }
                                    ]
                                  ],
                                  "optional": "bool",
                                  "secretName": "string"
                                }
                              ],
                              "storageos": [
                                "object",
                                {
                                  "fsType": "string",
                                  "readOnly": "bool",
                                  "secretRef": [
                                    "object",
                                    {
                                      "name": "string"
                                    }
                                  ],
                                  "volumeName": "string",
                                  "volumeNamespace": "string"
                                }
                              ],
                              "vsphereVolume": [
                                "object",
                                {
                                  "fsType": "string",
                                  "storagePolicyID": "string",
                                  "storagePolicyName": "string",
                                  "volumePath": "string"
                                }
                              ]
                            }
                          ]
                        ]
                      ]
                    }
                  ]
                }
              ]
            },
            "timeouts": [],
            "wait": [],
            "wait_for": null
          },
          "sensitive_attributes": []
        }
      ]
    },
    {
      "mode": "managed",
      "type": "kubernetes_manifest",
      "name": "mongodb_service",
      "provider": "provider[\"registry.terraform.io/hashicorp/kubernetes\"]",
      "instances": [
        {
          "schema_version": 1,
          "attributes": {
            "computed_fields": null,
            "field_manager": [],
            "manifest": {
              "value": {
                "apiVersion": "v1",
                "kind": "Service",
                "metadata": {
                  "name": "mongodb",
                  "namespace": "default"
                },
                "spec": {
                  "ports": [
                    {
                      "port": 27017,
                      "protocol": "TCP",
                      "targetPort": 27017
                    }
                  ],
                  "selector": {
                    "app": "mongodb"
                  }
                }
              },
              "type": [
                "object",
                {
                  "apiVersion": "string",
                  "kind": "string",
                  "metadata": [
                    "object",
                    {
                      "name": "string",
                      "namespace": "string"
                    }
                  ],
                  "spec": [
                    "object",
                    {
                      "ports": [
                        "tuple",
                        [
                          [
                            "object",
                            {
                              "port": "number",
                              "protocol": "string",
                              "targetPort": "number"
                            }
                          ]
                        ]
                      ],
                      "selector": [
                        "object",
                        {
                          "app": "string"
                        }
                      ]
                    }
                  ]
                }
              ]
            },
            "object": {
              "value": {
                "apiVersion": "v1",
                "kind": "Service",
                "metadata": {
                  "annotations": null,
                  "creationTimestamp": null,
                  "deletionGracePeriodSeconds": null,
                  "deletionTimestamp": null,
                  "finalizers": null,
                  "generateName": null,
                  "generation": null,
                  "labels": null,
                  "managedFields": null,
                  "name": "mongodb",
                  "namespace": "default",
                  "ownerReferences": null,
                  "resourceVersion": null,
                  "selfLink": null,
                  "uid": null
                },
                "spec": {
                  "allocateLoadBalancerNodePorts": null,
                  "clusterIP": "10.101.74.3",
                  "clusterIPs": [
                    "10.101.74.3"
                  ],
                  "externalIPs": null,
                  "externalName": null,
                  "externalTrafficPolicy": null,
                  "healthCheckNodePort": null,
                  "internalTrafficPolicy": "Cluster",
                  "ipFamilies": [
                    "IPv4"
                  ],
                  "ipFamilyPolicy": "SingleStack",
                  "loadBalancerClass": null,
                  "loadBalancerIP": null,
                  "loadBalancerSourceRanges": null,
                  "ports": [
                    {
                      "appProtocol": null,
                      "name": null,
                      "nodePort": null,
                      "port": 27017,
                      "protocol": "TCP",
                      "targetPort": "27017"
                    }
                  ],
                  "publishNotReadyAddresses": null,
                  "selector": {
                    "app": "mongodb"
                  },
                  "sessionAffinity": "None",
                  "sessionAffinityConfig": {
                    "clientIP": {
                      "timeoutSeconds": null
                    }
                  },
                  "trafficDistribution": null,
                  "type": "ClusterIP"
                }
              },
              "type": [
                "object",
                {
                  "apiVersion": "string",
                  "kind": "string",
                  "metadata": [
                    "object",
                    {
                      "annotations": [
                        "map",
                        "string"
                      ],
                      "creationTimestamp": "string",
                      "deletionGracePeriodSeconds": "number",
                      "deletionTimestamp": "string",
                      "finalizers": [
                        "list",
                        "string"
                      ],
                      "generateName": "string",
                      "generation": "number",
                      "labels": [
                        "map",
                        "string"
                      ],
                      "managedFields": [
                        "tuple",
                        [
                          [
                            "object",
                            {
                              "apiVersion": "string",
                              "fieldsType": "string",
                              "fieldsV1": "dynamic",
                              "manager": "string",
                              "operation": "string",
                              "subresource": "string",
                              "time": "string"
                            }
                          ]
                        ]
                      ],
                      "name": "string",
                      "namespace": "string",
                      "ownerReferences": [
                        "list",
                        [
                          "object",
                          {
                            "apiVersion": "string",
                            "blockOwnerDeletion": "bool",
                            "controller": "bool",
                            "kind": "string",
                            "name": "string",
                            "uid": "string"
                          }
                        ]
                      ],
                      "resourceVersion": "string",
                      "selfLink": "string",
                      "uid": "string"
                    }
                  ],
                  "spec": [
                    "object",
                    {
                      "allocateLoadBalancerNodePorts": "bool",
                      "clusterIP": "string",
                      "clusterIPs": [
                        "list",
                        "string"
                      ],
                      "externalIPs": [
                        "list",
                        "string"
                      ],
                      "externalName": "string",
                      "externalTrafficPolicy": "string",
                      "healthCheckNodePort": "number",
                      "internalTrafficPolicy": "string",
                      "ipFamilies": [
                        "list",
                        "string"
                      ],
                      "ipFamilyPolicy": "string",
                      "loadBalancerClass": "string",
                      "loadBalancerIP": "string",
                      "loadBalancerSourceRanges": [
                        "list",
                        "string"
                      ],
                      "ports": [
                        "list",
                        [
                          "object",
                          {
                            "appProtocol": "string",
                            "name": "string",
                            "nodePort": "number",
                            "port": "number",
                            "protocol": "string",
                            "targetPort": "string"
                          }
                        ]
                      ],
                      "publishNotReadyAddresses": "bool",
                      "selector": [
                        "map",
                        "string"
                      ],
                      "sessionAffinity": "string",
                      "sessionAffinityConfig": [
                        "object",
                        {
                          "clientIP": [
                            "object",
                            {
                              "timeoutSeconds": "number"
                            }
                          ]
                        }
                      ],
                      "trafficDistribution": "string",
                      "type": "string"
                    }
                  ]
                }
              ]
            },
            "timeouts": [],
            "wait": [],
            "wait_for": null
          },
          "sensitive_attributes": []
        }
      ]
    },
    {
      "mode": "managed",
      "type": "kubernetes_manifest",
      "name": "redis_deployment",
      "provider": "provider[\"registry.terraform.io/hashicorp/kubernetes\"]",
      "instances": [
        {
          "status": "tainted",
          "schema_version": 1,
          "attributes": {
            "computed_fields": null,
            "field_manager": [],
            "manifest": {
              "value": {
                "apiVersion": "v1",
                "kind": "Pod",
                "metadata": {
                  "labels": {
                    "app": "redis"
                  },
                  "name": "redis",
                  "namespace": "default"
                },
                "spec": {
                  "containers": [
                    {
                      "env": [
                        {
                          "name": "REDIS_HOST",
                          "valueFrom": {
                            "secretKeyRef": {
                              "key": "redis.data.host",
                              "name": "debook-secret"
                            }
                          }
                        },
                        {
                          "name": "REDIS_PORT",
                          "valueFrom": {
                            "secretKeyRef": {
                              "key": "redis.data.port",
                              "name": "debook-secret"
                            }
                          }
                        }
                      ],
                      "image": "redis:latest",
                      "name": "redis",
                      "ports": [
                        {
                          "containerPort": 6379
                        }
                      ],
                      "volumeMounts": [
                        {
                          "mountPath": "/data",
                          "name": "redis-storage"
                        }
                      ]
                    }
                  ],
                  "volumes": [
                    {
                      "emptyDir": {},
                      "name": "redis-storage"
                    }
                  ]
                }
              },
              "type": [
                "object",
                {
                  "apiVersion": "string",
                  "kind": "string",
                  "metadata": [
                    "object",
                    {
                      "labels": [
                        "object",
                        {
                          "app": "string"
                        }
                      ],
                      "name": "string",
                      "namespace": "string"
                    }
                  ],
                  "spec": [
                    "object",
                    {
                      "containers": [
                        "tuple",
                        [
                          [
                            "object",
                            {
                              "env": [
                                "tuple",
                                [
                                  [
                                    "object",
                                    {
                                      "name": "string",
                                      "valueFrom": [
                                        "object",
                                        {
                                          "secretKeyRef": [
                                            "object",
                                            {
                                              "key": "string",
                                              "name": "string"
                                            }
                                          ]
                                        }
                                      ]
                                    }
                                  ],
                                  [
                                    "object",
                                    {
                                      "name": "string",
                                      "valueFrom": [
                                        "object",
                                        {
                                          "secretKeyRef": [
                                            "object",
                                            {
                                              "key": "string",
                                              "name": "string"
                                            }
                                          ]
                                        }
                                      ]
                                    }
                                  ]
                                ]
                              ],
                              "image": "string",
                              "name": "string",
                              "ports": [
                                "tuple",
                                [
                                  [
                                    "object",
                                    {
                                      "containerPort": "number"
                                    }
                                  ]
                                ]
                              ],
                              "volumeMounts": [
                                "tuple",
                                [
                                  [
                                    "object",
                                    {
                                      "mountPath": "string",
                                      "name": "string"
                                    }
                                  ]
                                ]
                              ]
                            }
                          ]
                        ]
                      ],
                      "volumes": [
                        "tuple",
                        [
                          [
                            "object",
                            {
                              "emptyDir": [
                                "object",
                                {}
                              ],
                              "name": "string"
                            }
                          ]
                        ]
                      ]
                    }
                  ]
                }
              ]
            },
            "object": {
              "value": {
                "apiVersion": "v1",
                "kind": "Pod",
                "metadata": {
                  "annotations": null,
                  "creationTimestamp": null,
                  "deletionGracePeriodSeconds": null,
                  "deletionTimestamp": null,
                  "finalizers": null,
                  "generateName": null,
                  "generation": null,
                  "labels": {
                    "app": "redis"
                  },
                  "managedFields": null,
                  "name": "redis",
                  "namespace": "default",
                  "ownerReferences": null,
                  "resourceVersion": null,
                  "selfLink": null,
                  "uid": null
                },
                "spec": {
                  "activeDeadlineSeconds": null,
                  "affinity": {
                    "nodeAffinity": {
                      "preferredDuringSchedulingIgnoredDuringExecution": null,
                      "requiredDuringSchedulingIgnoredDuringExecution": {
                        "nodeSelectorTerms": null
                      }
                    },
                    "podAffinity": {
                      "preferredDuringSchedulingIgnoredDuringExecution": null,
                      "requiredDuringSchedulingIgnoredDuringExecution": null
                    },
                    "podAntiAffinity": {
                      "preferredDuringSchedulingIgnoredDuringExecution": null,
                      "requiredDuringSchedulingIgnoredDuringExecution": null
                    }
                  },
                  "automountServiceAccountToken": null,
                  "containers": [
                    {
                      "args": null,
                      "command": null,
                      "env": [
                        {
                          "name": "REDIS_HOST",
                          "value": null,
                          "valueFrom": {
                            "configMapKeyRef": {
                              "key": null,
                              "name": null,
                              "optional": null
                            },
                            "fieldRef": {
                              "apiVersion": null,
                              "fieldPath": null
                            },
                            "resourceFieldRef": {
                              "containerName": null,
                              "divisor": null,
                              "resource": null
                            },
                            "secretKeyRef": {
                              "key": "redis.data.host",
                              "name": "debook-secret",
                              "optional": null
                            }
                          }
                        },
                        {
                          "name": "REDIS_PORT",
                          "value": null,
                          "valueFrom": {
                            "configMapKeyRef": {
                              "key": null,
                              "name": null,
                              "optional": null
                            },
                            "fieldRef": {
                              "apiVersion": null,
                              "fieldPath": null
                            },
                            "resourceFieldRef": {
                              "containerName": null,
                              "divisor": null,
                              "resource": null
                            },
                            "secretKeyRef": {
                              "key": "redis.data.port",
                              "name": "debook-secret",
                              "optional": null
                            }
                          }
                        }
                      ],
                      "envFrom": null,
                      "image": "redis:latest",
                      "imagePullPolicy": "Always",
                      "lifecycle": {
                        "postStart": {
                          "exec": {
                            "command": null
                          },
                          "httpGet": {
                            "host": null,
                            "httpHeaders": null,
                            "path": null,
                            "port": null,
                            "scheme": null
                          },
                          "sleep": {
                            "seconds": null
                          },
                          "tcpSocket": {
                            "host": null,
                            "port": null
                          }
                        },
                        "preStop": {
                          "exec": {
                            "command": null
                          },
                          "httpGet": {
                            "host": null,
                            "httpHeaders": null,
                            "path": null,
                            "port": null,
                            "scheme": null
                          },
                          "sleep": {
                            "seconds": null
                          },
                          "tcpSocket": {
                            "host": null,
                            "port": null
                          }
                        }
                      },
                      "livenessProbe": {
                        "exec": {
                          "command": null
                        },
                        "failureThreshold": null,
                        "grpc": {
                          "port": null,
                          "service": null
                        },
                        "httpGet": {
                          "host": null,
                          "httpHeaders": null,
                          "path": null,
                          "port": null,
                          "scheme": null
                        },
                        "initialDelaySeconds": null,
                        "periodSeconds": null,
                        "successThreshold": null,
                        "tcpSocket": {
                          "host": null,
                          "port": null
                        },
                        "terminationGracePeriodSeconds": null,
                        "timeoutSeconds": null
                      },
                      "name": "redis",
                      "ports": [
                        {
                          "containerPort": 6379,
                          "hostIP": null,
                          "hostPort": null,
                          "name": null,
                          "protocol": "TCP"
                        }
                      ],
                      "readinessProbe": {
                        "exec": {
                          "command": null
                        },
                        "failureThreshold": null,
                        "grpc": {
                          "port": null,
                          "service": null
                        },
                        "httpGet": {
                          "host": null,
                          "httpHeaders": null,
                          "path": null,
                          "port": null,
                          "scheme": null
                        },
                        "initialDelaySeconds": null,
                        "periodSeconds": null,
                        "successThreshold": null,
                        "tcpSocket": {
                          "host": null,
                          "port": null
                        },
                        "terminationGracePeriodSeconds": null,
                        "timeoutSeconds": null
                      },
                      "resizePolicy": null,
                      "resources": {
                        "claims": null,
                        "limits": null,
                        "requests": null
                      },
                      "restartPolicy": null,
                      "securityContext": {
                        "allowPrivilegeEscalation": null,
                        "appArmorProfile": {
                          "localhostProfile": null,
                          "type": null
                        },
                        "capabilities": {
                          "add": null,
                          "drop": null
                        },
                        "privileged": null,
                        "procMount": null,
                        "readOnlyRootFilesystem": null,
                        "runAsGroup": null,
                        "runAsNonRoot": null,
                        "runAsUser": null,
                        "seLinuxOptions": {
                          "level": null,
                          "role": null,
                          "type": null,
                          "user": null
                        },
                        "seccompProfile": {
                          "localhostProfile": null,
                          "type": null
                        },
                        "windowsOptions": {
                          "gmsaCredentialSpec": null,
                          "gmsaCredentialSpecName": null,
                          "hostProcess": null,
                          "runAsUserName": null
                        }
                      },
                      "startupProbe": {
                        "exec": {
                          "command": null
                        },
                        "failureThreshold": null,
                        "grpc": {
                          "port": null,
                          "service": null
                        },
                        "httpGet": {
                          "host": null,
                          "httpHeaders": null,
                          "path": null,
                          "port": null,
                          "scheme": null
                        },
                        "initialDelaySeconds": null,
                        "periodSeconds": null,
                        "successThreshold": null,
                        "tcpSocket": {
                          "host": null,
                          "port": null
                        },
                        "terminationGracePeriodSeconds": null,
                        "timeoutSeconds": null
                      },
                      "stdin": null,
                      "stdinOnce": null,
                      "terminationMessagePath": "/dev/termination-log",
                      "terminationMessagePolicy": "File",
                      "tty": null,
                      "volumeDevices": null,
                      "volumeMounts": [
                        {
                          "mountPath": "/data",
                          "mountPropagation": null,
                          "name": "redis-storage",
                          "readOnly": null,
                          "recursiveReadOnly": null,
                          "subPath": null,
                          "subPathExpr": null
                        },
                        {
                          "mountPath": "/var/run/secrets/kubernetes.io/serviceaccount",
                          "mountPropagation": null,
                          "name": "kube-api-access-vfz9s",
                          "readOnly": true,
                          "recursiveReadOnly": null,
                          "subPath": null,
                          "subPathExpr": null
                        }
                      ],
                      "workingDir": null
                    }
                  ],
                  "dnsConfig": {
                    "nameservers": null,
                    "options": null,
                    "searches": null
                  },
                  "dnsPolicy": "ClusterFirst",
                  "enableServiceLinks": true,
                  "ephemeralContainers": null,
                  "hostAliases": null,
                  "hostIPC": null,
                  "hostNetwork": null,
                  "hostPID": null,
                  "hostUsers": null,
                  "hostname": null,
                  "imagePullSecrets": null,
                  "initContainers": null,
                  "nodeName": null,
                  "nodeSelector": null,
                  "os": {
                    "name": null
                  },
                  "overhead": null,
                  "preemptionPolicy": "PreemptLowerPriority",
                  "priority": 0,
                  "priorityClassName": null,
                  "readinessGates": null,
                  "resourceClaims": null,
                  "restartPolicy": "Always",
                  "runtimeClassName": null,
                  "schedulerName": "default-scheduler",
                  "schedulingGates": null,
                  "securityContext": {
                    "appArmorProfile": {
                      "localhostProfile": null,
                      "type": null
                    },
                    "fsGroup": null,
                    "fsGroupChangePolicy": null,
                    "runAsGroup": null,
                    "runAsNonRoot": null,
                    "runAsUser": null,
                    "seLinuxOptions": {
                      "level": null,
                      "role": null,
                      "type": null,
                      "user": null
                    },
                    "seccompProfile": {
                      "localhostProfile": null,
                      "type": null
                    },
                    "supplementalGroups": null,
                    "sysctls": null,
                    "windowsOptions": {
                      "gmsaCredentialSpec": null,
                      "gmsaCredentialSpecName": null,
                      "hostProcess": null,
                      "runAsUserName": null
                    }
                  },
                  "serviceAccount": "default",
                  "serviceAccountName": "default",
                  "setHostnameAsFQDN": null,
                  "shareProcessNamespace": null,
                  "subdomain": null,
                  "terminationGracePeriodSeconds": 30,
                  "tolerations": [
                    {
                      "effect": "NoExecute",
                      "key": "node.kubernetes.io/not-ready",
                      "operator": "Exists",
                      "tolerationSeconds": 300,
                      "value": null
                    },
                    {
                      "effect": "NoExecute",
                      "key": "node.kubernetes.io/unreachable",
                      "operator": "Exists",
                      "tolerationSeconds": 300,
                      "value": null
                    }
                  ],
                  "topologySpreadConstraints": null,
                  "volumes": [
                    {
                      "awsElasticBlockStore": {
                        "fsType": null,
                        "partition": null,
                        "readOnly": null,
                        "volumeID": null
                      },
                      "azureDisk": {
                        "cachingMode": null,
                        "diskName": null,
                        "diskURI": null,
                        "fsType": null,
                        "kind": null,
                        "readOnly": null
                      },
                      "azureFile": {
                        "readOnly": null,
                        "secretName": null,
                        "shareName": null
                      },
                      "cephfs": {
                        "monitors": null,
                        "path": null,
                        "readOnly": null,
                        "secretFile": null,
                        "secretRef": {
                          "name": null
                        },
                        "user": null
                      },
                      "cinder": {
                        "fsType": null,
                        "readOnly": null,
                        "secretRef": {
                          "name": null
                        },
                        "volumeID": null
                      },
                      "configMap": {
                        "defaultMode": null,
                        "items": null,
                        "name": null,
                        "optional": null
                      },
                      "csi": {
                        "driver": null,
                        "fsType": null,
                        "nodePublishSecretRef": {
                          "name": null
                        },
                        "readOnly": null,
                        "volumeAttributes": null
                      },
                      "downwardAPI": {
                        "defaultMode": null,
                        "items": null
                      },
                      "emptyDir": {
                        "medium": null,
                        "sizeLimit": null
                      },
                      "ephemeral": {
                        "volumeClaimTemplate": {
                          "metadata": {
                            "annotations": null,
                            "creationTimestamp": null,
                            "deletionGracePeriodSeconds": null,
                            "deletionTimestamp": null,
                            "finalizers": null,
                            "generateName": null,
                            "generation": null,
                            "labels": null,
                            "managedFields": null,
                            "name": null,
                            "namespace": null,
                            "ownerReferences": null,
                            "resourceVersion": null,
                            "selfLink": null,
                            "uid": null
                          },
                          "spec": {
                            "accessModes": null,
                            "dataSource": {
                              "apiGroup": null,
                              "kind": null,
                              "name": null
                            },
                            "dataSourceRef": {
                              "apiGroup": null,
                              "kind": null,
                              "name": null,
                              "namespace": null
                            },
                            "resources": {
                              "limits": null,
                              "requests": null
                            },
                            "selector": {
                              "matchExpressions": null,
                              "matchLabels": null
                            },
                            "storageClassName": null,
                            "volumeAttributesClassName": null,
                            "volumeMode": null,
                            "volumeName": null
                          }
                        }
                      },
                      "fc": {
                        "fsType": null,
                        "lun": null,
                        "readOnly": null,
                        "targetWWNs": null,
                        "wwids": null
                      },
                      "flexVolume": {
                        "driver": null,
                        "fsType": null,
                        "options": null,
                        "readOnly": null,
                        "secretRef": {
                          "name": null
                        }
                      },
                      "flocker": {
                        "datasetName": null,
                        "datasetUUID": null
                      },
                      "gcePersistentDisk": {
                        "fsType": null,
                        "partition": null,
                        "pdName": null,
                        "readOnly": null
                      },
                      "gitRepo": {
                        "directory": null,
                        "repository": null,
                        "revision": null
                      },
                      "glusterfs": {
                        "endpoints": null,
                        "path": null,
                        "readOnly": null
                      },
                      "hostPath": {
                        "path": null,
                        "type": null
                      },
                      "iscsi": {
                        "chapAuthDiscovery": null,
                        "chapAuthSession": null,
                        "fsType": null,
                        "initiatorName": null,
                        "iqn": null,
                        "iscsiInterface": null,
                        "lun": null,
                        "portals": null,
                        "readOnly": null,
                        "secretRef": {
                          "name": null
                        },
                        "targetPortal": null
                      },
                      "name": "redis-storage",
                      "nfs": {
                        "path": null,
                        "readOnly": null,
                        "server": null
                      },
                      "persistentVolumeClaim": {
                        "claimName": null,
                        "readOnly": null
                      },
                      "photonPersistentDisk": {
                        "fsType": null,
                        "pdID": null
                      },
                      "portworxVolume": {
                        "fsType": null,
                        "readOnly": null,
                        "volumeID": null
                      },
                      "projected": {
                        "defaultMode": null,
                        "sources": null
                      },
                      "quobyte": {
                        "group": null,
                        "readOnly": null,
                        "registry": null,
                        "tenant": null,
                        "user": null,
                        "volume": null
                      },
                      "rbd": {
                        "fsType": null,
                        "image": null,
                        "keyring": null,
                        "monitors": null,
                        "pool": null,
                        "readOnly": null,
                        "secretRef": {
                          "name": null
                        },
                        "user": null
                      },
                      "scaleIO": {
                        "fsType": null,
                        "gateway": null,
                        "protectionDomain": null,
                        "readOnly": null,
                        "secretRef": {
                          "name": null
                        },
                        "sslEnabled": null,
                        "storageMode": null,
                        "storagePool": null,
                        "system": null,
                        "volumeName": null
                      },
                      "secret": {
                        "defaultMode": null,
                        "items": null,
                        "optional": null,
                        "secretName": null
                      },
                      "storageos": {
                        "fsType": null,
                        "readOnly": null,
                        "secretRef": {
                          "name": null
                        },
                        "volumeName": null,
                        "volumeNamespace": null
                      },
                      "vsphereVolume": {
                        "fsType": null,
                        "storagePolicyID": null,
                        "storagePolicyName": null,
                        "volumePath": null
                      }
                    },
                    {
                      "awsElasticBlockStore": {
                        "fsType": null,
                        "partition": null,
                        "readOnly": null,
                        "volumeID": null
                      },
                      "azureDisk": {
                        "cachingMode": null,
                        "diskName": null,
                        "diskURI": null,
                        "fsType": null,
                        "kind": null,
                        "readOnly": null
                      },
                      "azureFile": {
                        "readOnly": null,
                        "secretName": null,
                        "shareName": null
                      },
                      "cephfs": {
                        "monitors": null,
                        "path": null,
                        "readOnly": null,
                        "secretFile": null,
                        "secretRef": {
                          "name": null
                        },
                        "user": null
                      },
                      "cinder": {
                        "fsType": null,
                        "readOnly": null,
                        "secretRef": {
                          "name": null
                        },
                        "volumeID": null
                      },
                      "configMap": {
                        "defaultMode": null,
                        "items": null,
                        "name": null,
                        "optional": null
                      },
                      "csi": {
                        "driver": null,
                        "fsType": null,
                        "nodePublishSecretRef": {
                          "name": null
                        },
                        "readOnly": null,
                        "volumeAttributes": null
                      },
                      "downwardAPI": {
                        "defaultMode": null,
                        "items": null
                      },
                      "emptyDir": {
                        "medium": null,
                        "sizeLimit": null
                      },
                      "ephemeral": {
                        "volumeClaimTemplate": {
                          "metadata": {
                            "annotations": null,
                            "creationTimestamp": null,
                            "deletionGracePeriodSeconds": null,
                            "deletionTimestamp": null,
                            "finalizers": null,
                            "generateName": null,
                            "generation": null,
                            "labels": null,
                            "managedFields": null,
                            "name": null,
                            "namespace": null,
                            "ownerReferences": null,
                            "resourceVersion": null,
                            "selfLink": null,
                            "uid": null
                          },
                          "spec": {
                            "accessModes": null,
                            "dataSource": {
                              "apiGroup": null,
                              "kind": null,
                              "name": null
                            },
                            "dataSourceRef": {
                              "apiGroup": null,
                              "kind": null,
                              "name": null,
                              "namespace": null
                            },
                            "resources": {
                              "limits": null,
                              "requests": null
                            },
                            "selector": {
                              "matchExpressions": null,
                              "matchLabels": null
                            },
                            "storageClassName": null,
                            "volumeAttributesClassName": null,
                            "volumeMode": null,
                            "volumeName": null
                          }
                        }
                      },
                      "fc": {
                        "fsType": null,
                        "lun": null,
                        "readOnly": null,
                        "targetWWNs": null,
                        "wwids": null
                      },
                      "flexVolume": {
                        "driver": null,
                        "fsType": null,
                        "options": null,
                        "readOnly": null,
                        "secretRef": {
                          "name": null
                        }
                      },
                      "flocker": {
                        "datasetName": null,
                        "datasetUUID": null
                      },
                      "gcePersistentDisk": {
                        "fsType": null,
                        "partition": null,
                        "pdName": null,
                        "readOnly": null
                      },
                      "gitRepo": {
                        "directory": null,
                        "repository": null,
                        "revision": null
                      },
                      "glusterfs": {
                        "endpoints": null,
                        "path": null,
                        "readOnly": null
                      },
                      "hostPath": {
                        "path": null,
                        "type": null
                      },
                      "iscsi": {
                        "chapAuthDiscovery": null,
                        "chapAuthSession": null,
                        "fsType": null,
                        "initiatorName": null,
                        "iqn": null,
                        "iscsiInterface": null,
                        "lun": null,
                        "portals": null,
                        "readOnly": null,
                        "secretRef": {
                          "name": null
                        },
                        "targetPortal": null
                      },
                      "name": "kube-api-access-vfz9s",
                      "nfs": {
                        "path": null,
                        "readOnly": null,
                        "server": null
                      },
                      "persistentVolumeClaim": {
                        "claimName": null,
                        "readOnly": null
                      },
                      "photonPersistentDisk": {
                        "fsType": null,
                        "pdID": null
                      },
                      "portworxVolume": {
                        "fsType": null,
                        "readOnly": null,
                        "volumeID": null
                      },
                      "projected": {
                        "defaultMode": 420,
                        "sources": [
                          {
                            "clusterTrustBundle": {
                              "labelSelector": {
                                "matchExpressions": null,
                                "matchLabels": null
                              },
                              "name": null,
                              "optional": null,
                              "path": null,
                              "signerName": null
                            },
                            "configMap": {
                              "items": null,
                              "name": null,
                              "optional": null
                            },
                            "downwardAPI": {
                              "items": null
                            },
                            "secret": {
                              "items": null,
                              "name": null,
                              "optional": null
                            },
                            "serviceAccountToken": {
                              "audience": null,
                              "expirationSeconds": 3607,
                              "path": "token"
                            }
                          },
                          {
                            "clusterTrustBundle": {
                              "labelSelector": {
                                "matchExpressions": null,
                                "matchLabels": null
                              },
                              "name": null,
                              "optional": null,
                              "path": null,
                              "signerName": null
                            },
                            "configMap": {
                              "items": [
                                {
                                  "key": "ca.crt",
                                  "mode": null,
                                  "path": "ca.crt"
                                }
                              ],
                              "name": "kube-root-ca.crt",
                              "optional": null
                            },
                            "downwardAPI": {
                              "items": null
                            },
                            "secret": {
                              "items": null,
                              "name": null,
                              "optional": null
                            },
                            "serviceAccountToken": {
                              "audience": null,
                              "expirationSeconds": null,
                              "path": null
                            }
                          },
                          {
                            "clusterTrustBundle": {
                              "labelSelector": {
                                "matchExpressions": null,
                                "matchLabels": null
                              },
                              "name": null,
                              "optional": null,
                              "path": null,
                              "signerName": null
                            },
                            "configMap": {
                              "items": null,
                              "name": null,
                              "optional": null
                            },
                            "downwardAPI": {
                              "items": [
                                {
                                  "fieldRef": {
                                    "apiVersion": "v1",
                                    "fieldPath": "metadata.namespace"
                                  },
                                  "mode": null,
                                  "path": "namespace",
                                  "resourceFieldRef": {
                                    "containerName": null,
                                    "divisor": null,
                                    "resource": null
                                  }
                                }
                              ]
                            },
                            "secret": {
                              "items": null,
                              "name": null,
                              "optional": null
                            },
                            "serviceAccountToken": {
                              "audience": null,
                              "expirationSeconds": null,
                              "path": null
                            }
                          }
                        ]
                      },
                      "quobyte": {
                        "group": null,
                        "readOnly": null,
                        "registry": null,
                        "tenant": null,
                        "user": null,
                        "volume": null
                      },
                      "rbd": {
                        "fsType": null,
                        "image": null,
                        "keyring": null,
                        "monitors": null,
                        "pool": null,
                        "readOnly": null,
                        "secretRef": {
                          "name": null
                        },
                        "user": null
                      },
                      "scaleIO": {
                        "fsType": null,
                        "gateway": null,
                        "protectionDomain": null,
                        "readOnly": null,
                        "secretRef": {
                          "name": null
                        },
                        "sslEnabled": null,
                        "storageMode": null,
                        "storagePool": null,
                        "system": null,
                        "volumeName": null
                      },
                      "secret": {
                        "defaultMode": null,
                        "items": null,
                        "optional": null,
                        "secretName": null
                      },
                      "storageos": {
                        "fsType": null,
                        "readOnly": null,
                        "secretRef": {
                          "name": null
                        },
                        "volumeName": null,
                        "volumeNamespace": null
                      },
                      "vsphereVolume": {
                        "fsType": null,
                        "storagePolicyID": null,
                        "storagePolicyName": null,
                        "volumePath": null
                      }
                    }
                  ]
                }
              },
              "type": [
                "object",
                {
                  "apiVersion": "string",
                  "kind": "string",
                  "metadata": [
                    "object",
                    {
                      "annotations": [
                        "map",
                        "string"
                      ],
                      "creationTimestamp": "string",
                      "deletionGracePeriodSeconds": "number",
                      "deletionTimestamp": "string",
                      "finalizers": [
                        "list",
                        "string"
                      ],
                      "generateName": "string",
                      "generation": "number",
                      "labels": [
                        "map",
                        "string"
                      ],
                      "managedFields": [
                        "tuple",
                        [
                          [
                            "object",
                            {
                              "apiVersion": "string",
                              "fieldsType": "string",
                              "fieldsV1": "dynamic",
                              "manager": "string",
                              "operation": "string",
                              "subresource": "string",
                              "time": "string"
                            }
                          ]
                        ]
                      ],
                      "name": "string",
                      "namespace": "string",
                      "ownerReferences": [
                        "list",
                        [
                          "object",
                          {
                            "apiVersion": "string",
                            "blockOwnerDeletion": "bool",
                            "controller": "bool",
                            "kind": "string",
                            "name": "string",
                            "uid": "string"
                          }
                        ]
                      ],
                      "resourceVersion": "string",
                      "selfLink": "string",
                      "uid": "string"
                    }
                  ],
                  "spec": [
                    "object",
                    {
                      "activeDeadlineSeconds": "number",
                      "affinity": [
                        "object",
                        {
                          "nodeAffinity": [
                            "object",
                            {
                              "preferredDuringSchedulingIgnoredDuringExecution": [
                                "list",
                                [
                                  "object",
                                  {
                                    "preference": [
                                      "object",
                                      {
                                        "matchExpressions": [
                                          "list",
                                          [
                                            "object",
                                            {
                                              "key": "string",
                                              "operator": "string",
                                              "values": [
                                                "list",
                                                "string"
                                              ]
                                            }
                                          ]
                                        ],
                                        "matchFields": [
                                          "list",
                                          [
                                            "object",
                                            {
                                              "key": "string",
                                              "operator": "string",
                                              "values": [
                                                "list",
                                                "string"
                                              ]
                                            }
                                          ]
                                        ]
                                      }
                                    ],
                                    "weight": "number"
                                  }
                                ]
                              ],
                              "requiredDuringSchedulingIgnoredDuringExecution": [
                                "object",
                                {
                                  "nodeSelectorTerms": [
                                    "list",
                                    [
                                      "object",
                                      {
                                        "matchExpressions": [
                                          "list",
                                          [
                                            "object",
                                            {
                                              "key": "string",
                                              "operator": "string",
                                              "values": [
                                                "list",
                                                "string"
                                              ]
                                            }
                                          ]
                                        ],
                                        "matchFields": [
                                          "list",
                                          [
                                            "object",
                                            {
                                              "key": "string",
                                              "operator": "string",
                                              "values": [
                                                "list",
                                                "string"
                                              ]
                                            }
                                          ]
                                        ]
                                      }
                                    ]
                                  ]
                                }
                              ]
                            }
                          ],
                          "podAffinity": [
                            "object",
                            {
                              "preferredDuringSchedulingIgnoredDuringExecution": [
                                "list",
                                [
                                  "object",
                                  {
                                    "podAffinityTerm": [
                                      "object",
                                      {
                                        "labelSelector": [
                                          "object",
                                          {
                                            "matchExpressions": [
                                              "list",
                                              [
                                                "object",
                                                {
                                                  "key": "string",
                                                  "operator": "string",
                                                  "values": [
                                                    "list",
                                                    "string"
                                                  ]
                                                }
                                              ]
                                            ],
                                            "matchLabels": [
                                              "map",
                                              "string"
                                            ]
                                          }
                                        ],
                                        "matchLabelKeys": [
                                          "list",
                                          "string"
                                        ],
                                        "mismatchLabelKeys": [
                                          "list",
                                          "string"
                                        ],
                                        "namespaceSelector": [
                                          "object",
                                          {
                                            "matchExpressions": [
                                              "list",
                                              [
                                                "object",
                                                {
                                                  "key": "string",
                                                  "operator": "string",
                                                  "values": [
                                                    "list",
                                                    "string"
                                                  ]
                                                }
                                              ]
                                            ],
                                            "matchLabels": [
                                              "map",
                                              "string"
                                            ]
                                          }
                                        ],
                                        "namespaces": [
                                          "list",
                                          "string"
                                        ],
                                        "topologyKey": "string"
                                      }
                                    ],
                                    "weight": "number"
                                  }
                                ]
                              ],
                              "requiredDuringSchedulingIgnoredDuringExecution": [
                                "list",
                                [
                                  "object",
                                  {
                                    "labelSelector": [
                                      "object",
                                      {
                                        "matchExpressions": [
                                          "list",
                                          [
                                            "object",
                                            {
                                              "key": "string",
                                              "operator": "string",
                                              "values": [
                                                "list",
                                                "string"
                                              ]
                                            }
                                          ]
                                        ],
                                        "matchLabels": [
                                          "map",
                                          "string"
                                        ]
                                      }
                                    ],
                                    "matchLabelKeys": [
                                      "list",
                                      "string"
                                    ],
                                    "mismatchLabelKeys": [
                                      "list",
                                      "string"
                                    ],
                                    "namespaceSelector": [
                                      "object",
                                      {
                                        "matchExpressions": [
                                          "list",
                                          [
                                            "object",
                                            {
                                              "key": "string",
                                              "operator": "string",
                                              "values": [
                                                "list",
                                                "string"
                                              ]
                                            }
                                          ]
                                        ],
                                        "matchLabels": [
                                          "map",
                                          "string"
                                        ]
                                      }
                                    ],
                                    "namespaces": [
                                      "list",
                                      "string"
                                    ],
                                    "topologyKey": "string"
                                  }
                                ]
                              ]
                            }
                          ],
                          "podAntiAffinity": [
                            "object",
                            {
                              "preferredDuringSchedulingIgnoredDuringExecution": [
                                "list",
                                [
                                  "object",
                                  {
                                    "podAffinityTerm": [
                                      "object",
                                      {
                                        "labelSelector": [
                                          "object",
                                          {
                                            "matchExpressions": [
                                              "list",
                                              [
                                                "object",
                                                {
                                                  "key": "string",
                                                  "operator": "string",
                                                  "values": [
                                                    "list",
                                                    "string"
                                                  ]
                                                }
                                              ]
                                            ],
                                            "matchLabels": [
                                              "map",
                                              "string"
                                            ]
                                          }
                                        ],
                                        "matchLabelKeys": [
                                          "list",
                                          "string"
                                        ],
                                        "mismatchLabelKeys": [
                                          "list",
                                          "string"
                                        ],
                                        "namespaceSelector": [
                                          "object",
                                          {
                                            "matchExpressions": [
                                              "list",
                                              [
                                                "object",
                                                {
                                                  "key": "string",
                                                  "operator": "string",
                                                  "values": [
                                                    "list",
                                                    "string"
                                                  ]
                                                }
                                              ]
                                            ],
                                            "matchLabels": [
                                              "map",
                                              "string"
                                            ]
                                          }
                                        ],
                                        "namespaces": [
                                          "list",
                                          "string"
                                        ],
                                        "topologyKey": "string"
                                      }
                                    ],
                                    "weight": "number"
                                  }
                                ]
                              ],
                              "requiredDuringSchedulingIgnoredDuringExecution": [
                                "list",
                                [
                                  "object",
                                  {
                                    "labelSelector": [
                                      "object",
                                      {
                                        "matchExpressions": [
                                          "list",
                                          [
                                            "object",
                                            {
                                              "key": "string",
                                              "operator": "string",
                                              "values": [
                                                "list",
                                                "string"
                                              ]
                                            }
                                          ]
                                        ],
                                        "matchLabels": [
                                          "map",
                                          "string"
                                        ]
                                      }
                                    ],
                                    "matchLabelKeys": [
                                      "list",
                                      "string"
                                    ],
                                    "mismatchLabelKeys": [
                                      "list",
                                      "string"
                                    ],
                                    "namespaceSelector": [
                                      "object",
                                      {
                                        "matchExpressions": [
                                          "list",
                                          [
                                            "object",
                                            {
                                              "key": "string",
                                              "operator": "string",
                                              "values": [
                                                "list",
                                                "string"
                                              ]
                                            }
                                          ]
                                        ],
                                        "matchLabels": [
                                          "map",
                                          "string"
                                        ]
                                      }
                                    ],
                                    "namespaces": [
                                      "list",
                                      "string"
                                    ],
                                    "topologyKey": "string"
                                  }
                                ]
                              ]
                            }
                          ]
                        }
                      ],
                      "automountServiceAccountToken": "bool",
                      "containers": [
                        "list",
                        [
                          "object",
                          {
                            "args": [
                              "list",
                              "string"
                            ],
                            "command": [
                              "list",
                              "string"
                            ],
                            "env": [
                              "list",
                              [
                                "object",
                                {
                                  "name": "string",
                                  "value": "string",
                                  "valueFrom": [
                                    "object",
                                    {
                                      "configMapKeyRef": [
                                        "object",
                                        {
                                          "key": "string",
                                          "name": "string",
                                          "optional": "bool"
                                        }
                                      ],
                                      "fieldRef": [
                                        "object",
                                        {
                                          "apiVersion": "string",
                                          "fieldPath": "string"
                                        }
                                      ],
                                      "resourceFieldRef": [
                                        "object",
                                        {
                                          "containerName": "string",
                                          "divisor": "string",
                                          "resource": "string"
                                        }
                                      ],
                                      "secretKeyRef": [
                                        "object",
                                        {
                                          "key": "string",
                                          "name": "string",
                                          "optional": "bool"
                                        }
                                      ]
                                    }
                                  ]
                                }
                              ]
                            ],
                            "envFrom": [
                              "list",
                              [
                                "object",
                                {
                                  "configMapRef": [
                                    "object",
                                    {
                                      "name": "string",
                                      "optional": "bool"
                                    }
                                  ],
                                  "prefix": "string",
                                  "secretRef": [
                                    "object",
                                    {
                                      "name": "string",
                                      "optional": "bool"
                                    }
                                  ]
                                }
                              ]
                            ],
                            "image": "string",
                            "imagePullPolicy": "string",
                            "lifecycle": [
                              "object",
                              {
                                "postStart": [
                                  "object",
                                  {
                                    "exec": [
                                      "object",
                                      {
                                        "command": [
                                          "list",
                                          "string"
                                        ]
                                      }
                                    ],
                                    "httpGet": [
                                      "object",
                                      {
                                        "host": "string",
                                        "httpHeaders": [
                                          "list",
                                          [
                                            "object",
                                            {
                                              "name": "string",
                                              "value": "string"
                                            }
                                          ]
                                        ],
                                        "path": "string",
                                        "port": "string",
                                        "scheme": "string"
                                      }
                                    ],
                                    "sleep": [
                                      "object",
                                      {
                                        "seconds": "number"
                                      }
                                    ],
                                    "tcpSocket": [
                                      "object",
                                      {
                                        "host": "string",
                                        "port": "string"
                                      }
                                    ]
                                  }
                                ],
                                "preStop": [
                                  "object",
                                  {
                                    "exec": [
                                      "object",
                                      {
                                        "command": [
                                          "list",
                                          "string"
                                        ]
                                      }
                                    ],
                                    "httpGet": [
                                      "object",
                                      {
                                        "host": "string",
                                        "httpHeaders": [
                                          "list",
                                          [
                                            "object",
                                            {
                                              "name": "string",
                                              "value": "string"
                                            }
                                          ]
                                        ],
                                        "path": "string",
                                        "port": "string",
                                        "scheme": "string"
                                      }
                                    ],
                                    "sleep": [
                                      "object",
                                      {
                                        "seconds": "number"
                                      }
                                    ],
                                    "tcpSocket": [
                                      "object",
                                      {
                                        "host": "string",
                                        "port": "string"
                                      }
                                    ]
                                  }
                                ]
                              }
                            ],
                            "livenessProbe": [
                              "object",
                              {
                                "exec": [
                                  "object",
                                  {
                                    "command": [
                                      "list",
                                      "string"
                                    ]
                                  }
                                ],
                                "failureThreshold": "number",
                                "grpc": [
                                  "object",
                                  {
                                    "port": "number",
                                    "service": "string"
                                  }
                                ],
                                "httpGet": [
                                  "object",
                                  {
                                    "host": "string",
                                    "httpHeaders": [
                                      "list",
                                      [
                                        "object",
                                        {
                                          "name": "string",
                                          "value": "string"
                                        }
                                      ]
                                    ],
                                    "path": "string",
                                    "port": "string",
                                    "scheme": "string"
                                  }
                                ],
                                "initialDelaySeconds": "number",
                                "periodSeconds": "number",
                                "successThreshold": "number",
                                "tcpSocket": [
                                  "object",
                                  {
                                    "host": "string",
                                    "port": "string"
                                  }
                                ],
                                "terminationGracePeriodSeconds": "number",
                                "timeoutSeconds": "number"
                              }
                            ],
                            "name": "string",
                            "ports": [
                              "list",
                              [
                                "object",
                                {
                                  "containerPort": "number",
                                  "hostIP": "string",
                                  "hostPort": "number",
                                  "name": "string",
                                  "protocol": "string"
                                }
                              ]
                            ],
                            "readinessProbe": [
                              "object",
                              {
                                "exec": [
                                  "object",
                                  {
                                    "command": [
                                      "list",
                                      "string"
                                    ]
                                  }
                                ],
                                "failureThreshold": "number",
                                "grpc": [
                                  "object",
                                  {
                                    "port": "number",
                                    "service": "string"
                                  }
                                ],
                                "httpGet": [
                                  "object",
                                  {
                                    "host": "string",
                                    "httpHeaders": [
                                      "list",
                                      [
                                        "object",
                                        {
                                          "name": "string",
                                          "value": "string"
                                        }
                                      ]
                                    ],
                                    "path": "string",
                                    "port": "string",
                                    "scheme": "string"
                                  }
                                ],
                                "initialDelaySeconds": "number",
                                "periodSeconds": "number",
                                "successThreshold": "number",
                                "tcpSocket": [
                                  "object",
                                  {
                                    "host": "string",
                                    "port": "string"
                                  }
                                ],
                                "terminationGracePeriodSeconds": "number",
                                "timeoutSeconds": "number"
                              }
                            ],
                            "resizePolicy": [
                              "list",
                              [
                                "object",
                                {
                                  "resourceName": "string",
                                  "restartPolicy": "string"
                                }
                              ]
                            ],
                            "resources": [
                              "object",
                              {
                                "claims": [
                                  "list",
                                  [
                                    "object",
                                    {
                                      "name": "string"
                                    }
                                  ]
                                ],
                                "limits": [
                                  "map",
                                  "string"
                                ],
                                "requests": [
                                  "map",
                                  "string"
                                ]
                              }
                            ],
                            "restartPolicy": "string",
                            "securityContext": [
                              "object",
                              {
                                "allowPrivilegeEscalation": "bool",
                                "appArmorProfile": [
                                  "object",
                                  {
                                    "localhostProfile": "string",
                                    "type": "string"
                                  }
                                ],
                                "capabilities": [
                                  "object",
                                  {
                                    "add": [
                                      "list",
                                      "string"
                                    ],
                                    "drop": [
                                      "list",
                                      "string"
                                    ]
                                  }
                                ],
                                "privileged": "bool",
                                "procMount": "string",
                                "readOnlyRootFilesystem": "bool",
                                "runAsGroup": "number",
                                "runAsNonRoot": "bool",
                                "runAsUser": "number",
                                "seLinuxOptions": [
                                  "object",
                                  {
                                    "level": "string",
                                    "role": "string",
                                    "type": "string",
                                    "user": "string"
                                  }
                                ],
                                "seccompProfile": [
                                  "object",
                                  {
                                    "localhostProfile": "string",
                                    "type": "string"
                                  }
                                ],
                                "windowsOptions": [
                                  "object",
                                  {
                                    "gmsaCredentialSpec": "string",
                                    "gmsaCredentialSpecName": "string",
                                    "hostProcess": "bool",
                                    "runAsUserName": "string"
                                  }
                                ]
                              }
                            ],
                            "startupProbe": [
                              "object",
                              {
                                "exec": [
                                  "object",
                                  {
                                    "command": [
                                      "list",
                                      "string"
                                    ]
                                  }
                                ],
                                "failureThreshold": "number",
                                "grpc": [
                                  "object",
                                  {
                                    "port": "number",
                                    "service": "string"
                                  }
                                ],
                                "httpGet": [
                                  "object",
                                  {
                                    "host": "string",
                                    "httpHeaders": [
                                      "list",
                                      [
                                        "object",
                                        {
                                          "name": "string",
                                          "value": "string"
                                        }
                                      ]
                                    ],
                                    "path": "string",
                                    "port": "string",
                                    "scheme": "string"
                                  }
                                ],
                                "initialDelaySeconds": "number",
                                "periodSeconds": "number",
                                "successThreshold": "number",
                                "tcpSocket": [
                                  "object",
                                  {
                                    "host": "string",
                                    "port": "string"
                                  }
                                ],
                                "terminationGracePeriodSeconds": "number",
                                "timeoutSeconds": "number"
                              }
                            ],
                            "stdin": "bool",
                            "stdinOnce": "bool",
                            "terminationMessagePath": "string",
                            "terminationMessagePolicy": "string",
                            "tty": "bool",
                            "volumeDevices": [
                              "list",
                              [
                                "object",
                                {
                                  "devicePath": "string",
                                  "name": "string"
                                }
                              ]
                            ],
                            "volumeMounts": [
                              "list",
                              [
                                "object",
                                {
                                  "mountPath": "string",
                                  "mountPropagation": "string",
                                  "name": "string",
                                  "readOnly": "bool",
                                  "recursiveReadOnly": "string",
                                  "subPath": "string",
                                  "subPathExpr": "string"
                                }
                              ]
                            ],
                            "workingDir": "string"
                          }
                        ]
                      ],
                      "dnsConfig": [
                        "object",
                        {
                          "nameservers": [
                            "list",
                            "string"
                          ],
                          "options": [
                            "list",
                            [
                              "object",
                              {
                                "name": "string",
                                "value": "string"
                              }
                            ]
                          ],
                          "searches": [
                            "list",
                            "string"
                          ]
                        }
                      ],
                      "dnsPolicy": "string",
                      "enableServiceLinks": "bool",
                      "ephemeralContainers": [
                        "list",
                        [
                          "object",
                          {
                            "args": [
                              "list",
                              "string"
                            ],
                            "command": [
                              "list",
                              "string"
                            ],
                            "env": [
                              "list",
                              [
                                "object",
                                {
                                  "name": "string",
                                  "value": "string",
                                  "valueFrom": [
                                    "object",
                                    {
                                      "configMapKeyRef": [
                                        "object",
                                        {
                                          "key": "string",
                                          "name": "string",
                                          "optional": "bool"
                                        }
                                      ],
                                      "fieldRef": [
                                        "object",
                                        {
                                          "apiVersion": "string",
                                          "fieldPath": "string"
                                        }
                                      ],
                                      "resourceFieldRef": [
                                        "object",
                                        {
                                          "containerName": "string",
                                          "divisor": "string",
                                          "resource": "string"
                                        }
                                      ],
                                      "secretKeyRef": [
                                        "object",
                                        {
                                          "key": "string",
                                          "name": "string",
                                          "optional": "bool"
                                        }
                                      ]
                                    }
                                  ]
                                }
                              ]
                            ],
                            "envFrom": [
                              "list",
                              [
                                "object",
                                {
                                  "configMapRef": [
                                    "object",
                                    {
                                      "name": "string",
                                      "optional": "bool"
                                    }
                                  ],
                                  "prefix": "string",
                                  "secretRef": [
                                    "object",
                                    {
                                      "name": "string",
                                      "optional": "bool"
                                    }
                                  ]
                                }
                              ]
                            ],
                            "image": "string",
                            "imagePullPolicy": "string",
                            "lifecycle": [
                              "object",
                              {
                                "postStart": [
                                  "object",
                                  {
                                    "exec": [
                                      "object",
                                      {
                                        "command": [
                                          "list",
                                          "string"
                                        ]
                                      }
                                    ],
                                    "httpGet": [
                                      "object",
                                      {
                                        "host": "string",
                                        "httpHeaders": [
                                          "list",
                                          [
                                            "object",
                                            {
                                              "name": "string",
                                              "value": "string"
                                            }
                                          ]
                                        ],
                                        "path": "string",
                                        "port": "string",
                                        "scheme": "string"
                                      }
                                    ],
                                    "sleep": [
                                      "object",
                                      {
                                        "seconds": "number"
                                      }
                                    ],
                                    "tcpSocket": [
                                      "object",
                                      {
                                        "host": "string",
                                        "port": "string"
                                      }
                                    ]
                                  }
                                ],
                                "preStop": [
                                  "object",
                                  {
                                    "exec": [
                                      "object",
                                      {
                                        "command": [
                                          "list",
                                          "string"
                                        ]
                                      }
                                    ],
                                    "httpGet": [
                                      "object",
                                      {
                                        "host": "string",
                                        "httpHeaders": [
                                          "list",
                                          [
                                            "object",
                                            {
                                              "name": "string",
                                              "value": "string"
                                            }
                                          ]
                                        ],
                                        "path": "string",
                                        "port": "string",
                                        "scheme": "string"
                                      }
                                    ],
                                    "sleep": [
                                      "object",
                                      {
                                        "seconds": "number"
                                      }
                                    ],
                                    "tcpSocket": [
                                      "object",
                                      {
                                        "host": "string",
                                        "port": "string"
                                      }
                                    ]
                                  }
                                ]
                              }
                            ],
                            "livenessProbe": [
                              "object",
                              {
                                "exec": [
                                  "object",
                                  {
                                    "command": [
                                      "list",
                                      "string"
                                    ]
                                  }
                                ],
                                "failureThreshold": "number",
                                "grpc": [
                                  "object",
                                  {
                                    "port": "number",
                                    "service": "string"
                                  }
                                ],
                                "httpGet": [
                                  "object",
                                  {
                                    "host": "string",
                                    "httpHeaders": [
                                      "list",
                                      [
                                        "object",
                                        {
                                          "name": "string",
                                          "value": "string"
                                        }
                                      ]
                                    ],
                                    "path": "string",
                                    "port": "string",
                                    "scheme": "string"
                                  }
                                ],
                                "initialDelaySeconds": "number",
                                "periodSeconds": "number",
                                "successThreshold": "number",
                                "tcpSocket": [
                                  "object",
                                  {
                                    "host": "string",
                                    "port": "string"
                                  }
                                ],
                                "terminationGracePeriodSeconds": "number",
                                "timeoutSeconds": "number"
                              }
                            ],
                            "name": "string",
                            "ports": [
                              "list",
                              [
                                "object",
                                {
                                  "containerPort": "number",
                                  "hostIP": "string",
                                  "hostPort": "number",
                                  "name": "string",
                                  "protocol": "string"
                                }
                              ]
                            ],
                            "readinessProbe": [
                              "object",
                              {
                                "exec": [
                                  "object",
                                  {
                                    "command": [
                                      "list",
                                      "string"
                                    ]
                                  }
                                ],
                                "failureThreshold": "number",
                                "grpc": [
                                  "object",
                                  {
                                    "port": "number",
                                    "service": "string"
                                  }
                                ],
                                "httpGet": [
                                  "object",
                                  {
                                    "host": "string",
                                    "httpHeaders": [
                                      "list",
                                      [
                                        "object",
                                        {
                                          "name": "string",
                                          "value": "string"
                                        }
                                      ]
                                    ],
                                    "path": "string",
                                    "port": "string",
                                    "scheme": "string"
                                  }
                                ],
                                "initialDelaySeconds": "number",
                                "periodSeconds": "number",
                                "successThreshold": "number",
                                "tcpSocket": [
                                  "object",
                                  {
                                    "host": "string",
                                    "port": "string"
                                  }
                                ],
                                "terminationGracePeriodSeconds": "number",
                                "timeoutSeconds": "number"
                              }
                            ],
                            "resizePolicy": [
                              "list",
                              [
                                "object",
                                {
                                  "resourceName": "string",
                                  "restartPolicy": "string"
                                }
                              ]
                            ],
                            "resources": [
                              "object",
                              {
                                "claims": [
                                  "list",
                                  [
                                    "object",
                                    {
                                      "name": "string"
                                    }
                                  ]
                                ],
                                "limits": [
                                  "map",
                                  "string"
                                ],
                                "requests": [
                                  "map",
                                  "string"
                                ]
                              }
                            ],
                            "restartPolicy": "string",
                            "securityContext": [
                              "object",
                              {
                                "allowPrivilegeEscalation": "bool",
                                "appArmorProfile": [
                                  "object",
                                  {
                                    "localhostProfile": "string",
                                    "type": "string"
                                  }
                                ],
                                "capabilities": [
                                  "object",
                                  {
                                    "add": [
                                      "list",
                                      "string"
                                    ],
                                    "drop": [
                                      "list",
                                      "string"
                                    ]
                                  }
                                ],
                                "privileged": "bool",
                                "procMount": "string",
                                "readOnlyRootFilesystem": "bool",
                                "runAsGroup": "number",
                                "runAsNonRoot": "bool",
                                "runAsUser": "number",
                                "seLinuxOptions": [
                                  "object",
                                  {
                                    "level": "string",
                                    "role": "string",
                                    "type": "string",
                                    "user": "string"
                                  }
                                ],
                                "seccompProfile": [
                                  "object",
                                  {
                                    "localhostProfile": "string",
                                    "type": "string"
                                  }
                                ],
                                "windowsOptions": [
                                  "object",
                                  {
                                    "gmsaCredentialSpec": "string",
                                    "gmsaCredentialSpecName": "string",
                                    "hostProcess": "bool",
                                    "runAsUserName": "string"
                                  }
                                ]
                              }
                            ],
                            "startupProbe": [
                              "object",
                              {
                                "exec": [
                                  "object",
                                  {
                                    "command": [
                                      "list",
                                      "string"
                                    ]
                                  }
                                ],
                                "failureThreshold": "number",
                                "grpc": [
                                  "object",
                                  {
                                    "port": "number",
                                    "service": "string"
                                  }
                                ],
                                "httpGet": [
                                  "object",
                                  {
                                    "host": "string",
                                    "httpHeaders": [
                                      "list",
                                      [
                                        "object",
                                        {
                                          "name": "string",
                                          "value": "string"
                                        }
                                      ]
                                    ],
                                    "path": "string",
                                    "port": "string",
                                    "scheme": "string"
                                  }
                                ],
                                "initialDelaySeconds": "number",
                                "periodSeconds": "number",
                                "successThreshold": "number",
                                "tcpSocket": [
                                  "object",
                                  {
                                    "host": "string",
                                    "port": "string"
                                  }
                                ],
                                "terminationGracePeriodSeconds": "number",
                                "timeoutSeconds": "number"
                              }
                            ],
                            "stdin": "bool",
                            "stdinOnce": "bool",
                            "targetContainerName": "string",
                            "terminationMessagePath": "string",
                            "terminationMessagePolicy": "string",
                            "tty": "bool",
                            "volumeDevices": [
                              "list",
                              [
                                "object",
                                {
                                  "devicePath": "string",
                                  "name": "string"
                                }
                              ]
                            ],
                            "volumeMounts": [
                              "list",
                              [
                                "object",
                                {
                                  "mountPath": "string",
                                  "mountPropagation": "string",
                                  "name": "string",
                                  "readOnly": "bool",
                                  "recursiveReadOnly": "string",
                                  "subPath": "string",
                                  "subPathExpr": "string"
                                }
                              ]
                            ],
                            "workingDir": "string"
                          }
                        ]
                      ],
                      "hostAliases": [
                        "list",
                        [
                          "object",
                          {
                            "hostnames": [
                              "list",
                              "string"
                            ],
                            "ip": "string"
                          }
                        ]
                      ],
                      "hostIPC": "bool",
                      "hostNetwork": "bool",
                      "hostPID": "bool",
                      "hostUsers": "bool",
                      "hostname": "string",
                      "imagePullSecrets": [
                        "list",
                        [
                          "object",
                          {
                            "name": "string"
                          }
                        ]
                      ],
                      "initContainers": [
                        "list",
                        [
                          "object",
                          {
                            "args": [
                              "list",
                              "string"
                            ],
                            "command": [
                              "list",
                              "string"
                            ],
                            "env": [
                              "list",
                              [
                                "object",
                                {
                                  "name": "string",
                                  "value": "string",
                                  "valueFrom": [
                                    "object",
                                    {
                                      "configMapKeyRef": [
                                        "object",
                                        {
                                          "key": "string",
                                          "name": "string",
                                          "optional": "bool"
                                        }
                                      ],
                                      "fieldRef": [
                                        "object",
                                        {
                                          "apiVersion": "string",
                                          "fieldPath": "string"
                                        }
                                      ],
                                      "resourceFieldRef": [
                                        "object",
                                        {
                                          "containerName": "string",
                                          "divisor": "string",
                                          "resource": "string"
                                        }
                                      ],
                                      "secretKeyRef": [
                                        "object",
                                        {
                                          "key": "string",
                                          "name": "string",
                                          "optional": "bool"
                                        }
                                      ]
                                    }
                                  ]
                                }
                              ]
                            ],
                            "envFrom": [
                              "list",
                              [
                                "object",
                                {
                                  "configMapRef": [
                                    "object",
                                    {
                                      "name": "string",
                                      "optional": "bool"
                                    }
                                  ],
                                  "prefix": "string",
                                  "secretRef": [
                                    "object",
                                    {
                                      "name": "string",
                                      "optional": "bool"
                                    }
                                  ]
                                }
                              ]
                            ],
                            "image": "string",
                            "imagePullPolicy": "string",
                            "lifecycle": [
                              "object",
                              {
                                "postStart": [
                                  "object",
                                  {
                                    "exec": [
                                      "object",
                                      {
                                        "command": [
                                          "list",
                                          "string"
                                        ]
                                      }
                                    ],
                                    "httpGet": [
                                      "object",
                                      {
                                        "host": "string",
                                        "httpHeaders": [
                                          "list",
                                          [
                                            "object",
                                            {
                                              "name": "string",
                                              "value": "string"
                                            }
                                          ]
                                        ],
                                        "path": "string",
                                        "port": "string",
                                        "scheme": "string"
                                      }
                                    ],
                                    "sleep": [
                                      "object",
                                      {
                                        "seconds": "number"
                                      }
                                    ],
                                    "tcpSocket": [
                                      "object",
                                      {
                                        "host": "string",
                                        "port": "string"
                                      }
                                    ]
                                  }
                                ],
                                "preStop": [
                                  "object",
                                  {
                                    "exec": [
                                      "object",
                                      {
                                        "command": [
                                          "list",
                                          "string"
                                        ]
                                      }
                                    ],
                                    "httpGet": [
                                      "object",
                                      {
                                        "host": "string",
                                        "httpHeaders": [
                                          "list",
                                          [
                                            "object",
                                            {
                                              "name": "string",
                                              "value": "string"
                                            }
                                          ]
                                        ],
                                        "path": "string",
                                        "port": "string",
                                        "scheme": "string"
                                      }
                                    ],
                                    "sleep": [
                                      "object",
                                      {
                                        "seconds": "number"
                                      }
                                    ],
                                    "tcpSocket": [
                                      "object",
                                      {
                                        "host": "string",
                                        "port": "string"
                                      }
                                    ]
                                  }
                                ]
                              }
                            ],
                            "livenessProbe": [
                              "object",
                              {
                                "exec": [
                                  "object",
                                  {
                                    "command": [
                                      "list",
                                      "string"
                                    ]
                                  }
                                ],
                                "failureThreshold": "number",
                                "grpc": [
                                  "object",
                                  {
                                    "port": "number",
                                    "service": "string"
                                  }
                                ],
                                "httpGet": [
                                  "object",
                                  {
                                    "host": "string",
                                    "httpHeaders": [
                                      "list",
                                      [
                                        "object",
                                        {
                                          "name": "string",
                                          "value": "string"
                                        }
                                      ]
                                    ],
                                    "path": "string",
                                    "port": "string",
                                    "scheme": "string"
                                  }
                                ],
                                "initialDelaySeconds": "number",
                                "periodSeconds": "number",
                                "successThreshold": "number",
                                "tcpSocket": [
                                  "object",
                                  {
                                    "host": "string",
                                    "port": "string"
                                  }
                                ],
                                "terminationGracePeriodSeconds": "number",
                                "timeoutSeconds": "number"
                              }
                            ],
                            "name": "string",
                            "ports": [
                              "list",
                              [
                                "object",
                                {
                                  "containerPort": "number",
                                  "hostIP": "string",
                                  "hostPort": "number",
                                  "name": "string",
                                  "protocol": "string"
                                }
                              ]
                            ],
                            "readinessProbe": [
                              "object",
                              {
                                "exec": [
                                  "object",
                                  {
                                    "command": [
                                      "list",
                                      "string"
                                    ]
                                  }
                                ],
                                "failureThreshold": "number",
                                "grpc": [
                                  "object",
                                  {
                                    "port": "number",
                                    "service": "string"
                                  }
                                ],
                                "httpGet": [
                                  "object",
                                  {
                                    "host": "string",
                                    "httpHeaders": [
                                      "list",
                                      [
                                        "object",
                                        {
                                          "name": "string",
                                          "value": "string"
                                        }
                                      ]
                                    ],
                                    "path": "string",
                                    "port": "string",
                                    "scheme": "string"
                                  }
                                ],
                                "initialDelaySeconds": "number",
                                "periodSeconds": "number",
                                "successThreshold": "number",
                                "tcpSocket": [
                                  "object",
                                  {
                                    "host": "string",
                                    "port": "string"
                                  }
                                ],
                                "terminationGracePeriodSeconds": "number",
                                "timeoutSeconds": "number"
                              }
                            ],
                            "resizePolicy": [
                              "list",
                              [
                                "object",
                                {
                                  "resourceName": "string",
                                  "restartPolicy": "string"
                                }
                              ]
                            ],
                            "resources": [
                              "object",
                              {
                                "claims": [
                                  "list",
                                  [
                                    "object",
                                    {
                                      "name": "string"
                                    }
                                  ]
                                ],
                                "limits": [
                                  "map",
                                  "string"
                                ],
                                "requests": [
                                  "map",
                                  "string"
                                ]
                              }
                            ],
                            "restartPolicy": "string",
                            "securityContext": [
                              "object",
                              {
                                "allowPrivilegeEscalation": "bool",
                                "appArmorProfile": [
                                  "object",
                                  {
                                    "localhostProfile": "string",
                                    "type": "string"
                                  }
                                ],
                                "capabilities": [
                                  "object",
                                  {
                                    "add": [
                                      "list",
                                      "string"
                                    ],
                                    "drop": [
                                      "list",
                                      "string"
                                    ]
                                  }
                                ],
                                "privileged": "bool",
                                "procMount": "string",
                                "readOnlyRootFilesystem": "bool",
                                "runAsGroup": "number",
                                "runAsNonRoot": "bool",
                                "runAsUser": "number",
                                "seLinuxOptions": [
                                  "object",
                                  {
                                    "level": "string",
                                    "role": "string",
                                    "type": "string",
                                    "user": "string"
                                  }
                                ],
                                "seccompProfile": [
                                  "object",
                                  {
                                    "localhostProfile": "string",
                                    "type": "string"
                                  }
                                ],
                                "windowsOptions": [
                                  "object",
                                  {
                                    "gmsaCredentialSpec": "string",
                                    "gmsaCredentialSpecName": "string",
                                    "hostProcess": "bool",
                                    "runAsUserName": "string"
                                  }
                                ]
                              }
                            ],
                            "startupProbe": [
                              "object",
                              {
                                "exec": [
                                  "object",
                                  {
                                    "command": [
                                      "list",
                                      "string"
                                    ]
                                  }
                                ],
                                "failureThreshold": "number",
                                "grpc": [
                                  "object",
                                  {
                                    "port": "number",
                                    "service": "string"
                                  }
                                ],
                                "httpGet": [
                                  "object",
                                  {
                                    "host": "string",
                                    "httpHeaders": [
                                      "list",
                                      [
                                        "object",
                                        {
                                          "name": "string",
                                          "value": "string"
                                        }
                                      ]
                                    ],
                                    "path": "string",
                                    "port": "string",
                                    "scheme": "string"
                                  }
                                ],
                                "initialDelaySeconds": "number",
                                "periodSeconds": "number",
                                "successThreshold": "number",
                                "tcpSocket": [
                                  "object",
                                  {
                                    "host": "string",
                                    "port": "string"
                                  }
                                ],
                                "terminationGracePeriodSeconds": "number",
                                "timeoutSeconds": "number"
                              }
                            ],
                            "stdin": "bool",
                            "stdinOnce": "bool",
                            "terminationMessagePath": "string",
                            "terminationMessagePolicy": "string",
                            "tty": "bool",
                            "volumeDevices": [
                              "list",
                              [
                                "object",
                                {
                                  "devicePath": "string",
                                  "name": "string"
                                }
                              ]
                            ],
                            "volumeMounts": [
                              "list",
                              [
                                "object",
                                {
                                  "mountPath": "string",
                                  "mountPropagation": "string",
                                  "name": "string",
                                  "readOnly": "bool",
                                  "recursiveReadOnly": "string",
                                  "subPath": "string",
                                  "subPathExpr": "string"
                                }
                              ]
                            ],
                            "workingDir": "string"
                          }
                        ]
                      ],
                      "nodeName": "string",
                      "nodeSelector": [
                        "map",
                        "string"
                      ],
                      "os": [
                        "object",
                        {
                          "name": "string"
                        }
                      ],
                      "overhead": [
                        "map",
                        "string"
                      ],
                      "preemptionPolicy": "string",
                      "priority": "number",
                      "priorityClassName": "string",
                      "readinessGates": [
                        "list",
                        [
                          "object",
                          {
                            "conditionType": "string"
                          }
                        ]
                      ],
                      "resourceClaims": [
                        "list",
                        [
                          "object",
                          {
                            "name": "string",
                            "source": [
                              "object",
                              {
                                "resourceClaimName": "string",
                                "resourceClaimTemplateName": "string"
                              }
                            ]
                          }
                        ]
                      ],
                      "restartPolicy": "string",
                      "runtimeClassName": "string",
                      "schedulerName": "string",
                      "schedulingGates": [
                        "list",
                        [
                          "object",
                          {
                            "name": "string"
                          }
                        ]
                      ],
                      "securityContext": [
                        "object",
                        {
                          "appArmorProfile": [
                            "object",
                            {
                              "localhostProfile": "string",
                              "type": "string"
                            }
                          ],
                          "fsGroup": "number",
                          "fsGroupChangePolicy": "string",
                          "runAsGroup": "number",
                          "runAsNonRoot": "bool",
                          "runAsUser": "number",
                          "seLinuxOptions": [
                            "object",
                            {
                              "level": "string",
                              "role": "string",
                              "type": "string",
                              "user": "string"
                            }
                          ],
                          "seccompProfile": [
                            "object",
                            {
                              "localhostProfile": "string",
                              "type": "string"
                            }
                          ],
                          "supplementalGroups": [
                            "list",
                            "number"
                          ],
                          "sysctls": [
                            "list",
                            [
                              "object",
                              {
                                "name": "string",
                                "value": "string"
                              }
                            ]
                          ],
                          "windowsOptions": [
                            "object",
                            {
                              "gmsaCredentialSpec": "string",
                              "gmsaCredentialSpecName": "string",
                              "hostProcess": "bool",
                              "runAsUserName": "string"
                            }
                          ]
                        }
                      ],
                      "serviceAccount": "string",
                      "serviceAccountName": "string",
                      "setHostnameAsFQDN": "bool",
                      "shareProcessNamespace": "bool",
                      "subdomain": "string",
                      "terminationGracePeriodSeconds": "number",
                      "tolerations": [
                        "list",
                        [
                          "object",
                          {
                            "effect": "string",
                            "key": "string",
                            "operator": "string",
                            "tolerationSeconds": "number",
                            "value": "string"
                          }
                        ]
                      ],
                      "topologySpreadConstraints": [
                        "list",
                        [
                          "object",
                          {
                            "labelSelector": [
                              "object",
                              {
                                "matchExpressions": [
                                  "list",
                                  [
                                    "object",
                                    {
                                      "key": "string",
                                      "operator": "string",
                                      "values": [
                                        "list",
                                        "string"
                                      ]
                                    }
                                  ]
                                ],
                                "matchLabels": [
                                  "map",
                                  "string"
                                ]
                              }
                            ],
                            "matchLabelKeys": [
                              "list",
                              "string"
                            ],
                            "maxSkew": "number",
                            "minDomains": "number",
                            "nodeAffinityPolicy": "string",
                            "nodeTaintsPolicy": "string",
                            "topologyKey": "string",
                            "whenUnsatisfiable": "string"
                          }
                        ]
                      ],
                      "volumes": [
                        "tuple",
                        [
                          [
                            "object",
                            {
                              "awsElasticBlockStore": [
                                "object",
                                {
                                  "fsType": "string",
                                  "partition": "number",
                                  "readOnly": "bool",
                                  "volumeID": "string"
                                }
                              ],
                              "azureDisk": [
                                "object",
                                {
                                  "cachingMode": "string",
                                  "diskName": "string",
                                  "diskURI": "string",
                                  "fsType": "string",
                                  "kind": "string",
                                  "readOnly": "bool"
                                }
                              ],
                              "azureFile": [
                                "object",
                                {
                                  "readOnly": "bool",
                                  "secretName": "string",
                                  "shareName": "string"
                                }
                              ],
                              "cephfs": [
                                "object",
                                {
                                  "monitors": [
                                    "list",
                                    "string"
                                  ],
                                  "path": "string",
                                  "readOnly": "bool",
                                  "secretFile": "string",
                                  "secretRef": [
                                    "object",
                                    {
                                      "name": "string"
                                    }
                                  ],
                                  "user": "string"
                                }
                              ],
                              "cinder": [
                                "object",
                                {
                                  "fsType": "string",
                                  "readOnly": "bool",
                                  "secretRef": [
                                    "object",
                                    {
                                      "name": "string"
                                    }
                                  ],
                                  "volumeID": "string"
                                }
                              ],
                              "configMap": [
                                "object",
                                {
                                  "defaultMode": "number",
                                  "items": [
                                    "list",
                                    [
                                      "object",
                                      {
                                        "key": "string",
                                        "mode": "number",
                                        "path": "string"
                                      }
                                    ]
                                  ],
                                  "name": "string",
                                  "optional": "bool"
                                }
                              ],
                              "csi": [
                                "object",
                                {
                                  "driver": "string",
                                  "fsType": "string",
                                  "nodePublishSecretRef": [
                                    "object",
                                    {
                                      "name": "string"
                                    }
                                  ],
                                  "readOnly": "bool",
                                  "volumeAttributes": [
                                    "map",
                                    "string"
                                  ]
                                }
                              ],
                              "downwardAPI": [
                                "object",
                                {
                                  "defaultMode": "number",
                                  "items": [
                                    "list",
                                    [
                                      "object",
                                      {
                                        "fieldRef": [
                                          "object",
                                          {
                                            "apiVersion": "string",
                                            "fieldPath": "string"
                                          }
                                        ],
                                        "mode": "number",
                                        "path": "string",
                                        "resourceFieldRef": [
                                          "object",
                                          {
                                            "containerName": "string",
                                            "divisor": "string",
                                            "resource": "string"
                                          }
                                        ]
                                      }
                                    ]
                                  ]
                                }
                              ],
                              "emptyDir": [
                                "object",
                                {
                                  "medium": "string",
                                  "sizeLimit": "string"
                                }
                              ],
                              "ephemeral": [
                                "object",
                                {
                                  "volumeClaimTemplate": [
                                    "object",
                                    {
                                      "metadata": [
                                        "object",
                                        {
                                          "annotations": [
                                            "map",
                                            "string"
                                          ],
                                          "creationTimestamp": "string",
                                          "deletionGracePeriodSeconds": "number",
                                          "deletionTimestamp": "string",
                                          "finalizers": [
                                            "list",
                                            "string"
                                          ],
                                          "generateName": "string",
                                          "generation": "number",
                                          "labels": [
                                            "map",
                                            "string"
                                          ],
                                          "managedFields": [
                                            "tuple",
                                            [
                                              [
                                                "object",
                                                {
                                                  "apiVersion": "string",
                                                  "fieldsType": "string",
                                                  "fieldsV1": "dynamic",
                                                  "manager": "string",
                                                  "operation": "string",
                                                  "subresource": "string",
                                                  "time": "string"
                                                }
                                              ]
                                            ]
                                          ],
                                          "name": "string",
                                          "namespace": "string",
                                          "ownerReferences": [
                                            "list",
                                            [
                                              "object",
                                              {
                                                "apiVersion": "string",
                                                "blockOwnerDeletion": "bool",
                                                "controller": "bool",
                                                "kind": "string",
                                                "name": "string",
                                                "uid": "string"
                                              }
                                            ]
                                          ],
                                          "resourceVersion": "string",
                                          "selfLink": "string",
                                          "uid": "string"
                                        }
                                      ],
                                      "spec": [
                                        "object",
                                        {
                                          "accessModes": [
                                            "list",
                                            "string"
                                          ],
                                          "dataSource": [
                                            "object",
                                            {
                                              "apiGroup": "string",
                                              "kind": "string",
                                              "name": "string"
                                            }
                                          ],
                                          "dataSourceRef": [
                                            "object",
                                            {
                                              "apiGroup": "string",
                                              "kind": "string",
                                              "name": "string",
                                              "namespace": "string"
                                            }
                                          ],
                                          "resources": [
                                            "object",
                                            {
                                              "limits": [
                                                "map",
                                                "string"
                                              ],
                                              "requests": [
                                                "map",
                                                "string"
                                              ]
                                            }
                                          ],
                                          "selector": [
                                            "object",
                                            {
                                              "matchExpressions": [
                                                "list",
                                                [
                                                  "object",
                                                  {
                                                    "key": "string",
                                                    "operator": "string",
                                                    "values": [
                                                      "list",
                                                      "string"
                                                    ]
                                                  }
                                                ]
                                              ],
                                              "matchLabels": [
                                                "map",
                                                "string"
                                              ]
                                            }
                                          ],
                                          "storageClassName": "string",
                                          "volumeAttributesClassName": "string",
                                          "volumeMode": "string",
                                          "volumeName": "string"
                                        }
                                      ]
                                    }
                                  ]
                                }
                              ],
                              "fc": [
                                "object",
                                {
                                  "fsType": "string",
                                  "lun": "number",
                                  "readOnly": "bool",
                                  "targetWWNs": [
                                    "list",
                                    "string"
                                  ],
                                  "wwids": [
                                    "list",
                                    "string"
                                  ]
                                }
                              ],
                              "flexVolume": [
                                "object",
                                {
                                  "driver": "string",
                                  "fsType": "string",
                                  "options": [
                                    "map",
                                    "string"
                                  ],
                                  "readOnly": "bool",
                                  "secretRef": [
                                    "object",
                                    {
                                      "name": "string"
                                    }
                                  ]
                                }
                              ],
                              "flocker": [
                                "object",
                                {
                                  "datasetName": "string",
                                  "datasetUUID": "string"
                                }
                              ],
                              "gcePersistentDisk": [
                                "object",
                                {
                                  "fsType": "string",
                                  "partition": "number",
                                  "pdName": "string",
                                  "readOnly": "bool"
                                }
                              ],
                              "gitRepo": [
                                "object",
                                {
                                  "directory": "string",
                                  "repository": "string",
                                  "revision": "string"
                                }
                              ],
                              "glusterfs": [
                                "object",
                                {
                                  "endpoints": "string",
                                  "path": "string",
                                  "readOnly": "bool"
                                }
                              ],
                              "hostPath": [
                                "object",
                                {
                                  "path": "string",
                                  "type": "string"
                                }
                              ],
                              "iscsi": [
                                "object",
                                {
                                  "chapAuthDiscovery": "bool",
                                  "chapAuthSession": "bool",
                                  "fsType": "string",
                                  "initiatorName": "string",
                                  "iqn": "string",
                                  "iscsiInterface": "string",
                                  "lun": "number",
                                  "portals": [
                                    "list",
                                    "string"
                                  ],
                                  "readOnly": "bool",
                                  "secretRef": [
                                    "object",
                                    {
                                      "name": "string"
                                    }
                                  ],
                                  "targetPortal": "string"
                                }
                              ],
                              "name": "string",
                              "nfs": [
                                "object",
                                {
                                  "path": "string",
                                  "readOnly": "bool",
                                  "server": "string"
                                }
                              ],
                              "persistentVolumeClaim": [
                                "object",
                                {
                                  "claimName": "string",
                                  "readOnly": "bool"
                                }
                              ],
                              "photonPersistentDisk": [
                                "object",
                                {
                                  "fsType": "string",
                                  "pdID": "string"
                                }
                              ],
                              "portworxVolume": [
                                "object",
                                {
                                  "fsType": "string",
                                  "readOnly": "bool",
                                  "volumeID": "string"
                                }
                              ],
                              "projected": [
                                "object",
                                {
                                  "defaultMode": "number",
                                  "sources": [
                                    "list",
                                    [
                                      "object",
                                      {
                                        "clusterTrustBundle": [
                                          "object",
                                          {
                                            "labelSelector": [
                                              "object",
                                              {
                                                "matchExpressions": [
                                                  "list",
                                                  [
                                                    "object",
                                                    {
                                                      "key": "string",
                                                      "operator": "string",
                                                      "values": [
                                                        "list",
                                                        "string"
                                                      ]
                                                    }
                                                  ]
                                                ],
                                                "matchLabels": [
                                                  "map",
                                                  "string"
                                                ]
                                              }
                                            ],
                                            "name": "string",
                                            "optional": "bool",
                                            "path": "string",
                                            "signerName": "string"
                                          }
                                        ],
                                        "configMap": [
                                          "object",
                                          {
                                            "items": [
                                              "list",
                                              [
                                                "object",
                                                {
                                                  "key": "string",
                                                  "mode": "number",
                                                  "path": "string"
                                                }
                                              ]
                                            ],
                                            "name": "string",
                                            "optional": "bool"
                                          }
                                        ],
                                        "downwardAPI": [
                                          "object",
                                          {
                                            "items": [
                                              "list",
                                              [
                                                "object",
                                                {
                                                  "fieldRef": [
                                                    "object",
                                                    {
                                                      "apiVersion": "string",
                                                      "fieldPath": "string"
                                                    }
                                                  ],
                                                  "mode": "number",
                                                  "path": "string",
                                                  "resourceFieldRef": [
                                                    "object",
                                                    {
                                                      "containerName": "string",
                                                      "divisor": "string",
                                                      "resource": "string"
                                                    }
                                                  ]
                                                }
                                              ]
                                            ]
                                          }
                                        ],
                                        "secret": [
                                          "object",
                                          {
                                            "items": [
                                              "list",
                                              [
                                                "object",
                                                {
                                                  "key": "string",
                                                  "mode": "number",
                                                  "path": "string"
                                                }
                                              ]
                                            ],
                                            "name": "string",
                                            "optional": "bool"
                                          }
                                        ],
                                        "serviceAccountToken": [
                                          "object",
                                          {
                                            "audience": "string",
                                            "expirationSeconds": "number",
                                            "path": "string"
                                          }
                                        ]
                                      }
                                    ]
                                  ]
                                }
                              ],
                              "quobyte": [
                                "object",
                                {
                                  "group": "string",
                                  "readOnly": "bool",
                                  "registry": "string",
                                  "tenant": "string",
                                  "user": "string",
                                  "volume": "string"
                                }
                              ],
                              "rbd": [
                                "object",
                                {
                                  "fsType": "string",
                                  "image": "string",
                                  "keyring": "string",
                                  "monitors": [
                                    "list",
                                    "string"
                                  ],
                                  "pool": "string",
                                  "readOnly": "bool",
                                  "secretRef": [
                                    "object",
                                    {
                                      "name": "string"
                                    }
                                  ],
                                  "user": "string"
                                }
                              ],
                              "scaleIO": [
                                "object",
                                {
                                  "fsType": "string",
                                  "gateway": "string",
                                  "protectionDomain": "string",
                                  "readOnly": "bool",
                                  "secretRef": [
                                    "object",
                                    {
                                      "name": "string"
                                    }
                                  ],
                                  "sslEnabled": "bool",
                                  "storageMode": "string",
                                  "storagePool": "string",
                                  "system": "string",
                                  "volumeName": "string"
                                }
                              ],
                              "secret": [
                                "object",
                                {
                                  "defaultMode": "number",
                                  "items": [
                                    "list",
                                    [
                                      "object",
                                      {
                                        "key": "string",
                                        "mode": "number",
                                        "path": "string"
                                      }
                                    ]
                                  ],
                                  "optional": "bool",
                                  "secretName": "string"
                                }
                              ],
                              "storageos": [
                                "object",
                                {
                                  "fsType": "string",
                                  "readOnly": "bool",
                                  "secretRef": [
                                    "object",
                                    {
                                      "name": "string"
                                    }
                                  ],
                                  "volumeName": "string",
                                  "volumeNamespace": "string"
                                }
                              ],
                              "vsphereVolume": [
                                "object",
                                {
                                  "fsType": "string",
                                  "storagePolicyID": "string",
                                  "storagePolicyName": "string",
                                  "volumePath": "string"
                                }
                              ]
                            }
                          ],
                          [
                            "object",
                            {
                              "awsElasticBlockStore": [
                                "object",
                                {
                                  "fsType": "string",
                                  "partition": "number",
                                  "readOnly": "bool",
                                  "volumeID": "string"
                                }
                              ],
                              "azureDisk": [
                                "object",
                                {
                                  "cachingMode": "string",
                                  "diskName": "string",
                                  "diskURI": "string",
                                  "fsType": "string",
                                  "kind": "string",
                                  "readOnly": "bool"
                                }
                              ],
                              "azureFile": [
                                "object",
                                {
                                  "readOnly": "bool",
                                  "secretName": "string",
                                  "shareName": "string"
                                }
                              ],
                              "cephfs": [
                                "object",
                                {
                                  "monitors": [
                                    "list",
                                    "string"
                                  ],
                                  "path": "string",
                                  "readOnly": "bool",
                                  "secretFile": "string",
                                  "secretRef": [
                                    "object",
                                    {
                                      "name": "string"
                                    }
                                  ],
                                  "user": "string"
                                }
                              ],
                              "cinder": [
                                "object",
                                {
                                  "fsType": "string",
                                  "readOnly": "bool",
                                  "secretRef": [
                                    "object",
                                    {
                                      "name": "string"
                                    }
                                  ],
                                  "volumeID": "string"
                                }
                              ],
                              "configMap": [
                                "object",
                                {
                                  "defaultMode": "number",
                                  "items": [
                                    "list",
                                    [
                                      "object",
                                      {
                                        "key": "string",
                                        "mode": "number",
                                        "path": "string"
                                      }
                                    ]
                                  ],
                                  "name": "string",
                                  "optional": "bool"
                                }
                              ],
                              "csi": [
                                "object",
                                {
                                  "driver": "string",
                                  "fsType": "string",
                                  "nodePublishSecretRef": [
                                    "object",
                                    {
                                      "name": "string"
                                    }
                                  ],
                                  "readOnly": "bool",
                                  "volumeAttributes": [
                                    "map",
                                    "string"
                                  ]
                                }
                              ],
                              "downwardAPI": [
                                "object",
                                {
                                  "defaultMode": "number",
                                  "items": [
                                    "list",
                                    [
                                      "object",
                                      {
                                        "fieldRef": [
                                          "object",
                                          {
                                            "apiVersion": "string",
                                            "fieldPath": "string"
                                          }
                                        ],
                                        "mode": "number",
                                        "path": "string",
                                        "resourceFieldRef": [
                                          "object",
                                          {
                                            "containerName": "string",
                                            "divisor": "string",
                                            "resource": "string"
                                          }
                                        ]
                                      }
                                    ]
                                  ]
                                }
                              ],
                              "emptyDir": [
                                "object",
                                {
                                  "medium": "string",
                                  "sizeLimit": "string"
                                }
                              ],
                              "ephemeral": [
                                "object",
                                {
                                  "volumeClaimTemplate": [
                                    "object",
                                    {
                                      "metadata": [
                                        "object",
                                        {
                                          "annotations": [
                                            "map",
                                            "string"
                                          ],
                                          "creationTimestamp": "string",
                                          "deletionGracePeriodSeconds": "number",
                                          "deletionTimestamp": "string",
                                          "finalizers": [
                                            "list",
                                            "string"
                                          ],
                                          "generateName": "string",
                                          "generation": "number",
                                          "labels": [
                                            "map",
                                            "string"
                                          ],
                                          "managedFields": [
                                            "tuple",
                                            [
                                              [
                                                "object",
                                                {
                                                  "apiVersion": "string",
                                                  "fieldsType": "string",
                                                  "fieldsV1": "dynamic",
                                                  "manager": "string",
                                                  "operation": "string",
                                                  "subresource": "string",
                                                  "time": "string"
                                                }
                                              ]
                                            ]
                                          ],
                                          "name": "string",
                                          "namespace": "string",
                                          "ownerReferences": [
                                            "list",
                                            [
                                              "object",
                                              {
                                                "apiVersion": "string",
                                                "blockOwnerDeletion": "bool",
                                                "controller": "bool",
                                                "kind": "string",
                                                "name": "string",
                                                "uid": "string"
                                              }
                                            ]
                                          ],
                                          "resourceVersion": "string",
                                          "selfLink": "string",
                                          "uid": "string"
                                        }
                                      ],
                                      "spec": [
                                        "object",
                                        {
                                          "accessModes": [
                                            "list",
                                            "string"
                                          ],
                                          "dataSource": [
                                            "object",
                                            {
                                              "apiGroup": "string",
                                              "kind": "string",
                                              "name": "string"
                                            }
                                          ],
                                          "dataSourceRef": [
                                            "object",
                                            {
                                              "apiGroup": "string",
                                              "kind": "string",
                                              "name": "string",
                                              "namespace": "string"
                                            }
                                          ],
                                          "resources": [
                                            "object",
                                            {
                                              "limits": [
                                                "map",
                                                "string"
                                              ],
                                              "requests": [
                                                "map",
                                                "string"
                                              ]
                                            }
                                          ],
                                          "selector": [
                                            "object",
                                            {
                                              "matchExpressions": [
                                                "list",
                                                [
                                                  "object",
                                                  {
                                                    "key": "string",
                                                    "operator": "string",
                                                    "values": [
                                                      "list",
                                                      "string"
                                                    ]
                                                  }
                                                ]
                                              ],
                                              "matchLabels": [
                                                "map",
                                                "string"
                                              ]
                                            }
                                          ],
                                          "storageClassName": "string",
                                          "volumeAttributesClassName": "string",
                                          "volumeMode": "string",
                                          "volumeName": "string"
                                        }
                                      ]
                                    }
                                  ]
                                }
                              ],
                              "fc": [
                                "object",
                                {
                                  "fsType": "string",
                                  "lun": "number",
                                  "readOnly": "bool",
                                  "targetWWNs": [
                                    "list",
                                    "string"
                                  ],
                                  "wwids": [
                                    "list",
                                    "string"
                                  ]
                                }
                              ],
                              "flexVolume": [
                                "object",
                                {
                                  "driver": "string",
                                  "fsType": "string",
                                  "options": [
                                    "map",
                                    "string"
                                  ],
                                  "readOnly": "bool",
                                  "secretRef": [
                                    "object",
                                    {
                                      "name": "string"
                                    }
                                  ]
                                }
                              ],
                              "flocker": [
                                "object",
                                {
                                  "datasetName": "string",
                                  "datasetUUID": "string"
                                }
                              ],
                              "gcePersistentDisk": [
                                "object",
                                {
                                  "fsType": "string",
                                  "partition": "number",
                                  "pdName": "string",
                                  "readOnly": "bool"
                                }
                              ],
                              "gitRepo": [
                                "object",
                                {
                                  "directory": "string",
                                  "repository": "string",
                                  "revision": "string"
                                }
                              ],
                              "glusterfs": [
                                "object",
                                {
                                  "endpoints": "string",
                                  "path": "string",
                                  "readOnly": "bool"
                                }
                              ],
                              "hostPath": [
                                "object",
                                {
                                  "path": "string",
                                  "type": "string"
                                }
                              ],
                              "iscsi": [
                                "object",
                                {
                                  "chapAuthDiscovery": "bool",
                                  "chapAuthSession": "bool",
                                  "fsType": "string",
                                  "initiatorName": "string",
                                  "iqn": "string",
                                  "iscsiInterface": "string",
                                  "lun": "number",
                                  "portals": [
                                    "list",
                                    "string"
                                  ],
                                  "readOnly": "bool",
                                  "secretRef": [
                                    "object",
                                    {
                                      "name": "string"
                                    }
                                  ],
                                  "targetPortal": "string"
                                }
                              ],
                              "name": "string",
                              "nfs": [
                                "object",
                                {
                                  "path": "string",
                                  "readOnly": "bool",
                                  "server": "string"
                                }
                              ],
                              "persistentVolumeClaim": [
                                "object",
                                {
                                  "claimName": "string",
                                  "readOnly": "bool"
                                }
                              ],
                              "photonPersistentDisk": [
                                "object",
                                {
                                  "fsType": "string",
                                  "pdID": "string"
                                }
                              ],
                              "portworxVolume": [
                                "object",
                                {
                                  "fsType": "string",
                                  "readOnly": "bool",
                                  "volumeID": "string"
                                }
                              ],
                              "projected": [
                                "object",
                                {
                                  "defaultMode": "number",
                                  "sources": [
                                    "list",
                                    [
                                      "object",
                                      {
                                        "clusterTrustBundle": [
                                          "object",
                                          {
                                            "labelSelector": [
                                              "object",
                                              {
                                                "matchExpressions": [
                                                  "list",
                                                  [
                                                    "object",
                                                    {
                                                      "key": "string",
                                                      "operator": "string",
                                                      "values": [
                                                        "list",
                                                        "string"
                                                      ]
                                                    }
                                                  ]
                                                ],
                                                "matchLabels": [
                                                  "map",
                                                  "string"
                                                ]
                                              }
                                            ],
                                            "name": "string",
                                            "optional": "bool",
                                            "path": "string",
                                            "signerName": "string"
                                          }
                                        ],
                                        "configMap": [
                                          "object",
                                          {
                                            "items": [
                                              "list",
                                              [
                                                "object",
                                                {
                                                  "key": "string",
                                                  "mode": "number",
                                                  "path": "string"
                                                }
                                              ]
                                            ],
                                            "name": "string",
                                            "optional": "bool"
                                          }
                                        ],
                                        "downwardAPI": [
                                          "object",
                                          {
                                            "items": [
                                              "list",
                                              [
                                                "object",
                                                {
                                                  "fieldRef": [
                                                    "object",
                                                    {
                                                      "apiVersion": "string",
                                                      "fieldPath": "string"
                                                    }
                                                  ],
                                                  "mode": "number",
                                                  "path": "string",
                                                  "resourceFieldRef": [
                                                    "object",
                                                    {
                                                      "containerName": "string",
                                                      "divisor": "string",
                                                      "resource": "string"
                                                    }
                                                  ]
                                                }
                                              ]
                                            ]
                                          }
                                        ],
                                        "secret": [
                                          "object",
                                          {
                                            "items": [
                                              "list",
                                              [
                                                "object",
                                                {
                                                  "key": "string",
                                                  "mode": "number",
                                                  "path": "string"
                                                }
                                              ]
                                            ],
                                            "name": "string",
                                            "optional": "bool"
                                          }
                                        ],
                                        "serviceAccountToken": [
                                          "object",
                                          {
                                            "audience": "string",
                                            "expirationSeconds": "number",
                                            "path": "string"
                                          }
                                        ]
                                      }
                                    ]
                                  ]
                                }
                              ],
                              "quobyte": [
                                "object",
                                {
                                  "group": "string",
                                  "readOnly": "bool",
                                  "registry": "string",
                                  "tenant": "string",
                                  "user": "string",
                                  "volume": "string"
                                }
                              ],
                              "rbd": [
                                "object",
                                {
                                  "fsType": "string",
                                  "image": "string",
                                  "keyring": "string",
                                  "monitors": [
                                    "list",
                                    "string"
                                  ],
                                  "pool": "string",
                                  "readOnly": "bool",
                                  "secretRef": [
                                    "object",
                                    {
                                      "name": "string"
                                    }
                                  ],
                                  "user": "string"
                                }
                              ],
                              "scaleIO": [
                                "object",
                                {
                                  "fsType": "string",
                                  "gateway": "string",
                                  "protectionDomain": "string",
                                  "readOnly": "bool",
                                  "secretRef": [
                                    "object",
                                    {
                                      "name": "string"
                                    }
                                  ],
                                  "sslEnabled": "bool",
                                  "storageMode": "string",
                                  "storagePool": "string",
                                  "system": "string",
                                  "volumeName": "string"
                                }
                              ],
                              "secret": [
                                "object",
                                {
                                  "defaultMode": "number",
                                  "items": [
                                    "list",
                                    [
                                      "object",
                                      {
                                        "key": "string",
                                        "mode": "number",
                                        "path": "string"
                                      }
                                    ]
                                  ],
                                  "optional": "bool",
                                  "secretName": "string"
                                }
                              ],
                              "storageos": [
                                "object",
                                {
                                  "fsType": "string",
                                  "readOnly": "bool",
                                  "secretRef": [
                                    "object",
                                    {
                                      "name": "string"
                                    }
                                  ],
                                  "volumeName": "string",
                                  "volumeNamespace": "string"
                                }
                              ],
                              "vsphereVolume": [
                                "object",
                                {
                                  "fsType": "string",
                                  "storagePolicyID": "string",
                                  "storagePolicyName": "string",
                                  "volumePath": "string"
                                }
                              ]
                            }
                          ]
                        ]
                      ]
                    }
                  ]
                }
              ]
            },
            "timeouts": [],
            "wait": [],
            "wait_for": null
          },
          "sensitive_attributes": []
        }
      ]
    },
    {
      "mode": "managed",
      "type": "kubernetes_manifest",
      "name": "redis_service",
      "provider": "provider[\"registry.terraform.io/hashicorp/kubernetes\"]",
      "instances": [
        {
          "schema_version": 1,
          "attributes": {
            "computed_fields": null,
            "field_manager": [],
            "manifest": {
              "value": {
                "apiVersion": "v1",
                "kind": "Service",
                "metadata": {
                  "name": "redis",
                  "namespace": "default"
                },
                "spec": {
                  "clusterIP": "None",
                  "ports": [
                    {
                      "port": 6379,
                      "protocol": "TCP",
                      "targetPort": 6379
                    }
                  ],
                  "selector": {
                    "app": "redis"
                  }
                }
              },
              "type": [
                "object",
                {
                  "apiVersion": "string",
                  "kind": "string",
                  "metadata": [
                    "object",
                    {
                      "name": "string",
                      "namespace": "string"
                    }
                  ],
                  "spec": [
                    "object",
                    {
                      "clusterIP": "string",
                      "ports": [
                        "tuple",
                        [
                          [
                            "object",
                            {
                              "port": "number",
                              "protocol": "string",
                              "targetPort": "number"
                            }
                          ]
                        ]
                      ],
                      "selector": [
                        "object",
                        {
                          "app": "string"
                        }
                      ]
                    }
                  ]
                }
              ]
            },
            "object": {
              "value": {
                "apiVersion": "v1",
                "kind": "Service",
                "metadata": {
                  "annotations": null,
                  "creationTimestamp": null,
                  "deletionGracePeriodSeconds": null,
                  "deletionTimestamp": null,
                  "finalizers": null,
                  "generateName": null,
                  "generation": null,
                  "labels": null,
                  "managedFields": null,
                  "name": "redis",
                  "namespace": "default",
                  "ownerReferences": null,
                  "resourceVersion": null,
                  "selfLink": null,
                  "uid": null
                },
                "spec": {
                  "allocateLoadBalancerNodePorts": null,
                  "clusterIP": "None",
                  "clusterIPs": [
                    "None"
                  ],
                  "externalIPs": null,
                  "externalName": null,
                  "externalTrafficPolicy": null,
                  "healthCheckNodePort": null,
                  "internalTrafficPolicy": "Cluster",
                  "ipFamilies": [
                    "IPv4"
                  ],
                  "ipFamilyPolicy": "SingleStack",
                  "loadBalancerClass": null,
                  "loadBalancerIP": null,
                  "loadBalancerSourceRanges": null,
                  "ports": [
                    {
                      "appProtocol": null,
                      "name": null,
                      "nodePort": null,
                      "port": 6379,
                      "protocol": "TCP",
                      "targetPort": "6379"
                    }
                  ],
                  "publishNotReadyAddresses": null,
                  "selector": {
                    "app": "redis"
                  },
                  "sessionAffinity": "None",
                  "sessionAffinityConfig": {
                    "clientIP": {
                      "timeoutSeconds": null
                    }
                  },
                  "trafficDistribution": null,
                  "type": "ClusterIP"
                }
              },
              "type": [
                "object",
                {
                  "apiVersion": "string",
                  "kind": "string",
                  "metadata": [
                    "object",
                    {
                      "annotations": [
                        "map",
                        "string"
                      ],
                      "creationTimestamp": "string",
                      "deletionGracePeriodSeconds": "number",
                      "deletionTimestamp": "string",
                      "finalizers": [
                        "list",
                        "string"
                      ],
                      "generateName": "string",
                      "generation": "number",
                      "labels": [
                        "map",
                        "string"
                      ],
                      "managedFields": [
                        "tuple",
                        [
                          [
                            "object",
                            {
                              "apiVersion": "string",
                              "fieldsType": "string",
                              "fieldsV1": "dynamic",
                              "manager": "string",
                              "operation": "string",
                              "subresource": "string",
                              "time": "string"
                            }
                          ]
                        ]
                      ],
                      "name": "string",
                      "namespace": "string",
                      "ownerReferences": [
                        "list",
                        [
                          "object",
                          {
                            "apiVersion": "string",
                            "blockOwnerDeletion": "bool",
                            "controller": "bool",
                            "kind": "string",
                            "name": "string",
                            "uid": "string"
                          }
                        ]
                      ],
                      "resourceVersion": "string",
                      "selfLink": "string",
                      "uid": "string"
                    }
                  ],
                  "spec": [
                    "object",
                    {
                      "allocateLoadBalancerNodePorts": "bool",
                      "clusterIP": "string",
                      "clusterIPs": [
                        "list",
                        "string"
                      ],
                      "externalIPs": [
                        "list",
                        "string"
                      ],
                      "externalName": "string",
                      "externalTrafficPolicy": "string",
                      "healthCheckNodePort": "number",
                      "internalTrafficPolicy": "string",
                      "ipFamilies": [
                        "list",
                        "string"
                      ],
                      "ipFamilyPolicy": "string",
                      "loadBalancerClass": "string",
                      "loadBalancerIP": "string",
                      "loadBalancerSourceRanges": [
                        "list",
                        "string"
                      ],
                      "ports": [
                        "list",
                        [
                          "object",
                          {
                            "appProtocol": "string",
                            "name": "string",
                            "nodePort": "number",
                            "port": "number",
                            "protocol": "string",
                            "targetPort": "string"
                          }
                        ]
                      ],
                      "publishNotReadyAddresses": "bool",
                      "selector": [
                        "map",
                        "string"
                      ],
                      "sessionAffinity": "string",
                      "sessionAffinityConfig": [
                        "object",
                        {
                          "clientIP": [
                            "object",
                            {
                              "timeoutSeconds": "number"
                            }
                          ]
                        }
                      ],
                      "trafficDistribution": "string",
                      "type": "string"
                    }
                  ]
                }
              ]
            },
            "timeouts": [],
            "wait": [],
            "wait_for": null
          },
          "sensitive_attributes": []
        }
      ]
    },
    {
      "mode": "managed",
      "type": "kubernetes_manifest",
      "name": "secret",
      "provider": "provider[\"registry.terraform.io/hashicorp/kubernetes\"]",
      "instances": [
        {
          "schema_version": 1,
          "attributes": {
            "computed_fields": null,
            "field_manager": [],
            "manifest": {
              "value": {
                "apiVersion": "v1",
                "data": {
                  "db.dbname": "ZGVib29rX2Ri",
                  "db.password": "cm9vdA==",
                  "db.port": "MzMwNg==",
                  "db.username": "cm9vdA==",
                  "im.access": "QUtJQVo1VEM0MlVBVUpWUkw3WE0=",
                  "im.secret": "ZkhGT1B1L2prOHBadFR3d1oxT0U0Wmh3MlpPRVd6ZlFsK1YxbzJjTg==",
                  "kakao.client_id.rest_api_key": "Yjc5ZjVlMTZhNDdkYWYwZDM1OGExNTVmMDk5ZDgzMzA=",
                  "kakao.redirect_uri": "aHR0cDovL2xvY2FsaG9zdDo4MDgwL2FwaS92MS9hdXRoL2NhbGxiYWNr",
                  "redis.data.host": "bG9jYWxob3N0",
                  "redis.data.port": "NjM3OQ==",
                  "s3.bucket": "ZGVib29r",
                  "token.access_token_expiration_time": "MTgwMA==",
                  "token.refresh_token_expiration_time": "NjA0ODAw",
                  "token.secret": "Sm5TOEl1WkwwQnYyQ0F5N28xVk85cXc5Y2U5ZnBZcVpWbGpQOVpoTEhVN1FpaUkvZ3lOZ1VNZUsxSTdnRHJIRDJMWTRaeW5tWVk5YkhTOW4zQXhOMXc9PQ=="
                },
                "kind": "Secret",
                "metadata": {
                  "name": "debook-secret",
                  "namespace": "default"
                },
                "type": "Opaque"
              },
              "type": [
                "object",
                {
                  "apiVersion": "string",
                  "data": [
                    "object",
                    {
                      "db.dbname": "string",
                      "db.password": "string",
                      "db.port": "string",
                      "db.username": "string",
                      "im.access": "string",
                      "im.secret": "string",
                      "kakao.client_id.rest_api_key": "string",
                      "kakao.redirect_uri": "string",
                      "redis.data.host": "string",
                      "redis.data.port": "string",
                      "s3.bucket": "string",
                      "token.access_token_expiration_time": "string",
                      "token.refresh_token_expiration_time": "string",
                      "token.secret": "string"
                    }
                  ],
                  "kind": "string",
                  "metadata": [
                    "object",
                    {
                      "name": "string",
                      "namespace": "string"
                    }
                  ],
                  "type": "string"
                }
              ]
            },
            "object": {
              "value": {
                "apiVersion": "v1",
                "data": {
                  "db.dbname": "ZGVib29rX2Ri",
                  "db.password": "cm9vdA==",
                  "db.port": "MzMwNg==",
                  "db.username": "cm9vdA==",
                  "im.access": "QUtJQVo1VEM0MlVBVUpWUkw3WE0=",
                  "im.secret": "ZkhGT1B1L2prOHBadFR3d1oxT0U0Wmh3MlpPRVd6ZlFsK1YxbzJjTg==",
                  "kakao.client_id.rest_api_key": "Yjc5ZjVlMTZhNDdkYWYwZDM1OGExNTVmMDk5ZDgzMzA=",
                  "kakao.redirect_uri": "aHR0cDovL2xvY2FsaG9zdDo4MDgwL2FwaS92MS9hdXRoL2NhbGxiYWNr",
                  "redis.data.host": "bG9jYWxob3N0",
                  "redis.data.port": "NjM3OQ==",
                  "s3.bucket": "ZGVib29r",
                  "token.access_token_expiration_time": "MTgwMA==",
                  "token.refresh_token_expiration_time": "NjA0ODAw",
                  "token.secret": "Sm5TOEl1WkwwQnYyQ0F5N28xVk85cXc5Y2U5ZnBZcVpWbGpQOVpoTEhVN1FpaUkvZ3lOZ1VNZUsxSTdnRHJIRDJMWTRaeW5tWVk5YkhTOW4zQXhOMXc9PQ=="
                },
                "immutable": null,
                "kind": "Secret",
                "metadata": {
                  "annotations": null,
                  "creationTimestamp": null,
                  "deletionGracePeriodSeconds": null,
                  "deletionTimestamp": null,
                  "finalizers": null,
                  "generateName": null,
                  "generation": null,
                  "labels": null,
                  "managedFields": null,
                  "name": "debook-secret",
                  "namespace": "default",
                  "ownerReferences": null,
                  "resourceVersion": null,
                  "selfLink": null,
                  "uid": null
                },
                "stringData": null,
                "type": "Opaque"
              },
              "type": [
                "object",
                {
                  "apiVersion": "string",
                  "data": [
                    "map",
                    "string"
                  ],
                  "immutable": "bool",
                  "kind": "string",
                  "metadata": [
                    "object",
                    {
                      "annotations": [
                        "map",
                        "string"
                      ],
                      "creationTimestamp": "string",
                      "deletionGracePeriodSeconds": "number",
                      "deletionTimestamp": "string",
                      "finalizers": [
                        "list",
                        "string"
                      ],
                      "generateName": "string",
                      "generation": "number",
                      "labels": [
                        "map",
                        "string"
                      ],
                      "managedFields": [
                        "tuple",
                        [
                          [
                            "object",
                            {
                              "apiVersion": "string",
                              "fieldsType": "string",
                              "fieldsV1": "dynamic",
                              "manager": "string",
                              "operation": "string",
                              "subresource": "string",
                              "time": "string"
                            }
                          ]
                        ]
                      ],
                      "name": "string",
                      "namespace": "string",
                      "ownerReferences": [
                        "list",
                        [
                          "object",
                          {
                            "apiVersion": "string",
                            "blockOwnerDeletion": "bool",
                            "controller": "bool",
                            "kind": "string",
                            "name": "string",
                            "uid": "string"
                          }
                        ]
                      ],
                      "resourceVersion": "string",
                      "selfLink": "string",
                      "uid": "string"
                    }
                  ],
                  "stringData": [
                    "map",
                    "string"
                  ],
                  "type": "string"
                }
              ]
            },
            "timeouts": [],
            "wait": [],
            "wait_for": null
          },
          "sensitive_attributes": []
        }
      ]
    },
    {
      "mode": "managed",
      "type": "kubernetes_manifest",
      "name": "springboot_deployment",
      "provider": "provider[\"registry.terraform.io/hashicorp/kubernetes\"]",
      "instances": [
        {
          "schema_version": 1,
          "attributes": {
            "computed_fields": null,
            "field_manager": [],
            "manifest": {
              "value": {
                "apiVersion": "apps/v1",
                "kind": "Deployment",
                "metadata": {
                  "name": "boot001dep",
                  "namespace": "default"
                },
                "spec": {
                  "replicas": 3,
                  "selector": {
                    "matchLabels": {
                      "app": "boot001kube"
                    }
                  },
                  "strategy": {
                    "rollingUpdate": {
                      "maxSurge": 1,
                      "maxUnavailable": 1
                    },
                    "type": "RollingUpdate"
                  },
                  "template": {
                    "metadata": {
                      "labels": {
                        "app": "boot001kube"
                      }
                    },
                    "spec": {
                      "containers": [
                        {
                          "envFrom": [
                            {
                              "secretRef": {
                                "name": "debook-secret"
                              }
                            }
                          ],
                          "image": "junguijin/debook_boot_project:latest",
                          "imagePullPolicy": "Always",
                          "name": "boot-container",
                          "ports": [
                            {
                              "containerPort": 8080
                            }
                          ]
                        }
                      ]
                    }
                  }
                }
              },
              "type": [
                "object",
                {
                  "apiVersion": "string",
                  "kind": "string",
                  "metadata": [
                    "object",
                    {
                      "name": "string",
                      "namespace": "string"
                    }
                  ],
                  "spec": [
                    "object",
                    {
                      "replicas": "number",
                      "selector": [
                        "object",
                        {
                          "matchLabels": [
                            "object",
                            {
                              "app": "string"
                            }
                          ]
                        }
                      ],
                      "strategy": [
                        "object",
                        {
                          "rollingUpdate": [
                            "object",
                            {
                              "maxSurge": "number",
                              "maxUnavailable": "number"
                            }
                          ],
                          "type": "string"
                        }
                      ],
                      "template": [
                        "object",
                        {
                          "metadata": [
                            "object",
                            {
                              "labels": [
                                "object",
                                {
                                  "app": "string"
                                }
                              ]
                            }
                          ],
                          "spec": [
                            "object",
                            {
                              "containers": [
                                "tuple",
                                [
                                  [
                                    "object",
                                    {
                                      "envFrom": [
                                        "tuple",
                                        [
                                          [
                                            "object",
                                            {
                                              "secretRef": [
                                                "object",
                                                {
                                                  "name": "string"
                                                }
                                              ]
                                            }
                                          ]
                                        ]
                                      ],
                                      "image": "string",
                                      "imagePullPolicy": "string",
                                      "name": "string",
                                      "ports": [
                                        "tuple",
                                        [
                                          [
                                            "object",
                                            {
                                              "containerPort": "number"
                                            }
                                          ]
                                        ]
                                      ]
                                    }
                                  ]
                                ]
                              ]
                            }
                          ]
                        }
                      ]
                    }
                  ]
                }
              ]
            },
            "object": {
              "value": {
                "apiVersion": "apps/v1",
                "kind": "Deployment",
                "metadata": {
                  "annotations": null,
                  "creationTimestamp": null,
                  "deletionGracePeriodSeconds": null,
                  "deletionTimestamp": null,
                  "finalizers": null,
                  "generateName": null,
                  "generation": null,
                  "labels": null,
                  "managedFields": null,
                  "name": "boot001dep",
                  "namespace": "default",
                  "ownerReferences": null,
                  "resourceVersion": null,
                  "selfLink": null,
                  "uid": null
                },
                "spec": {
                  "minReadySeconds": null,
                  "paused": null,
                  "progressDeadlineSeconds": 600,
                  "replicas": 3,
                  "revisionHistoryLimit": 10,
                  "selector": {
                    "matchExpressions": null,
                    "matchLabels": {
                      "app": "boot001kube"
                    }
                  },
                  "strategy": {
                    "rollingUpdate": {
                      "maxSurge": "1",
                      "maxUnavailable": "1"
                    },
                    "type": "RollingUpdate"
                  },
                  "template": {
                    "metadata": {
                      "annotations": null,
                      "creationTimestamp": null,
                      "deletionGracePeriodSeconds": null,
                      "deletionTimestamp": null,
                      "finalizers": null,
                      "generateName": null,
                      "generation": null,
                      "labels": {
                        "app": "boot001kube"
                      },
                      "managedFields": null,
                      "name": null,
                      "namespace": null,
                      "ownerReferences": null,
                      "resourceVersion": null,
                      "selfLink": null,
                      "uid": null
                    },
                    "spec": {
                      "activeDeadlineSeconds": null,
                      "affinity": {
                        "nodeAffinity": {
                          "preferredDuringSchedulingIgnoredDuringExecution": null,
                          "requiredDuringSchedulingIgnoredDuringExecution": {
                            "nodeSelectorTerms": null
                          }
                        },
                        "podAffinity": {
                          "preferredDuringSchedulingIgnoredDuringExecution": null,
                          "requiredDuringSchedulingIgnoredDuringExecution": null
                        },
                        "podAntiAffinity": {
                          "preferredDuringSchedulingIgnoredDuringExecution": null,
                          "requiredDuringSchedulingIgnoredDuringExecution": null
                        }
                      },
                      "automountServiceAccountToken": null,
                      "containers": [
                        {
                          "args": null,
                          "command": null,
                          "env": null,
                          "envFrom": [
                            {
                              "configMapRef": {
                                "name": null,
                                "optional": null
                              },
                              "prefix": null,
                              "secretRef": {
                                "name": "debook-secret",
                                "optional": null
                              }
                            }
                          ],
                          "image": "junguijin/debook_boot_project:latest",
                          "imagePullPolicy": "Always",
                          "lifecycle": {
                            "postStart": {
                              "exec": {
                                "command": null
                              },
                              "httpGet": {
                                "host": null,
                                "httpHeaders": null,
                                "path": null,
                                "port": null,
                                "scheme": null
                              },
                              "sleep": {
                                "seconds": null
                              },
                              "tcpSocket": {
                                "host": null,
                                "port": null
                              }
                            },
                            "preStop": {
                              "exec": {
                                "command": null
                              },
                              "httpGet": {
                                "host": null,
                                "httpHeaders": null,
                                "path": null,
                                "port": null,
                                "scheme": null
                              },
                              "sleep": {
                                "seconds": null
                              },
                              "tcpSocket": {
                                "host": null,
                                "port": null
                              }
                            }
                          },
                          "livenessProbe": {
                            "exec": {
                              "command": null
                            },
                            "failureThreshold": null,
                            "grpc": {
                              "port": null,
                              "service": null
                            },
                            "httpGet": {
                              "host": null,
                              "httpHeaders": null,
                              "path": null,
                              "port": null,
                              "scheme": null
                            },
                            "initialDelaySeconds": null,
                            "periodSeconds": null,
                            "successThreshold": null,
                            "tcpSocket": {
                              "host": null,
                              "port": null
                            },
                            "terminationGracePeriodSeconds": null,
                            "timeoutSeconds": null
                          },
                          "name": "boot-container",
                          "ports": [
                            {
                              "containerPort": 8080,
                              "hostIP": null,
                              "hostPort": null,
                              "name": null,
                              "protocol": "TCP"
                            }
                          ],
                          "readinessProbe": {
                            "exec": {
                              "command": null
                            },
                            "failureThreshold": null,
                            "grpc": {
                              "port": null,
                              "service": null
                            },
                            "httpGet": {
                              "host": null,
                              "httpHeaders": null,
                              "path": null,
                              "port": null,
                              "scheme": null
                            },
                            "initialDelaySeconds": null,
                            "periodSeconds": null,
                            "successThreshold": null,
                            "tcpSocket": {
                              "host": null,
                              "port": null
                            },
                            "terminationGracePeriodSeconds": null,
                            "timeoutSeconds": null
                          },
                          "resizePolicy": null,
                          "resources": {
                            "claims": null,
                            "limits": null,
                            "requests": null
                          },
                          "restartPolicy": null,
                          "securityContext": {
                            "allowPrivilegeEscalation": null,
                            "appArmorProfile": {
                              "localhostProfile": null,
                              "type": null
                            },
                            "capabilities": {
                              "add": null,
                              "drop": null
                            },
                            "privileged": null,
                            "procMount": null,
                            "readOnlyRootFilesystem": null,
                            "runAsGroup": null,
                            "runAsNonRoot": null,
                            "runAsUser": null,
                            "seLinuxOptions": {
                              "level": null,
                              "role": null,
                              "type": null,
                              "user": null
                            },
                            "seccompProfile": {
                              "localhostProfile": null,
                              "type": null
                            },
                            "windowsOptions": {
                              "gmsaCredentialSpec": null,
                              "gmsaCredentialSpecName": null,
                              "hostProcess": null,
                              "runAsUserName": null
                            }
                          },
                          "startupProbe": {
                            "exec": {
                              "command": null
                            },
                            "failureThreshold": null,
                            "grpc": {
                              "port": null,
                              "service": null
                            },
                            "httpGet": {
                              "host": null,
                              "httpHeaders": null,
                              "path": null,
                              "port": null,
                              "scheme": null
                            },
                            "initialDelaySeconds": null,
                            "periodSeconds": null,
                            "successThreshold": null,
                            "tcpSocket": {
                              "host": null,
                              "port": null
                            },
                            "terminationGracePeriodSeconds": null,
                            "timeoutSeconds": null
                          },
                          "stdin": null,
                          "stdinOnce": null,
                          "terminationMessagePath": "/dev/termination-log",
                          "terminationMessagePolicy": "File",
                          "tty": null,
                          "volumeDevices": null,
                          "volumeMounts": null,
                          "workingDir": null
                        }
                      ],
                      "dnsConfig": {
                        "nameservers": null,
                        "options": null,
                        "searches": null
                      },
                      "dnsPolicy": "ClusterFirst",
                      "enableServiceLinks": null,
                      "ephemeralContainers": null,
                      "hostAliases": null,
                      "hostIPC": null,
                      "hostNetwork": null,
                      "hostPID": null,
                      "hostUsers": null,
                      "hostname": null,
                      "imagePullSecrets": null,
                      "initContainers": null,
                      "nodeName": null,
                      "nodeSelector": null,
                      "os": {
                        "name": null
                      },
                      "overhead": null,
                      "preemptionPolicy": null,
                      "priority": null,
                      "priorityClassName": null,
                      "readinessGates": null,
                      "resourceClaims": null,
                      "restartPolicy": "Always",
                      "runtimeClassName": null,
                      "schedulerName": "default-scheduler",
                      "schedulingGates": null,
                      "securityContext": {
                        "appArmorProfile": {
                          "localhostProfile": null,
                          "type": null
                        },
                        "fsGroup": null,
                        "fsGroupChangePolicy": null,
                        "runAsGroup": null,
                        "runAsNonRoot": null,
                        "runAsUser": null,
                        "seLinuxOptions": {
                          "level": null,
                          "role": null,
                          "type": null,
                          "user": null
                        },
                        "seccompProfile": {
                          "localhostProfile": null,
                          "type": null
                        },
                        "supplementalGroups": null,
                        "sysctls": null,
                        "windowsOptions": {
                          "gmsaCredentialSpec": null,
                          "gmsaCredentialSpecName": null,
                          "hostProcess": null,
                          "runAsUserName": null
                        }
                      },
                      "serviceAccount": null,
                      "serviceAccountName": null,
                      "setHostnameAsFQDN": null,
                      "shareProcessNamespace": null,
                      "subdomain": null,
                      "terminationGracePeriodSeconds": 30,
                      "tolerations": null,
                      "topologySpreadConstraints": null,
                      "volumes": null
                    }
                  }
                }
              },
              "type": [
                "object",
                {
                  "apiVersion": "string",
                  "kind": "string",
                  "metadata": [
                    "object",
                    {
                      "annotations": [
                        "map",
                        "string"
                      ],
                      "creationTimestamp": "string",
                      "deletionGracePeriodSeconds": "number",
                      "deletionTimestamp": "string",
                      "finalizers": [
                        "list",
                        "string"
                      ],
                      "generateName": "string",
                      "generation": "number",
                      "labels": [
                        "map",
                        "string"
                      ],
                      "managedFields": [
                        "tuple",
                        [
                          [
                            "object",
                            {
                              "apiVersion": "string",
                              "fieldsType": "string",
                              "fieldsV1": "dynamic",
                              "manager": "string",
                              "operation": "string",
                              "subresource": "string",
                              "time": "string"
                            }
                          ]
                        ]
                      ],
                      "name": "string",
                      "namespace": "string",
                      "ownerReferences": [
                        "list",
                        [
                          "object",
                          {
                            "apiVersion": "string",
                            "blockOwnerDeletion": "bool",
                            "controller": "bool",
                            "kind": "string",
                            "name": "string",
                            "uid": "string"
                          }
                        ]
                      ],
                      "resourceVersion": "string",
                      "selfLink": "string",
                      "uid": "string"
                    }
                  ],
                  "spec": [
                    "object",
                    {
                      "minReadySeconds": "number",
                      "paused": "bool",
                      "progressDeadlineSeconds": "number",
                      "replicas": "number",
                      "revisionHistoryLimit": "number",
                      "selector": [
                        "object",
                        {
                          "matchExpressions": [
                            "list",
                            [
                              "object",
                              {
                                "key": "string",
                                "operator": "string",
                                "values": [
                                  "list",
                                  "string"
                                ]
                              }
                            ]
                          ],
                          "matchLabels": [
                            "map",
                            "string"
                          ]
                        }
                      ],
                      "strategy": [
                        "object",
                        {
                          "rollingUpdate": [
                            "object",
                            {
                              "maxSurge": "string",
                              "maxUnavailable": "string"
                            }
                          ],
                          "type": "string"
                        }
                      ],
                      "template": [
                        "object",
                        {
                          "metadata": [
                            "object",
                            {
                              "annotations": [
                                "map",
                                "string"
                              ],
                              "creationTimestamp": "string",
                              "deletionGracePeriodSeconds": "number",
                              "deletionTimestamp": "string",
                              "finalizers": [
                                "list",
                                "string"
                              ],
                              "generateName": "string",
                              "generation": "number",
                              "labels": [
                                "map",
                                "string"
                              ],
                              "managedFields": [
                                "tuple",
                                [
                                  [
                                    "object",
                                    {
                                      "apiVersion": "string",
                                      "fieldsType": "string",
                                      "fieldsV1": "dynamic",
                                      "manager": "string",
                                      "operation": "string",
                                      "subresource": "string",
                                      "time": "string"
                                    }
                                  ]
                                ]
                              ],
                              "name": "string",
                              "namespace": "string",
                              "ownerReferences": [
                                "list",
                                [
                                  "object",
                                  {
                                    "apiVersion": "string",
                                    "blockOwnerDeletion": "bool",
                                    "controller": "bool",
                                    "kind": "string",
                                    "name": "string",
                                    "uid": "string"
                                  }
                                ]
                              ],
                              "resourceVersion": "string",
                              "selfLink": "string",
                              "uid": "string"
                            }
                          ],
                          "spec": [
                            "object",
                            {
                              "activeDeadlineSeconds": "number",
                              "affinity": [
                                "object",
                                {
                                  "nodeAffinity": [
                                    "object",
                                    {
                                      "preferredDuringSchedulingIgnoredDuringExecution": [
                                        "list",
                                        [
                                          "object",
                                          {
                                            "preference": [
                                              "object",
                                              {
                                                "matchExpressions": [
                                                  "list",
                                                  [
                                                    "object",
                                                    {
                                                      "key": "string",
                                                      "operator": "string",
                                                      "values": [
                                                        "list",
                                                        "string"
                                                      ]
                                                    }
                                                  ]
                                                ],
                                                "matchFields": [
                                                  "list",
                                                  [
                                                    "object",
                                                    {
                                                      "key": "string",
                                                      "operator": "string",
                                                      "values": [
                                                        "list",
                                                        "string"
                                                      ]
                                                    }
                                                  ]
                                                ]
                                              }
                                            ],
                                            "weight": "number"
                                          }
                                        ]
                                      ],
                                      "requiredDuringSchedulingIgnoredDuringExecution": [
                                        "object",
                                        {
                                          "nodeSelectorTerms": [
                                            "list",
                                            [
                                              "object",
                                              {
                                                "matchExpressions": [
                                                  "list",
                                                  [
                                                    "object",
                                                    {
                                                      "key": "string",
                                                      "operator": "string",
                                                      "values": [
                                                        "list",
                                                        "string"
                                                      ]
                                                    }
                                                  ]
                                                ],
                                                "matchFields": [
                                                  "list",
                                                  [
                                                    "object",
                                                    {
                                                      "key": "string",
                                                      "operator": "string",
                                                      "values": [
                                                        "list",
                                                        "string"
                                                      ]
                                                    }
                                                  ]
                                                ]
                                              }
                                            ]
                                          ]
                                        }
                                      ]
                                    }
                                  ],
                                  "podAffinity": [
                                    "object",
                                    {
                                      "preferredDuringSchedulingIgnoredDuringExecution": [
                                        "list",
                                        [
                                          "object",
                                          {
                                            "podAffinityTerm": [
                                              "object",
                                              {
                                                "labelSelector": [
                                                  "object",
                                                  {
                                                    "matchExpressions": [
                                                      "list",
                                                      [
                                                        "object",
                                                        {
                                                          "key": "string",
                                                          "operator": "string",
                                                          "values": [
                                                            "list",
                                                            "string"
                                                          ]
                                                        }
                                                      ]
                                                    ],
                                                    "matchLabels": [
                                                      "map",
                                                      "string"
                                                    ]
                                                  }
                                                ],
                                                "matchLabelKeys": [
                                                  "list",
                                                  "string"
                                                ],
                                                "mismatchLabelKeys": [
                                                  "list",
                                                  "string"
                                                ],
                                                "namespaceSelector": [
                                                  "object",
                                                  {
                                                    "matchExpressions": [
                                                      "list",
                                                      [
                                                        "object",
                                                        {
                                                          "key": "string",
                                                          "operator": "string",
                                                          "values": [
                                                            "list",
                                                            "string"
                                                          ]
                                                        }
                                                      ]
                                                    ],
                                                    "matchLabels": [
                                                      "map",
                                                      "string"
                                                    ]
                                                  }
                                                ],
                                                "namespaces": [
                                                  "list",
                                                  "string"
                                                ],
                                                "topologyKey": "string"
                                              }
                                            ],
                                            "weight": "number"
                                          }
                                        ]
                                      ],
                                      "requiredDuringSchedulingIgnoredDuringExecution": [
                                        "list",
                                        [
                                          "object",
                                          {
                                            "labelSelector": [
                                              "object",
                                              {
                                                "matchExpressions": [
                                                  "list",
                                                  [
                                                    "object",
                                                    {
                                                      "key": "string",
                                                      "operator": "string",
                                                      "values": [
                                                        "list",
                                                        "string"
                                                      ]
                                                    }
                                                  ]
                                                ],
                                                "matchLabels": [
                                                  "map",
                                                  "string"
                                                ]
                                              }
                                            ],
                                            "matchLabelKeys": [
                                              "list",
                                              "string"
                                            ],
                                            "mismatchLabelKeys": [
                                              "list",
                                              "string"
                                            ],
                                            "namespaceSelector": [
                                              "object",
                                              {
                                                "matchExpressions": [
                                                  "list",
                                                  [
                                                    "object",
                                                    {
                                                      "key": "string",
                                                      "operator": "string",
                                                      "values": [
                                                        "list",
                                                        "string"
                                                      ]
                                                    }
                                                  ]
                                                ],
                                                "matchLabels": [
                                                  "map",
                                                  "string"
                                                ]
                                              }
                                            ],
                                            "namespaces": [
                                              "list",
                                              "string"
                                            ],
                                            "topologyKey": "string"
                                          }
                                        ]
                                      ]
                                    }
                                  ],
                                  "podAntiAffinity": [
                                    "object",
                                    {
                                      "preferredDuringSchedulingIgnoredDuringExecution": [
                                        "list",
                                        [
                                          "object",
                                          {
                                            "podAffinityTerm": [
                                              "object",
                                              {
                                                "labelSelector": [
                                                  "object",
                                                  {
                                                    "matchExpressions": [
                                                      "list",
                                                      [
                                                        "object",
                                                        {
                                                          "key": "string",
                                                          "operator": "string",
                                                          "values": [
                                                            "list",
                                                            "string"
                                                          ]
                                                        }
                                                      ]
                                                    ],
                                                    "matchLabels": [
                                                      "map",
                                                      "string"
                                                    ]
                                                  }
                                                ],
                                                "matchLabelKeys": [
                                                  "list",
                                                  "string"
                                                ],
                                                "mismatchLabelKeys": [
                                                  "list",
                                                  "string"
                                                ],
                                                "namespaceSelector": [
                                                  "object",
                                                  {
                                                    "matchExpressions": [
                                                      "list",
                                                      [
                                                        "object",
                                                        {
                                                          "key": "string",
                                                          "operator": "string",
                                                          "values": [
                                                            "list",
                                                            "string"
                                                          ]
                                                        }
                                                      ]
                                                    ],
                                                    "matchLabels": [
                                                      "map",
                                                      "string"
                                                    ]
                                                  }
                                                ],
                                                "namespaces": [
                                                  "list",
                                                  "string"
                                                ],
                                                "topologyKey": "string"
                                              }
                                            ],
                                            "weight": "number"
                                          }
                                        ]
                                      ],
                                      "requiredDuringSchedulingIgnoredDuringExecution": [
                                        "list",
                                        [
                                          "object",
                                          {
                                            "labelSelector": [
                                              "object",
                                              {
                                                "matchExpressions": [
                                                  "list",
                                                  [
                                                    "object",
                                                    {
                                                      "key": "string",
                                                      "operator": "string",
                                                      "values": [
                                                        "list",
                                                        "string"
                                                      ]
                                                    }
                                                  ]
                                                ],
                                                "matchLabels": [
                                                  "map",
                                                  "string"
                                                ]
                                              }
                                            ],
                                            "matchLabelKeys": [
                                              "list",
                                              "string"
                                            ],
                                            "mismatchLabelKeys": [
                                              "list",
                                              "string"
                                            ],
                                            "namespaceSelector": [
                                              "object",
                                              {
                                                "matchExpressions": [
                                                  "list",
                                                  [
                                                    "object",
                                                    {
                                                      "key": "string",
                                                      "operator": "string",
                                                      "values": [
                                                        "list",
                                                        "string"
                                                      ]
                                                    }
                                                  ]
                                                ],
                                                "matchLabels": [
                                                  "map",
                                                  "string"
                                                ]
                                              }
                                            ],
                                            "namespaces": [
                                              "list",
                                              "string"
                                            ],
                                            "topologyKey": "string"
                                          }
                                        ]
                                      ]
                                    }
                                  ]
                                }
                              ],
                              "automountServiceAccountToken": "bool",
                              "containers": [
                                "list",
                                [
                                  "object",
                                  {
                                    "args": [
                                      "list",
                                      "string"
                                    ],
                                    "command": [
                                      "list",
                                      "string"
                                    ],
                                    "env": [
                                      "list",
                                      [
                                        "object",
                                        {
                                          "name": "string",
                                          "value": "string",
                                          "valueFrom": [
                                            "object",
                                            {
                                              "configMapKeyRef": [
                                                "object",
                                                {
                                                  "key": "string",
                                                  "name": "string",
                                                  "optional": "bool"
                                                }
                                              ],
                                              "fieldRef": [
                                                "object",
                                                {
                                                  "apiVersion": "string",
                                                  "fieldPath": "string"
                                                }
                                              ],
                                              "resourceFieldRef": [
                                                "object",
                                                {
                                                  "containerName": "string",
                                                  "divisor": "string",
                                                  "resource": "string"
                                                }
                                              ],
                                              "secretKeyRef": [
                                                "object",
                                                {
                                                  "key": "string",
                                                  "name": "string",
                                                  "optional": "bool"
                                                }
                                              ]
                                            }
                                          ]
                                        }
                                      ]
                                    ],
                                    "envFrom": [
                                      "list",
                                      [
                                        "object",
                                        {
                                          "configMapRef": [
                                            "object",
                                            {
                                              "name": "string",
                                              "optional": "bool"
                                            }
                                          ],
                                          "prefix": "string",
                                          "secretRef": [
                                            "object",
                                            {
                                              "name": "string",
                                              "optional": "bool"
                                            }
                                          ]
                                        }
                                      ]
                                    ],
                                    "image": "string",
                                    "imagePullPolicy": "string",
                                    "lifecycle": [
                                      "object",
                                      {
                                        "postStart": [
                                          "object",
                                          {
                                            "exec": [
                                              "object",
                                              {
                                                "command": [
                                                  "list",
                                                  "string"
                                                ]
                                              }
                                            ],
                                            "httpGet": [
                                              "object",
                                              {
                                                "host": "string",
                                                "httpHeaders": [
                                                  "list",
                                                  [
                                                    "object",
                                                    {
                                                      "name": "string",
                                                      "value": "string"
                                                    }
                                                  ]
                                                ],
                                                "path": "string",
                                                "port": "string",
                                                "scheme": "string"
                                              }
                                            ],
                                            "sleep": [
                                              "object",
                                              {
                                                "seconds": "number"
                                              }
                                            ],
                                            "tcpSocket": [
                                              "object",
                                              {
                                                "host": "string",
                                                "port": "string"
                                              }
                                            ]
                                          }
                                        ],
                                        "preStop": [
                                          "object",
                                          {
                                            "exec": [
                                              "object",
                                              {
                                                "command": [
                                                  "list",
                                                  "string"
                                                ]
                                              }
                                            ],
                                            "httpGet": [
                                              "object",
                                              {
                                                "host": "string",
                                                "httpHeaders": [
                                                  "list",
                                                  [
                                                    "object",
                                                    {
                                                      "name": "string",
                                                      "value": "string"
                                                    }
                                                  ]
                                                ],
                                                "path": "string",
                                                "port": "string",
                                                "scheme": "string"
                                              }
                                            ],
                                            "sleep": [
                                              "object",
                                              {
                                                "seconds": "number"
                                              }
                                            ],
                                            "tcpSocket": [
                                              "object",
                                              {
                                                "host": "string",
                                                "port": "string"
                                              }
                                            ]
                                          }
                                        ]
                                      }
                                    ],
                                    "livenessProbe": [
                                      "object",
                                      {
                                        "exec": [
                                          "object",
                                          {
                                            "command": [
                                              "list",
                                              "string"
                                            ]
                                          }
                                        ],
                                        "failureThreshold": "number",
                                        "grpc": [
                                          "object",
                                          {
                                            "port": "number",
                                            "service": "string"
                                          }
                                        ],
                                        "httpGet": [
                                          "object",
                                          {
                                            "host": "string",
                                            "httpHeaders": [
                                              "list",
                                              [
                                                "object",
                                                {
                                                  "name": "string",
                                                  "value": "string"
                                                }
                                              ]
                                            ],
                                            "path": "string",
                                            "port": "string",
                                            "scheme": "string"
                                          }
                                        ],
                                        "initialDelaySeconds": "number",
                                        "periodSeconds": "number",
                                        "successThreshold": "number",
                                        "tcpSocket": [
                                          "object",
                                          {
                                            "host": "string",
                                            "port": "string"
                                          }
                                        ],
                                        "terminationGracePeriodSeconds": "number",
                                        "timeoutSeconds": "number"
                                      }
                                    ],
                                    "name": "string",
                                    "ports": [
                                      "list",
                                      [
                                        "object",
                                        {
                                          "containerPort": "number",
                                          "hostIP": "string",
                                          "hostPort": "number",
                                          "name": "string",
                                          "protocol": "string"
                                        }
                                      ]
                                    ],
                                    "readinessProbe": [
                                      "object",
                                      {
                                        "exec": [
                                          "object",
                                          {
                                            "command": [
                                              "list",
                                              "string"
                                            ]
                                          }
                                        ],
                                        "failureThreshold": "number",
                                        "grpc": [
                                          "object",
                                          {
                                            "port": "number",
                                            "service": "string"
                                          }
                                        ],
                                        "httpGet": [
                                          "object",
                                          {
                                            "host": "string",
                                            "httpHeaders": [
                                              "list",
                                              [
                                                "object",
                                                {
                                                  "name": "string",
                                                  "value": "string"
                                                }
                                              ]
                                            ],
                                            "path": "string",
                                            "port": "string",
                                            "scheme": "string"
                                          }
                                        ],
                                        "initialDelaySeconds": "number",
                                        "periodSeconds": "number",
                                        "successThreshold": "number",
                                        "tcpSocket": [
                                          "object",
                                          {
                                            "host": "string",
                                            "port": "string"
                                          }
                                        ],
                                        "terminationGracePeriodSeconds": "number",
                                        "timeoutSeconds": "number"
                                      }
                                    ],
                                    "resizePolicy": [
                                      "list",
                                      [
                                        "object",
                                        {
                                          "resourceName": "string",
                                          "restartPolicy": "string"
                                        }
                                      ]
                                    ],
                                    "resources": [
                                      "object",
                                      {
                                        "claims": [
                                          "list",
                                          [
                                            "object",
                                            {
                                              "name": "string"
                                            }
                                          ]
                                        ],
                                        "limits": [
                                          "map",
                                          "string"
                                        ],
                                        "requests": [
                                          "map",
                                          "string"
                                        ]
                                      }
                                    ],
                                    "restartPolicy": "string",
                                    "securityContext": [
                                      "object",
                                      {
                                        "allowPrivilegeEscalation": "bool",
                                        "appArmorProfile": [
                                          "object",
                                          {
                                            "localhostProfile": "string",
                                            "type": "string"
                                          }
                                        ],
                                        "capabilities": [
                                          "object",
                                          {
                                            "add": [
                                              "list",
                                              "string"
                                            ],
                                            "drop": [
                                              "list",
                                              "string"
                                            ]
                                          }
                                        ],
                                        "privileged": "bool",
                                        "procMount": "string",
                                        "readOnlyRootFilesystem": "bool",
                                        "runAsGroup": "number",
                                        "runAsNonRoot": "bool",
                                        "runAsUser": "number",
                                        "seLinuxOptions": [
                                          "object",
                                          {
                                            "level": "string",
                                            "role": "string",
                                            "type": "string",
                                            "user": "string"
                                          }
                                        ],
                                        "seccompProfile": [
                                          "object",
                                          {
                                            "localhostProfile": "string",
                                            "type": "string"
                                          }
                                        ],
                                        "windowsOptions": [
                                          "object",
                                          {
                                            "gmsaCredentialSpec": "string",
                                            "gmsaCredentialSpecName": "string",
                                            "hostProcess": "bool",
                                            "runAsUserName": "string"
                                          }
                                        ]
                                      }
                                    ],
                                    "startupProbe": [
                                      "object",
                                      {
                                        "exec": [
                                          "object",
                                          {
                                            "command": [
                                              "list",
                                              "string"
                                            ]
                                          }
                                        ],
                                        "failureThreshold": "number",
                                        "grpc": [
                                          "object",
                                          {
                                            "port": "number",
                                            "service": "string"
                                          }
                                        ],
                                        "httpGet": [
                                          "object",
                                          {
                                            "host": "string",
                                            "httpHeaders": [
                                              "list",
                                              [
                                                "object",
                                                {
                                                  "name": "string",
                                                  "value": "string"
                                                }
                                              ]
                                            ],
                                            "path": "string",
                                            "port": "string",
                                            "scheme": "string"
                                          }
                                        ],
                                        "initialDelaySeconds": "number",
                                        "periodSeconds": "number",
                                        "successThreshold": "number",
                                        "tcpSocket": [
                                          "object",
                                          {
                                            "host": "string",
                                            "port": "string"
                                          }
                                        ],
                                        "terminationGracePeriodSeconds": "number",
                                        "timeoutSeconds": "number"
                                      }
                                    ],
                                    "stdin": "bool",
                                    "stdinOnce": "bool",
                                    "terminationMessagePath": "string",
                                    "terminationMessagePolicy": "string",
                                    "tty": "bool",
                                    "volumeDevices": [
                                      "list",
                                      [
                                        "object",
                                        {
                                          "devicePath": "string",
                                          "name": "string"
                                        }
                                      ]
                                    ],
                                    "volumeMounts": [
                                      "list",
                                      [
                                        "object",
                                        {
                                          "mountPath": "string",
                                          "mountPropagation": "string",
                                          "name": "string",
                                          "readOnly": "bool",
                                          "recursiveReadOnly": "string",
                                          "subPath": "string",
                                          "subPathExpr": "string"
                                        }
                                      ]
                                    ],
                                    "workingDir": "string"
                                  }
                                ]
                              ],
                              "dnsConfig": [
                                "object",
                                {
                                  "nameservers": [
                                    "list",
                                    "string"
                                  ],
                                  "options": [
                                    "list",
                                    [
                                      "object",
                                      {
                                        "name": "string",
                                        "value": "string"
                                      }
                                    ]
                                  ],
                                  "searches": [
                                    "list",
                                    "string"
                                  ]
                                }
                              ],
                              "dnsPolicy": "string",
                              "enableServiceLinks": "bool",
                              "ephemeralContainers": [
                                "list",
                                [
                                  "object",
                                  {
                                    "args": [
                                      "list",
                                      "string"
                                    ],
                                    "command": [
                                      "list",
                                      "string"
                                    ],
                                    "env": [
                                      "list",
                                      [
                                        "object",
                                        {
                                          "name": "string",
                                          "value": "string",
                                          "valueFrom": [
                                            "object",
                                            {
                                              "configMapKeyRef": [
                                                "object",
                                                {
                                                  "key": "string",
                                                  "name": "string",
                                                  "optional": "bool"
                                                }
                                              ],
                                              "fieldRef": [
                                                "object",
                                                {
                                                  "apiVersion": "string",
                                                  "fieldPath": "string"
                                                }
                                              ],
                                              "resourceFieldRef": [
                                                "object",
                                                {
                                                  "containerName": "string",
                                                  "divisor": "string",
                                                  "resource": "string"
                                                }
                                              ],
                                              "secretKeyRef": [
                                                "object",
                                                {
                                                  "key": "string",
                                                  "name": "string",
                                                  "optional": "bool"
                                                }
                                              ]
                                            }
                                          ]
                                        }
                                      ]
                                    ],
                                    "envFrom": [
                                      "list",
                                      [
                                        "object",
                                        {
                                          "configMapRef": [
                                            "object",
                                            {
                                              "name": "string",
                                              "optional": "bool"
                                            }
                                          ],
                                          "prefix": "string",
                                          "secretRef": [
                                            "object",
                                            {
                                              "name": "string",
                                              "optional": "bool"
                                            }
                                          ]
                                        }
                                      ]
                                    ],
                                    "image": "string",
                                    "imagePullPolicy": "string",
                                    "lifecycle": [
                                      "object",
                                      {
                                        "postStart": [
                                          "object",
                                          {
                                            "exec": [
                                              "object",
                                              {
                                                "command": [
                                                  "list",
                                                  "string"
                                                ]
                                              }
                                            ],
                                            "httpGet": [
                                              "object",
                                              {
                                                "host": "string",
                                                "httpHeaders": [
                                                  "list",
                                                  [
                                                    "object",
                                                    {
                                                      "name": "string",
                                                      "value": "string"
                                                    }
                                                  ]
                                                ],
                                                "path": "string",
                                                "port": "string",
                                                "scheme": "string"
                                              }
                                            ],
                                            "sleep": [
                                              "object",
                                              {
                                                "seconds": "number"
                                              }
                                            ],
                                            "tcpSocket": [
                                              "object",
                                              {
                                                "host": "string",
                                                "port": "string"
                                              }
                                            ]
                                          }
                                        ],
                                        "preStop": [
                                          "object",
                                          {
                                            "exec": [
                                              "object",
                                              {
                                                "command": [
                                                  "list",
                                                  "string"
                                                ]
                                              }
                                            ],
                                            "httpGet": [
                                              "object",
                                              {
                                                "host": "string",
                                                "httpHeaders": [
                                                  "list",
                                                  [
                                                    "object",
                                                    {
                                                      "name": "string",
                                                      "value": "string"
                                                    }
                                                  ]
                                                ],
                                                "path": "string",
                                                "port": "string",
                                                "scheme": "string"
                                              }
                                            ],
                                            "sleep": [
                                              "object",
                                              {
                                                "seconds": "number"
                                              }
                                            ],
                                            "tcpSocket": [
                                              "object",
                                              {
                                                "host": "string",
                                                "port": "string"
                                              }
                                            ]
                                          }
                                        ]
                                      }
                                    ],
                                    "livenessProbe": [
                                      "object",
                                      {
                                        "exec": [
                                          "object",
                                          {
                                            "command": [
                                              "list",
                                              "string"
                                            ]
                                          }
                                        ],
                                        "failureThreshold": "number",
                                        "grpc": [
                                          "object",
                                          {
                                            "port": "number",
                                            "service": "string"
                                          }
                                        ],
                                        "httpGet": [
                                          "object",
                                          {
                                            "host": "string",
                                            "httpHeaders": [
                                              "list",
                                              [
                                                "object",
                                                {
                                                  "name": "string",
                                                  "value": "string"
                                                }
                                              ]
                                            ],
                                            "path": "string",
                                            "port": "string",
                                            "scheme": "string"
                                          }
                                        ],
                                        "initialDelaySeconds": "number",
                                        "periodSeconds": "number",
                                        "successThreshold": "number",
                                        "tcpSocket": [
                                          "object",
                                          {
                                            "host": "string",
                                            "port": "string"
                                          }
                                        ],
                                        "terminationGracePeriodSeconds": "number",
                                        "timeoutSeconds": "number"
                                      }
                                    ],
                                    "name": "string",
                                    "ports": [
                                      "list",
                                      [
                                        "object",
                                        {
                                          "containerPort": "number",
                                          "hostIP": "string",
                                          "hostPort": "number",
                                          "name": "string",
                                          "protocol": "string"
                                        }
                                      ]
                                    ],
                                    "readinessProbe": [
                                      "object",
                                      {
                                        "exec": [
                                          "object",
                                          {
                                            "command": [
                                              "list",
                                              "string"
                                            ]
                                          }
                                        ],
                                        "failureThreshold": "number",
                                        "grpc": [
                                          "object",
                                          {
                                            "port": "number",
                                            "service": "string"
                                          }
                                        ],
                                        "httpGet": [
                                          "object",
                                          {
                                            "host": "string",
                                            "httpHeaders": [
                                              "list",
                                              [
                                                "object",
                                                {
                                                  "name": "string",
                                                  "value": "string"
                                                }
                                              ]
                                            ],
                                            "path": "string",
                                            "port": "string",
                                            "scheme": "string"
                                          }
                                        ],
                                        "initialDelaySeconds": "number",
                                        "periodSeconds": "number",
                                        "successThreshold": "number",
                                        "tcpSocket": [
                                          "object",
                                          {
                                            "host": "string",
                                            "port": "string"
                                          }
                                        ],
                                        "terminationGracePeriodSeconds": "number",
                                        "timeoutSeconds": "number"
                                      }
                                    ],
                                    "resizePolicy": [
                                      "list",
                                      [
                                        "object",
                                        {
                                          "resourceName": "string",
                                          "restartPolicy": "string"
                                        }
                                      ]
                                    ],
                                    "resources": [
                                      "object",
                                      {
                                        "claims": [
                                          "list",
                                          [
                                            "object",
                                            {
                                              "name": "string"
                                            }
                                          ]
                                        ],
                                        "limits": [
                                          "map",
                                          "string"
                                        ],
                                        "requests": [
                                          "map",
                                          "string"
                                        ]
                                      }
                                    ],
                                    "restartPolicy": "string",
                                    "securityContext": [
                                      "object",
                                      {
                                        "allowPrivilegeEscalation": "bool",
                                        "appArmorProfile": [
                                          "object",
                                          {
                                            "localhostProfile": "string",
                                            "type": "string"
                                          }
                                        ],
                                        "capabilities": [
                                          "object",
                                          {
                                            "add": [
                                              "list",
                                              "string"
                                            ],
                                            "drop": [
                                              "list",
                                              "string"
                                            ]
                                          }
                                        ],
                                        "privileged": "bool",
                                        "procMount": "string",
                                        "readOnlyRootFilesystem": "bool",
                                        "runAsGroup": "number",
                                        "runAsNonRoot": "bool",
                                        "runAsUser": "number",
                                        "seLinuxOptions": [
                                          "object",
                                          {
                                            "level": "string",
                                            "role": "string",
                                            "type": "string",
                                            "user": "string"
                                          }
                                        ],
                                        "seccompProfile": [
                                          "object",
                                          {
                                            "localhostProfile": "string",
                                            "type": "string"
                                          }
                                        ],
                                        "windowsOptions": [
                                          "object",
                                          {
                                            "gmsaCredentialSpec": "string",
                                            "gmsaCredentialSpecName": "string",
                                            "hostProcess": "bool",
                                            "runAsUserName": "string"
                                          }
                                        ]
                                      }
                                    ],
                                    "startupProbe": [
                                      "object",
                                      {
                                        "exec": [
                                          "object",
                                          {
                                            "command": [
                                              "list",
                                              "string"
                                            ]
                                          }
                                        ],
                                        "failureThreshold": "number",
                                        "grpc": [
                                          "object",
                                          {
                                            "port": "number",
                                            "service": "string"
                                          }
                                        ],
                                        "httpGet": [
                                          "object",
                                          {
                                            "host": "string",
                                            "httpHeaders": [
                                              "list",
                                              [
                                                "object",
                                                {
                                                  "name": "string",
                                                  "value": "string"
                                                }
                                              ]
                                            ],
                                            "path": "string",
                                            "port": "string",
                                            "scheme": "string"
                                          }
                                        ],
                                        "initialDelaySeconds": "number",
                                        "periodSeconds": "number",
                                        "successThreshold": "number",
                                        "tcpSocket": [
                                          "object",
                                          {
                                            "host": "string",
                                            "port": "string"
                                          }
                                        ],
                                        "terminationGracePeriodSeconds": "number",
                                        "timeoutSeconds": "number"
                                      }
                                    ],
                                    "stdin": "bool",
                                    "stdinOnce": "bool",
                                    "targetContainerName": "string",
                                    "terminationMessagePath": "string",
                                    "terminationMessagePolicy": "string",
                                    "tty": "bool",
                                    "volumeDevices": [
                                      "list",
                                      [
                                        "object",
                                        {
                                          "devicePath": "string",
                                          "name": "string"
                                        }
                                      ]
                                    ],
                                    "volumeMounts": [
                                      "list",
                                      [
                                        "object",
                                        {
                                          "mountPath": "string",
                                          "mountPropagation": "string",
                                          "name": "string",
                                          "readOnly": "bool",
                                          "recursiveReadOnly": "string",
                                          "subPath": "string",
                                          "subPathExpr": "string"
                                        }
                                      ]
                                    ],
                                    "workingDir": "string"
                                  }
                                ]
                              ],
                              "hostAliases": [
                                "list",
                                [
                                  "object",
                                  {
                                    "hostnames": [
                                      "list",
                                      "string"
                                    ],
                                    "ip": "string"
                                  }
                                ]
                              ],
                              "hostIPC": "bool",
                              "hostNetwork": "bool",
                              "hostPID": "bool",
                              "hostUsers": "bool",
                              "hostname": "string",
                              "imagePullSecrets": [
                                "list",
                                [
                                  "object",
                                  {
                                    "name": "string"
                                  }
                                ]
                              ],
                              "initContainers": [
                                "list",
                                [
                                  "object",
                                  {
                                    "args": [
                                      "list",
                                      "string"
                                    ],
                                    "command": [
                                      "list",
                                      "string"
                                    ],
                                    "env": [
                                      "list",
                                      [
                                        "object",
                                        {
                                          "name": "string",
                                          "value": "string",
                                          "valueFrom": [
                                            "object",
                                            {
                                              "configMapKeyRef": [
                                                "object",
                                                {
                                                  "key": "string",
                                                  "name": "string",
                                                  "optional": "bool"
                                                }
                                              ],
                                              "fieldRef": [
                                                "object",
                                                {
                                                  "apiVersion": "string",
                                                  "fieldPath": "string"
                                                }
                                              ],
                                              "resourceFieldRef": [
                                                "object",
                                                {
                                                  "containerName": "string",
                                                  "divisor": "string",
                                                  "resource": "string"
                                                }
                                              ],
                                              "secretKeyRef": [
                                                "object",
                                                {
                                                  "key": "string",
                                                  "name": "string",
                                                  "optional": "bool"
                                                }
                                              ]
                                            }
                                          ]
                                        }
                                      ]
                                    ],
                                    "envFrom": [
                                      "list",
                                      [
                                        "object",
                                        {
                                          "configMapRef": [
                                            "object",
                                            {
                                              "name": "string",
                                              "optional": "bool"
                                            }
                                          ],
                                          "prefix": "string",
                                          "secretRef": [
                                            "object",
                                            {
                                              "name": "string",
                                              "optional": "bool"
                                            }
                                          ]
                                        }
                                      ]
                                    ],
                                    "image": "string",
                                    "imagePullPolicy": "string",
                                    "lifecycle": [
                                      "object",
                                      {
                                        "postStart": [
                                          "object",
                                          {
                                            "exec": [
                                              "object",
                                              {
                                                "command": [
                                                  "list",
                                                  "string"
                                                ]
                                              }
                                            ],
                                            "httpGet": [
                                              "object",
                                              {
                                                "host": "string",
                                                "httpHeaders": [
                                                  "list",
                                                  [
                                                    "object",
                                                    {
                                                      "name": "string",
                                                      "value": "string"
                                                    }
                                                  ]
                                                ],
                                                "path": "string",
                                                "port": "string",
                                                "scheme": "string"
                                              }
                                            ],
                                            "sleep": [
                                              "object",
                                              {
                                                "seconds": "number"
                                              }
                                            ],
                                            "tcpSocket": [
                                              "object",
                                              {
                                                "host": "string",
                                                "port": "string"
                                              }
                                            ]
                                          }
                                        ],
                                        "preStop": [
                                          "object",
                                          {
                                            "exec": [
                                              "object",
                                              {
                                                "command": [
                                                  "list",
                                                  "string"
                                                ]
                                              }
                                            ],
                                            "httpGet": [
                                              "object",
                                              {
                                                "host": "string",
                                                "httpHeaders": [
                                                  "list",
                                                  [
                                                    "object",
                                                    {
                                                      "name": "string",
                                                      "value": "string"
                                                    }
                                                  ]
                                                ],
                                                "path": "string",
                                                "port": "string",
                                                "scheme": "string"
                                              }
                                            ],
                                            "sleep": [
                                              "object",
                                              {
                                                "seconds": "number"
                                              }
                                            ],
                                            "tcpSocket": [
                                              "object",
                                              {
                                                "host": "string",
                                                "port": "string"
                                              }
                                            ]
                                          }
                                        ]
                                      }
                                    ],
                                    "livenessProbe": [
                                      "object",
                                      {
                                        "exec": [
                                          "object",
                                          {
                                            "command": [
                                              "list",
                                              "string"
                                            ]
                                          }
                                        ],
                                        "failureThreshold": "number",
                                        "grpc": [
                                          "object",
                                          {
                                            "port": "number",
                                            "service": "string"
                                          }
                                        ],
                                        "httpGet": [
                                          "object",
                                          {
                                            "host": "string",
                                            "httpHeaders": [
                                              "list",
                                              [
                                                "object",
                                                {
                                                  "name": "string",
                                                  "value": "string"
                                                }
                                              ]
                                            ],
                                            "path": "string",
                                            "port": "string",
                                            "scheme": "string"
                                          }
                                        ],
                                        "initialDelaySeconds": "number",
                                        "periodSeconds": "number",
                                        "successThreshold": "number",
                                        "tcpSocket": [
                                          "object",
                                          {
                                            "host": "string",
                                            "port": "string"
                                          }
                                        ],
                                        "terminationGracePeriodSeconds": "number",
                                        "timeoutSeconds": "number"
                                      }
                                    ],
                                    "name": "string",
                                    "ports": [
                                      "list",
                                      [
                                        "object",
                                        {
                                          "containerPort": "number",
                                          "hostIP": "string",
                                          "hostPort": "number",
                                          "name": "string",
                                          "protocol": "string"
                                        }
                                      ]
                                    ],
                                    "readinessProbe": [
                                      "object",
                                      {
                                        "exec": [
                                          "object",
                                          {
                                            "command": [
                                              "list",
                                              "string"
                                            ]
                                          }
                                        ],
                                        "failureThreshold": "number",
                                        "grpc": [
                                          "object",
                                          {
                                            "port": "number",
                                            "service": "string"
                                          }
                                        ],
                                        "httpGet": [
                                          "object",
                                          {
                                            "host": "string",
                                            "httpHeaders": [
                                              "list",
                                              [
                                                "object",
                                                {
                                                  "name": "string",
                                                  "value": "string"
                                                }
                                              ]
                                            ],
                                            "path": "string",
                                            "port": "string",
                                            "scheme": "string"
                                          }
                                        ],
                                        "initialDelaySeconds": "number",
                                        "periodSeconds": "number",
                                        "successThreshold": "number",
                                        "tcpSocket": [
                                          "object",
                                          {
                                            "host": "string",
                                            "port": "string"
                                          }
                                        ],
                                        "terminationGracePeriodSeconds": "number",
                                        "timeoutSeconds": "number"
                                      }
                                    ],
                                    "resizePolicy": [
                                      "list",
                                      [
                                        "object",
                                        {
                                          "resourceName": "string",
                                          "restartPolicy": "string"
                                        }
                                      ]
                                    ],
                                    "resources": [
                                      "object",
                                      {
                                        "claims": [
                                          "list",
                                          [
                                            "object",
                                            {
                                              "name": "string"
                                            }
                                          ]
                                        ],
                                        "limits": [
                                          "map",
                                          "string"
                                        ],
                                        "requests": [
                                          "map",
                                          "string"
                                        ]
                                      }
                                    ],
                                    "restartPolicy": "string",
                                    "securityContext": [
                                      "object",
                                      {
                                        "allowPrivilegeEscalation": "bool",
                                        "appArmorProfile": [
                                          "object",
                                          {
                                            "localhostProfile": "string",
                                            "type": "string"
                                          }
                                        ],
                                        "capabilities": [
                                          "object",
                                          {
                                            "add": [
                                              "list",
                                              "string"
                                            ],
                                            "drop": [
                                              "list",
                                              "string"
                                            ]
                                          }
                                        ],
                                        "privileged": "bool",
                                        "procMount": "string",
                                        "readOnlyRootFilesystem": "bool",
                                        "runAsGroup": "number",
                                        "runAsNonRoot": "bool",
                                        "runAsUser": "number",
                                        "seLinuxOptions": [
                                          "object",
                                          {
                                            "level": "string",
                                            "role": "string",
                                            "type": "string",
                                            "user": "string"
                                          }
                                        ],
                                        "seccompProfile": [
                                          "object",
                                          {
                                            "localhostProfile": "string",
                                            "type": "string"
                                          }
                                        ],
                                        "windowsOptions": [
                                          "object",
                                          {
                                            "gmsaCredentialSpec": "string",
                                            "gmsaCredentialSpecName": "string",
                                            "hostProcess": "bool",
                                            "runAsUserName": "string"
                                          }
                                        ]
                                      }
                                    ],
                                    "startupProbe": [
                                      "object",
                                      {
                                        "exec": [
                                          "object",
                                          {
                                            "command": [
                                              "list",
                                              "string"
                                            ]
                                          }
                                        ],
                                        "failureThreshold": "number",
                                        "grpc": [
                                          "object",
                                          {
                                            "port": "number",
                                            "service": "string"
                                          }
                                        ],
                                        "httpGet": [
                                          "object",
                                          {
                                            "host": "string",
                                            "httpHeaders": [
                                              "list",
                                              [
                                                "object",
                                                {
                                                  "name": "string",
                                                  "value": "string"
                                                }
                                              ]
                                            ],
                                            "path": "string",
                                            "port": "string",
                                            "scheme": "string"
                                          }
                                        ],
                                        "initialDelaySeconds": "number",
                                        "periodSeconds": "number",
                                        "successThreshold": "number",
                                        "tcpSocket": [
                                          "object",
                                          {
                                            "host": "string",
                                            "port": "string"
                                          }
                                        ],
                                        "terminationGracePeriodSeconds": "number",
                                        "timeoutSeconds": "number"
                                      }
                                    ],
                                    "stdin": "bool",
                                    "stdinOnce": "bool",
                                    "terminationMessagePath": "string",
                                    "terminationMessagePolicy": "string",
                                    "tty": "bool",
                                    "volumeDevices": [
                                      "list",
                                      [
                                        "object",
                                        {
                                          "devicePath": "string",
                                          "name": "string"
                                        }
                                      ]
                                    ],
                                    "volumeMounts": [
                                      "list",
                                      [
                                        "object",
                                        {
                                          "mountPath": "string",
                                          "mountPropagation": "string",
                                          "name": "string",
                                          "readOnly": "bool",
                                          "recursiveReadOnly": "string",
                                          "subPath": "string",
                                          "subPathExpr": "string"
                                        }
                                      ]
                                    ],
                                    "workingDir": "string"
                                  }
                                ]
                              ],
                              "nodeName": "string",
                              "nodeSelector": [
                                "map",
                                "string"
                              ],
                              "os": [
                                "object",
                                {
                                  "name": "string"
                                }
                              ],
                              "overhead": [
                                "map",
                                "string"
                              ],
                              "preemptionPolicy": "string",
                              "priority": "number",
                              "priorityClassName": "string",
                              "readinessGates": [
                                "list",
                                [
                                  "object",
                                  {
                                    "conditionType": "string"
                                  }
                                ]
                              ],
                              "resourceClaims": [
                                "list",
                                [
                                  "object",
                                  {
                                    "name": "string",
                                    "source": [
                                      "object",
                                      {
                                        "resourceClaimName": "string",
                                        "resourceClaimTemplateName": "string"
                                      }
                                    ]
                                  }
                                ]
                              ],
                              "restartPolicy": "string",
                              "runtimeClassName": "string",
                              "schedulerName": "string",
                              "schedulingGates": [
                                "list",
                                [
                                  "object",
                                  {
                                    "name": "string"
                                  }
                                ]
                              ],
                              "securityContext": [
                                "object",
                                {
                                  "appArmorProfile": [
                                    "object",
                                    {
                                      "localhostProfile": "string",
                                      "type": "string"
                                    }
                                  ],
                                  "fsGroup": "number",
                                  "fsGroupChangePolicy": "string",
                                  "runAsGroup": "number",
                                  "runAsNonRoot": "bool",
                                  "runAsUser": "number",
                                  "seLinuxOptions": [
                                    "object",
                                    {
                                      "level": "string",
                                      "role": "string",
                                      "type": "string",
                                      "user": "string"
                                    }
                                  ],
                                  "seccompProfile": [
                                    "object",
                                    {
                                      "localhostProfile": "string",
                                      "type": "string"
                                    }
                                  ],
                                  "supplementalGroups": [
                                    "list",
                                    "number"
                                  ],
                                  "sysctls": [
                                    "list",
                                    [
                                      "object",
                                      {
                                        "name": "string",
                                        "value": "string"
                                      }
                                    ]
                                  ],
                                  "windowsOptions": [
                                    "object",
                                    {
                                      "gmsaCredentialSpec": "string",
                                      "gmsaCredentialSpecName": "string",
                                      "hostProcess": "bool",
                                      "runAsUserName": "string"
                                    }
                                  ]
                                }
                              ],
                              "serviceAccount": "string",
                              "serviceAccountName": "string",
                              "setHostnameAsFQDN": "bool",
                              "shareProcessNamespace": "bool",
                              "subdomain": "string",
                              "terminationGracePeriodSeconds": "number",
                              "tolerations": [
                                "list",
                                [
                                  "object",
                                  {
                                    "effect": "string",
                                    "key": "string",
                                    "operator": "string",
                                    "tolerationSeconds": "number",
                                    "value": "string"
                                  }
                                ]
                              ],
                              "topologySpreadConstraints": [
                                "list",
                                [
                                  "object",
                                  {
                                    "labelSelector": [
                                      "object",
                                      {
                                        "matchExpressions": [
                                          "list",
                                          [
                                            "object",
                                            {
                                              "key": "string",
                                              "operator": "string",
                                              "values": [
                                                "list",
                                                "string"
                                              ]
                                            }
                                          ]
                                        ],
                                        "matchLabels": [
                                          "map",
                                          "string"
                                        ]
                                      }
                                    ],
                                    "matchLabelKeys": [
                                      "list",
                                      "string"
                                    ],
                                    "maxSkew": "number",
                                    "minDomains": "number",
                                    "nodeAffinityPolicy": "string",
                                    "nodeTaintsPolicy": "string",
                                    "topologyKey": "string",
                                    "whenUnsatisfiable": "string"
                                  }
                                ]
                              ],
                              "volumes": [
                                "tuple",
                                [
                                  [
                                    "object",
                                    {
                                      "awsElasticBlockStore": [
                                        "object",
                                        {
                                          "fsType": "string",
                                          "partition": "number",
                                          "readOnly": "bool",
                                          "volumeID": "string"
                                        }
                                      ],
                                      "azureDisk": [
                                        "object",
                                        {
                                          "cachingMode": "string",
                                          "diskName": "string",
                                          "diskURI": "string",
                                          "fsType": "string",
                                          "kind": "string",
                                          "readOnly": "bool"
                                        }
                                      ],
                                      "azureFile": [
                                        "object",
                                        {
                                          "readOnly": "bool",
                                          "secretName": "string",
                                          "shareName": "string"
                                        }
                                      ],
                                      "cephfs": [
                                        "object",
                                        {
                                          "monitors": [
                                            "list",
                                            "string"
                                          ],
                                          "path": "string",
                                          "readOnly": "bool",
                                          "secretFile": "string",
                                          "secretRef": [
                                            "object",
                                            {
                                              "name": "string"
                                            }
                                          ],
                                          "user": "string"
                                        }
                                      ],
                                      "cinder": [
                                        "object",
                                        {
                                          "fsType": "string",
                                          "readOnly": "bool",
                                          "secretRef": [
                                            "object",
                                            {
                                              "name": "string"
                                            }
                                          ],
                                          "volumeID": "string"
                                        }
                                      ],
                                      "configMap": [
                                        "object",
                                        {
                                          "defaultMode": "number",
                                          "items": [
                                            "list",
                                            [
                                              "object",
                                              {
                                                "key": "string",
                                                "mode": "number",
                                                "path": "string"
                                              }
                                            ]
                                          ],
                                          "name": "string",
                                          "optional": "bool"
                                        }
                                      ],
                                      "csi": [
                                        "object",
                                        {
                                          "driver": "string",
                                          "fsType": "string",
                                          "nodePublishSecretRef": [
                                            "object",
                                            {
                                              "name": "string"
                                            }
                                          ],
                                          "readOnly": "bool",
                                          "volumeAttributes": [
                                            "map",
                                            "string"
                                          ]
                                        }
                                      ],
                                      "downwardAPI": [
                                        "object",
                                        {
                                          "defaultMode": "number",
                                          "items": [
                                            "list",
                                            [
                                              "object",
                                              {
                                                "fieldRef": [
                                                  "object",
                                                  {
                                                    "apiVersion": "string",
                                                    "fieldPath": "string"
                                                  }
                                                ],
                                                "mode": "number",
                                                "path": "string",
                                                "resourceFieldRef": [
                                                  "object",
                                                  {
                                                    "containerName": "string",
                                                    "divisor": "string",
                                                    "resource": "string"
                                                  }
                                                ]
                                              }
                                            ]
                                          ]
                                        }
                                      ],
                                      "emptyDir": [
                                        "object",
                                        {
                                          "medium": "string",
                                          "sizeLimit": "string"
                                        }
                                      ],
                                      "ephemeral": [
                                        "object",
                                        {
                                          "volumeClaimTemplate": [
                                            "object",
                                            {
                                              "metadata": [
                                                "object",
                                                {
                                                  "annotations": [
                                                    "map",
                                                    "string"
                                                  ],
                                                  "creationTimestamp": "string",
                                                  "deletionGracePeriodSeconds": "number",
                                                  "deletionTimestamp": "string",
                                                  "finalizers": [
                                                    "list",
                                                    "string"
                                                  ],
                                                  "generateName": "string",
                                                  "generation": "number",
                                                  "labels": [
                                                    "map",
                                                    "string"
                                                  ],
                                                  "managedFields": [
                                                    "tuple",
                                                    [
                                                      [
                                                        "object",
                                                        {
                                                          "apiVersion": "string",
                                                          "fieldsType": "string",
                                                          "fieldsV1": "dynamic",
                                                          "manager": "string",
                                                          "operation": "string",
                                                          "subresource": "string",
                                                          "time": "string"
                                                        }
                                                      ]
                                                    ]
                                                  ],
                                                  "name": "string",
                                                  "namespace": "string",
                                                  "ownerReferences": [
                                                    "list",
                                                    [
                                                      "object",
                                                      {
                                                        "apiVersion": "string",
                                                        "blockOwnerDeletion": "bool",
                                                        "controller": "bool",
                                                        "kind": "string",
                                                        "name": "string",
                                                        "uid": "string"
                                                      }
                                                    ]
                                                  ],
                                                  "resourceVersion": "string",
                                                  "selfLink": "string",
                                                  "uid": "string"
                                                }
                                              ],
                                              "spec": [
                                                "object",
                                                {
                                                  "accessModes": [
                                                    "list",
                                                    "string"
                                                  ],
                                                  "dataSource": [
                                                    "object",
                                                    {
                                                      "apiGroup": "string",
                                                      "kind": "string",
                                                      "name": "string"
                                                    }
                                                  ],
                                                  "dataSourceRef": [
                                                    "object",
                                                    {
                                                      "apiGroup": "string",
                                                      "kind": "string",
                                                      "name": "string",
                                                      "namespace": "string"
                                                    }
                                                  ],
                                                  "resources": [
                                                    "object",
                                                    {
                                                      "limits": [
                                                        "map",
                                                        "string"
                                                      ],
                                                      "requests": [
                                                        "map",
                                                        "string"
                                                      ]
                                                    }
                                                  ],
                                                  "selector": [
                                                    "object",
                                                    {
                                                      "matchExpressions": [
                                                        "list",
                                                        [
                                                          "object",
                                                          {
                                                            "key": "string",
                                                            "operator": "string",
                                                            "values": [
                                                              "list",
                                                              "string"
                                                            ]
                                                          }
                                                        ]
                                                      ],
                                                      "matchLabels": [
                                                        "map",
                                                        "string"
                                                      ]
                                                    }
                                                  ],
                                                  "storageClassName": "string",
                                                  "volumeAttributesClassName": "string",
                                                  "volumeMode": "string",
                                                  "volumeName": "string"
                                                }
                                              ]
                                            }
                                          ]
                                        }
                                      ],
                                      "fc": [
                                        "object",
                                        {
                                          "fsType": "string",
                                          "lun": "number",
                                          "readOnly": "bool",
                                          "targetWWNs": [
                                            "list",
                                            "string"
                                          ],
                                          "wwids": [
                                            "list",
                                            "string"
                                          ]
                                        }
                                      ],
                                      "flexVolume": [
                                        "object",
                                        {
                                          "driver": "string",
                                          "fsType": "string",
                                          "options": [
                                            "map",
                                            "string"
                                          ],
                                          "readOnly": "bool",
                                          "secretRef": [
                                            "object",
                                            {
                                              "name": "string"
                                            }
                                          ]
                                        }
                                      ],
                                      "flocker": [
                                        "object",
                                        {
                                          "datasetName": "string",
                                          "datasetUUID": "string"
                                        }
                                      ],
                                      "gcePersistentDisk": [
                                        "object",
                                        {
                                          "fsType": "string",
                                          "partition": "number",
                                          "pdName": "string",
                                          "readOnly": "bool"
                                        }
                                      ],
                                      "gitRepo": [
                                        "object",
                                        {
                                          "directory": "string",
                                          "repository": "string",
                                          "revision": "string"
                                        }
                                      ],
                                      "glusterfs": [
                                        "object",
                                        {
                                          "endpoints": "string",
                                          "path": "string",
                                          "readOnly": "bool"
                                        }
                                      ],
                                      "hostPath": [
                                        "object",
                                        {
                                          "path": "string",
                                          "type": "string"
                                        }
                                      ],
                                      "iscsi": [
                                        "object",
                                        {
                                          "chapAuthDiscovery": "bool",
                                          "chapAuthSession": "bool",
                                          "fsType": "string",
                                          "initiatorName": "string",
                                          "iqn": "string",
                                          "iscsiInterface": "string",
                                          "lun": "number",
                                          "portals": [
                                            "list",
                                            "string"
                                          ],
                                          "readOnly": "bool",
                                          "secretRef": [
                                            "object",
                                            {
                                              "name": "string"
                                            }
                                          ],
                                          "targetPortal": "string"
                                        }
                                      ],
                                      "name": "string",
                                      "nfs": [
                                        "object",
                                        {
                                          "path": "string",
                                          "readOnly": "bool",
                                          "server": "string"
                                        }
                                      ],
                                      "persistentVolumeClaim": [
                                        "object",
                                        {
                                          "claimName": "string",
                                          "readOnly": "bool"
                                        }
                                      ],
                                      "photonPersistentDisk": [
                                        "object",
                                        {
                                          "fsType": "string",
                                          "pdID": "string"
                                        }
                                      ],
                                      "portworxVolume": [
                                        "object",
                                        {
                                          "fsType": "string",
                                          "readOnly": "bool",
                                          "volumeID": "string"
                                        }
                                      ],
                                      "projected": [
                                        "object",
                                        {
                                          "defaultMode": "number",
                                          "sources": [
                                            "list",
                                            [
                                              "object",
                                              {
                                                "clusterTrustBundle": [
                                                  "object",
                                                  {
                                                    "labelSelector": [
                                                      "object",
                                                      {
                                                        "matchExpressions": [
                                                          "list",
                                                          [
                                                            "object",
                                                            {
                                                              "key": "string",
                                                              "operator": "string",
                                                              "values": [
                                                                "list",
                                                                "string"
                                                              ]
                                                            }
                                                          ]
                                                        ],
                                                        "matchLabels": [
                                                          "map",
                                                          "string"
                                                        ]
                                                      }
                                                    ],
                                                    "name": "string",
                                                    "optional": "bool",
                                                    "path": "string",
                                                    "signerName": "string"
                                                  }
                                                ],
                                                "configMap": [
                                                  "object",
                                                  {
                                                    "items": [
                                                      "list",
                                                      [
                                                        "object",
                                                        {
                                                          "key": "string",
                                                          "mode": "number",
                                                          "path": "string"
                                                        }
                                                      ]
                                                    ],
                                                    "name": "string",
                                                    "optional": "bool"
                                                  }
                                                ],
                                                "downwardAPI": [
                                                  "object",
                                                  {
                                                    "items": [
                                                      "list",
                                                      [
                                                        "object",
                                                        {
                                                          "fieldRef": [
                                                            "object",
                                                            {
                                                              "apiVersion": "string",
                                                              "fieldPath": "string"
                                                            }
                                                          ],
                                                          "mode": "number",
                                                          "path": "string",
                                                          "resourceFieldRef": [
                                                            "object",
                                                            {
                                                              "containerName": "string",
                                                              "divisor": "string",
                                                              "resource": "string"
                                                            }
                                                          ]
                                                        }
                                                      ]
                                                    ]
                                                  }
                                                ],
                                                "secret": [
                                                  "object",
                                                  {
                                                    "items": [
                                                      "list",
                                                      [
                                                        "object",
                                                        {
                                                          "key": "string",
                                                          "mode": "number",
                                                          "path": "string"
                                                        }
                                                      ]
                                                    ],
                                                    "name": "string",
                                                    "optional": "bool"
                                                  }
                                                ],
                                                "serviceAccountToken": [
                                                  "object",
                                                  {
                                                    "audience": "string",
                                                    "expirationSeconds": "number",
                                                    "path": "string"
                                                  }
                                                ]
                                              }
                                            ]
                                          ]
                                        }
                                      ],
                                      "quobyte": [
                                        "object",
                                        {
                                          "group": "string",
                                          "readOnly": "bool",
                                          "registry": "string",
                                          "tenant": "string",
                                          "user": "string",
                                          "volume": "string"
                                        }
                                      ],
                                      "rbd": [
                                        "object",
                                        {
                                          "fsType": "string",
                                          "image": "string",
                                          "keyring": "string",
                                          "monitors": [
                                            "list",
                                            "string"
                                          ],
                                          "pool": "string",
                                          "readOnly": "bool",
                                          "secretRef": [
                                            "object",
                                            {
                                              "name": "string"
                                            }
                                          ],
                                          "user": "string"
                                        }
                                      ],
                                      "scaleIO": [
                                        "object",
                                        {
                                          "fsType": "string",
                                          "gateway": "string",
                                          "protectionDomain": "string",
                                          "readOnly": "bool",
                                          "secretRef": [
                                            "object",
                                            {
                                              "name": "string"
                                            }
                                          ],
                                          "sslEnabled": "bool",
                                          "storageMode": "string",
                                          "storagePool": "string",
                                          "system": "string",
                                          "volumeName": "string"
                                        }
                                      ],
                                      "secret": [
                                        "object",
                                        {
                                          "defaultMode": "number",
                                          "items": [
                                            "list",
                                            [
                                              "object",
                                              {
                                                "key": "string",
                                                "mode": "number",
                                                "path": "string"
                                              }
                                            ]
                                          ],
                                          "optional": "bool",
                                          "secretName": "string"
                                        }
                                      ],
                                      "storageos": [
                                        "object",
                                        {
                                          "fsType": "string",
                                          "readOnly": "bool",
                                          "secretRef": [
                                            "object",
                                            {
                                              "name": "string"
                                            }
                                          ],
                                          "volumeName": "string",
                                          "volumeNamespace": "string"
                                        }
                                      ],
                                      "vsphereVolume": [
                                        "object",
                                        {
                                          "fsType": "string",
                                          "storagePolicyID": "string",
                                          "storagePolicyName": "string",
                                          "volumePath": "string"
                                        }
                                      ]
                                    }
                                  ]
                                ]
                              ]
                            }
                          ]
                        }
                      ]
                    }
                  ]
                }
              ]
            },
            "timeouts": [],
            "wait": [],
            "wait_for": null
          },
          "sensitive_attributes": []
        }
      ]
    },
    {
      "mode": "managed",
      "type": "kubernetes_manifest",
      "name": "springboot_service",
      "provider": "provider[\"registry.terraform.io/hashicorp/kubernetes\"]",
      "instances": [
        {
          "schema_version": 1,
          "attributes": {
            "computed_fields": null,
            "field_manager": [],
            "manifest": {
              "value": {
                "apiVersion": "v1",
                "kind": "Service",
                "metadata": {
                  "name": "boot001ser",
                  "namespace": "default"
                },
                "spec": {
                  "ports": [
                    {
                      "nodePort": 30001,
                      "port": 8001,
                      "protocol": "TCP",
                      "targetPort": 8080
                    }
                  ],
                  "selector": {
                    "app": "boot001kube"
                  },
                  "type": "NodePort"
                }
              },
              "type": [
                "object",
                {
                  "apiVersion": "string",
                  "kind": "string",
                  "metadata": [
                    "object",
                    {
                      "name": "string",
                      "namespace": "string"
                    }
                  ],
                  "spec": [
                    "object",
                    {
                      "ports": [
                        "tuple",
                        [
                          [
                            "object",
                            {
                              "nodePort": "number",
                              "port": "number",
                              "protocol": "string",
                              "targetPort": "number"
                            }
                          ]
                        ]
                      ],
                      "selector": [
                        "object",
                        {
                          "app": "string"
                        }
                      ],
                      "type": "string"
                    }
                  ]
                }
              ]
            },
            "object": {
              "value": {
                "apiVersion": "v1",
                "kind": "Service",
                "metadata": {
                  "annotations": null,
                  "creationTimestamp": null,
                  "deletionGracePeriodSeconds": null,
                  "deletionTimestamp": null,
                  "finalizers": null,
                  "generateName": null,
                  "generation": null,
                  "labels": null,
                  "managedFields": null,
                  "name": "boot001ser",
                  "namespace": "default",
                  "ownerReferences": null,
                  "resourceVersion": null,
                  "selfLink": null,
                  "uid": null
                },
                "spec": {
                  "allocateLoadBalancerNodePorts": null,
                  "clusterIP": "10.103.255.157",
                  "clusterIPs": [
                    "10.103.255.157"
                  ],
                  "externalIPs": null,
                  "externalName": null,
                  "externalTrafficPolicy": "Cluster",
                  "healthCheckNodePort": null,
                  "internalTrafficPolicy": "Cluster",
                  "ipFamilies": [
                    "IPv4"
                  ],
                  "ipFamilyPolicy": "SingleStack",
                  "loadBalancerClass": null,
                  "loadBalancerIP": null,
                  "loadBalancerSourceRanges": null,
                  "ports": [
                    {
                      "appProtocol": null,
                      "name": null,
                      "nodePort": 30001,
                      "port": 8001,
                      "protocol": "TCP",
                      "targetPort": "8080"
                    }
                  ],
                  "publishNotReadyAddresses": null,
                  "selector": {
                    "app": "boot001kube"
                  },
                  "sessionAffinity": "None",
                  "sessionAffinityConfig": {
                    "clientIP": {
                      "timeoutSeconds": null
                    }
                  },
                  "trafficDistribution": null,
                  "type": "NodePort"
                }
              },
              "type": [
                "object",
                {
                  "apiVersion": "string",
                  "kind": "string",
                  "metadata": [
                    "object",
                    {
                      "annotations": [
                        "map",
                        "string"
                      ],
                      "creationTimestamp": "string",
                      "deletionGracePeriodSeconds": "number",
                      "deletionTimestamp": "string",
                      "finalizers": [
                        "list",
                        "string"
                      ],
                      "generateName": "string",
                      "generation": "number",
                      "labels": [
                        "map",
                        "string"
                      ],
                      "managedFields": [
                        "tuple",
                        [
                          [
                            "object",
                            {
                              "apiVersion": "string",
                              "fieldsType": "string",
                              "fieldsV1": "dynamic",
                              "manager": "string",
                              "operation": "string",
                              "subresource": "string",
                              "time": "string"
                            }
                          ]
                        ]
                      ],
                      "name": "string",
                      "namespace": "string",
                      "ownerReferences": [
                        "list",
                        [
                          "object",
                          {
                            "apiVersion": "string",
                            "blockOwnerDeletion": "bool",
                            "controller": "bool",
                            "kind": "string",
                            "name": "string",
                            "uid": "string"
                          }
                        ]
                      ],
                      "resourceVersion": "string",
                      "selfLink": "string",
                      "uid": "string"
                    }
                  ],
                  "spec": [
                    "object",
                    {
                      "allocateLoadBalancerNodePorts": "bool",
                      "clusterIP": "string",
                      "clusterIPs": [
                        "list",
                        "string"
                      ],
                      "externalIPs": [
                        "list",
                        "string"
                      ],
                      "externalName": "string",
                      "externalTrafficPolicy": "string",
                      "healthCheckNodePort": "number",
                      "internalTrafficPolicy": "string",
                      "ipFamilies": [
                        "list",
                        "string"
                      ],
                      "ipFamilyPolicy": "string",
                      "loadBalancerClass": "string",
                      "loadBalancerIP": "string",
                      "loadBalancerSourceRanges": [
                        "list",
                        "string"
                      ],
                      "ports": [
                        "list",
                        [
                          "object",
                          {
                            "appProtocol": "string",
                            "name": "string",
                            "nodePort": "number",
                            "port": "number",
                            "protocol": "string",
                            "targetPort": "string"
                          }
                        ]
                      ],
                      "publishNotReadyAddresses": "bool",
                      "selector": [
                        "map",
                        "string"
                      ],
                      "sessionAffinity": "string",
                      "sessionAffinityConfig": [
                        "object",
                        {
                          "clientIP": [
                            "object",
                            {
                              "timeoutSeconds": "number"
                            }
                          ]
                        }
                      ],
                      "trafficDistribution": "string",
                      "type": "string"
                    }
                  ]
                }
              ]
            },
            "timeouts": [],
            "wait": [],
            "wait_for": null
          },
          "sensitive_attributes": []
        }
      ]
    },
    {
      "mode": "managed",
      "type": "kubernetes_manifest",
      "name": "vue_deployment",
      "provider": "provider[\"registry.terraform.io/hashicorp/kubernetes\"]",
      "instances": [
        {
          "schema_version": 1,
          "attributes": {
            "computed_fields": null,
            "field_manager": [],
            "manifest": {
              "value": {
                "apiVersion": "apps/v1",
                "kind": "Deployment",
                "metadata": {
                  "name": "vue001dep",
                  "namespace": "default"
                },
                "spec": {
                  "selector": {
                    "matchLabels": {
                      "app": "vue001kube"
                    }
                  },
                  "strategy": {
                    "rollingUpdate": {
                      "maxSurge": 1,
                      "maxUnavailable": 1
                    },
                    "type": "RollingUpdate"
                  },
                  "template": {
                    "metadata": {
                      "labels": {
                        "app": "vue001kube"
                      }
                    },
                    "spec": {
                      "containers": [
                        {
                          "image": "junguijin/debook_vue_project:latest",
                          "imagePullPolicy": "Always",
                          "name": "vue-container",
                          "ports": [
                            {
                              "containerPort": 80
                            }
                          ]
                        }
                      ]
                    }
                  }
                }
              },
              "type": [
                "object",
                {
                  "apiVersion": "string",
                  "kind": "string",
                  "metadata": [
                    "object",
                    {
                      "name": "string",
                      "namespace": "string"
                    }
                  ],
                  "spec": [
                    "object",
                    {
                      "selector": [
                        "object",
                        {
                          "matchLabels": [
                            "object",
                            {
                              "app": "string"
                            }
                          ]
                        }
                      ],
                      "strategy": [
                        "object",
                        {
                          "rollingUpdate": [
                            "object",
                            {
                              "maxSurge": "number",
                              "maxUnavailable": "number"
                            }
                          ],
                          "type": "string"
                        }
                      ],
                      "template": [
                        "object",
                        {
                          "metadata": [
                            "object",
                            {
                              "labels": [
                                "object",
                                {
                                  "app": "string"
                                }
                              ]
                            }
                          ],
                          "spec": [
                            "object",
                            {
                              "containers": [
                                "tuple",
                                [
                                  [
                                    "object",
                                    {
                                      "image": "string",
                                      "imagePullPolicy": "string",
                                      "name": "string",
                                      "ports": [
                                        "tuple",
                                        [
                                          [
                                            "object",
                                            {
                                              "containerPort": "number"
                                            }
                                          ]
                                        ]
                                      ]
                                    }
                                  ]
                                ]
                              ]
                            }
                          ]
                        }
                      ]
                    }
                  ]
                }
              ]
            },
            "object": {
              "value": {
                "apiVersion": "apps/v1",
                "kind": "Deployment",
                "metadata": {
                  "annotations": null,
                  "creationTimestamp": null,
                  "deletionGracePeriodSeconds": null,
                  "deletionTimestamp": null,
                  "finalizers": null,
                  "generateName": null,
                  "generation": null,
                  "labels": null,
                  "managedFields": null,
                  "name": "vue001dep",
                  "namespace": "default",
                  "ownerReferences": null,
                  "resourceVersion": null,
                  "selfLink": null,
                  "uid": null
                },
                "spec": {
                  "minReadySeconds": null,
                  "paused": null,
                  "progressDeadlineSeconds": 600,
                  "replicas": 1,
                  "revisionHistoryLimit": 10,
                  "selector": {
                    "matchExpressions": null,
                    "matchLabels": {
                      "app": "vue001kube"
                    }
                  },
                  "strategy": {
                    "rollingUpdate": {
                      "maxSurge": "1",
                      "maxUnavailable": "1"
                    },
                    "type": "RollingUpdate"
                  },
                  "template": {
                    "metadata": {
                      "annotations": null,
                      "creationTimestamp": null,
                      "deletionGracePeriodSeconds": null,
                      "deletionTimestamp": null,
                      "finalizers": null,
                      "generateName": null,
                      "generation": null,
                      "labels": {
                        "app": "vue001kube"
                      },
                      "managedFields": null,
                      "name": null,
                      "namespace": null,
                      "ownerReferences": null,
                      "resourceVersion": null,
                      "selfLink": null,
                      "uid": null
                    },
                    "spec": {
                      "activeDeadlineSeconds": null,
                      "affinity": {
                        "nodeAffinity": {
                          "preferredDuringSchedulingIgnoredDuringExecution": null,
                          "requiredDuringSchedulingIgnoredDuringExecution": {
                            "nodeSelectorTerms": null
                          }
                        },
                        "podAffinity": {
                          "preferredDuringSchedulingIgnoredDuringExecution": null,
                          "requiredDuringSchedulingIgnoredDuringExecution": null
                        },
                        "podAntiAffinity": {
                          "preferredDuringSchedulingIgnoredDuringExecution": null,
                          "requiredDuringSchedulingIgnoredDuringExecution": null
                        }
                      },
                      "automountServiceAccountToken": null,
                      "containers": [
                        {
                          "args": null,
                          "command": null,
                          "env": null,
                          "envFrom": null,
                          "image": "junguijin/debook_vue_project:latest",
                          "imagePullPolicy": "Always",
                          "lifecycle": {
                            "postStart": {
                              "exec": {
                                "command": null
                              },
                              "httpGet": {
                                "host": null,
                                "httpHeaders": null,
                                "path": null,
                                "port": null,
                                "scheme": null
                              },
                              "sleep": {
                                "seconds": null
                              },
                              "tcpSocket": {
                                "host": null,
                                "port": null
                              }
                            },
                            "preStop": {
                              "exec": {
                                "command": null
                              },
                              "httpGet": {
                                "host": null,
                                "httpHeaders": null,
                                "path": null,
                                "port": null,
                                "scheme": null
                              },
                              "sleep": {
                                "seconds": null
                              },
                              "tcpSocket": {
                                "host": null,
                                "port": null
                              }
                            }
                          },
                          "livenessProbe": {
                            "exec": {
                              "command": null
                            },
                            "failureThreshold": null,
                            "grpc": {
                              "port": null,
                              "service": null
                            },
                            "httpGet": {
                              "host": null,
                              "httpHeaders": null,
                              "path": null,
                              "port": null,
                              "scheme": null
                            },
                            "initialDelaySeconds": null,
                            "periodSeconds": null,
                            "successThreshold": null,
                            "tcpSocket": {
                              "host": null,
                              "port": null
                            },
                            "terminationGracePeriodSeconds": null,
                            "timeoutSeconds": null
                          },
                          "name": "vue-container",
                          "ports": [
                            {
                              "containerPort": 80,
                              "hostIP": null,
                              "hostPort": null,
                              "name": null,
                              "protocol": "TCP"
                            }
                          ],
                          "readinessProbe": {
                            "exec": {
                              "command": null
                            },
                            "failureThreshold": null,
                            "grpc": {
                              "port": null,
                              "service": null
                            },
                            "httpGet": {
                              "host": null,
                              "httpHeaders": null,
                              "path": null,
                              "port": null,
                              "scheme": null
                            },
                            "initialDelaySeconds": null,
                            "periodSeconds": null,
                            "successThreshold": null,
                            "tcpSocket": {
                              "host": null,
                              "port": null
                            },
                            "terminationGracePeriodSeconds": null,
                            "timeoutSeconds": null
                          },
                          "resizePolicy": null,
                          "resources": {
                            "claims": null,
                            "limits": null,
                            "requests": null
                          },
                          "restartPolicy": null,
                          "securityContext": {
                            "allowPrivilegeEscalation": null,
                            "appArmorProfile": {
                              "localhostProfile": null,
                              "type": null
                            },
                            "capabilities": {
                              "add": null,
                              "drop": null
                            },
                            "privileged": null,
                            "procMount": null,
                            "readOnlyRootFilesystem": null,
                            "runAsGroup": null,
                            "runAsNonRoot": null,
                            "runAsUser": null,
                            "seLinuxOptions": {
                              "level": null,
                              "role": null,
                              "type": null,
                              "user": null
                            },
                            "seccompProfile": {
                              "localhostProfile": null,
                              "type": null
                            },
                            "windowsOptions": {
                              "gmsaCredentialSpec": null,
                              "gmsaCredentialSpecName": null,
                              "hostProcess": null,
                              "runAsUserName": null
                            }
                          },
                          "startupProbe": {
                            "exec": {
                              "command": null
                            },
                            "failureThreshold": null,
                            "grpc": {
                              "port": null,
                              "service": null
                            },
                            "httpGet": {
                              "host": null,
                              "httpHeaders": null,
                              "path": null,
                              "port": null,
                              "scheme": null
                            },
                            "initialDelaySeconds": null,
                            "periodSeconds": null,
                            "successThreshold": null,
                            "tcpSocket": {
                              "host": null,
                              "port": null
                            },
                            "terminationGracePeriodSeconds": null,
                            "timeoutSeconds": null
                          },
                          "stdin": null,
                          "stdinOnce": null,
                          "terminationMessagePath": "/dev/termination-log",
                          "terminationMessagePolicy": "File",
                          "tty": null,
                          "volumeDevices": null,
                          "volumeMounts": null,
                          "workingDir": null
                        }
                      ],
                      "dnsConfig": {
                        "nameservers": null,
                        "options": null,
                        "searches": null
                      },
                      "dnsPolicy": "ClusterFirst",
                      "enableServiceLinks": null,
                      "ephemeralContainers": null,
                      "hostAliases": null,
                      "hostIPC": null,
                      "hostNetwork": null,
                      "hostPID": null,
                      "hostUsers": null,
                      "hostname": null,
                      "imagePullSecrets": null,
                      "initContainers": null,
                      "nodeName": null,
                      "nodeSelector": null,
                      "os": {
                        "name": null
                      },
                      "overhead": null,
                      "preemptionPolicy": null,
                      "priority": null,
                      "priorityClassName": null,
                      "readinessGates": null,
                      "resourceClaims": null,
                      "restartPolicy": "Always",
                      "runtimeClassName": null,
                      "schedulerName": "default-scheduler",
                      "schedulingGates": null,
                      "securityContext": {
                        "appArmorProfile": {
                          "localhostProfile": null,
                          "type": null
                        },
                        "fsGroup": null,
                        "fsGroupChangePolicy": null,
                        "runAsGroup": null,
                        "runAsNonRoot": null,
                        "runAsUser": null,
                        "seLinuxOptions": {
                          "level": null,
                          "role": null,
                          "type": null,
                          "user": null
                        },
                        "seccompProfile": {
                          "localhostProfile": null,
                          "type": null
                        },
                        "supplementalGroups": null,
                        "sysctls": null,
                        "windowsOptions": {
                          "gmsaCredentialSpec": null,
                          "gmsaCredentialSpecName": null,
                          "hostProcess": null,
                          "runAsUserName": null
                        }
                      },
                      "serviceAccount": null,
                      "serviceAccountName": null,
                      "setHostnameAsFQDN": null,
                      "shareProcessNamespace": null,
                      "subdomain": null,
                      "terminationGracePeriodSeconds": 30,
                      "tolerations": null,
                      "topologySpreadConstraints": null,
                      "volumes": null
                    }
                  }
                }
              },
              "type": [
                "object",
                {
                  "apiVersion": "string",
                  "kind": "string",
                  "metadata": [
                    "object",
                    {
                      "annotations": [
                        "map",
                        "string"
                      ],
                      "creationTimestamp": "string",
                      "deletionGracePeriodSeconds": "number",
                      "deletionTimestamp": "string",
                      "finalizers": [
                        "list",
                        "string"
                      ],
                      "generateName": "string",
                      "generation": "number",
                      "labels": [
                        "map",
                        "string"
                      ],
                      "managedFields": [
                        "tuple",
                        [
                          [
                            "object",
                            {
                              "apiVersion": "string",
                              "fieldsType": "string",
                              "fieldsV1": "dynamic",
                              "manager": "string",
                              "operation": "string",
                              "subresource": "string",
                              "time": "string"
                            }
                          ]
                        ]
                      ],
                      "name": "string",
                      "namespace": "string",
                      "ownerReferences": [
                        "list",
                        [
                          "object",
                          {
                            "apiVersion": "string",
                            "blockOwnerDeletion": "bool",
                            "controller": "bool",
                            "kind": "string",
                            "name": "string",
                            "uid": "string"
                          }
                        ]
                      ],
                      "resourceVersion": "string",
                      "selfLink": "string",
                      "uid": "string"
                    }
                  ],
                  "spec": [
                    "object",
                    {
                      "minReadySeconds": "number",
                      "paused": "bool",
                      "progressDeadlineSeconds": "number",
                      "replicas": "number",
                      "revisionHistoryLimit": "number",
                      "selector": [
                        "object",
                        {
                          "matchExpressions": [
                            "list",
                            [
                              "object",
                              {
                                "key": "string",
                                "operator": "string",
                                "values": [
                                  "list",
                                  "string"
                                ]
                              }
                            ]
                          ],
                          "matchLabels": [
                            "map",
                            "string"
                          ]
                        }
                      ],
                      "strategy": [
                        "object",
                        {
                          "rollingUpdate": [
                            "object",
                            {
                              "maxSurge": "string",
                              "maxUnavailable": "string"
                            }
                          ],
                          "type": "string"
                        }
                      ],
                      "template": [
                        "object",
                        {
                          "metadata": [
                            "object",
                            {
                              "annotations": [
                                "map",
                                "string"
                              ],
                              "creationTimestamp": "string",
                              "deletionGracePeriodSeconds": "number",
                              "deletionTimestamp": "string",
                              "finalizers": [
                                "list",
                                "string"
                              ],
                              "generateName": "string",
                              "generation": "number",
                              "labels": [
                                "map",
                                "string"
                              ],
                              "managedFields": [
                                "tuple",
                                [
                                  [
                                    "object",
                                    {
                                      "apiVersion": "string",
                                      "fieldsType": "string",
                                      "fieldsV1": "dynamic",
                                      "manager": "string",
                                      "operation": "string",
                                      "subresource": "string",
                                      "time": "string"
                                    }
                                  ]
                                ]
                              ],
                              "name": "string",
                              "namespace": "string",
                              "ownerReferences": [
                                "list",
                                [
                                  "object",
                                  {
                                    "apiVersion": "string",
                                    "blockOwnerDeletion": "bool",
                                    "controller": "bool",
                                    "kind": "string",
                                    "name": "string",
                                    "uid": "string"
                                  }
                                ]
                              ],
                              "resourceVersion": "string",
                              "selfLink": "string",
                              "uid": "string"
                            }
                          ],
                          "spec": [
                            "object",
                            {
                              "activeDeadlineSeconds": "number",
                              "affinity": [
                                "object",
                                {
                                  "nodeAffinity": [
                                    "object",
                                    {
                                      "preferredDuringSchedulingIgnoredDuringExecution": [
                                        "list",
                                        [
                                          "object",
                                          {
                                            "preference": [
                                              "object",
                                              {
                                                "matchExpressions": [
                                                  "list",
                                                  [
                                                    "object",
                                                    {
                                                      "key": "string",
                                                      "operator": "string",
                                                      "values": [
                                                        "list",
                                                        "string"
                                                      ]
                                                    }
                                                  ]
                                                ],
                                                "matchFields": [
                                                  "list",
                                                  [
                                                    "object",
                                                    {
                                                      "key": "string",
                                                      "operator": "string",
                                                      "values": [
                                                        "list",
                                                        "string"
                                                      ]
                                                    }
                                                  ]
                                                ]
                                              }
                                            ],
                                            "weight": "number"
                                          }
                                        ]
                                      ],
                                      "requiredDuringSchedulingIgnoredDuringExecution": [
                                        "object",
                                        {
                                          "nodeSelectorTerms": [
                                            "list",
                                            [
                                              "object",
                                              {
                                                "matchExpressions": [
                                                  "list",
                                                  [
                                                    "object",
                                                    {
                                                      "key": "string",
                                                      "operator": "string",
                                                      "values": [
                                                        "list",
                                                        "string"
                                                      ]
                                                    }
                                                  ]
                                                ],
                                                "matchFields": [
                                                  "list",
                                                  [
                                                    "object",
                                                    {
                                                      "key": "string",
                                                      "operator": "string",
                                                      "values": [
                                                        "list",
                                                        "string"
                                                      ]
                                                    }
                                                  ]
                                                ]
                                              }
                                            ]
                                          ]
                                        }
                                      ]
                                    }
                                  ],
                                  "podAffinity": [
                                    "object",
                                    {
                                      "preferredDuringSchedulingIgnoredDuringExecution": [
                                        "list",
                                        [
                                          "object",
                                          {
                                            "podAffinityTerm": [
                                              "object",
                                              {
                                                "labelSelector": [
                                                  "object",
                                                  {
                                                    "matchExpressions": [
                                                      "list",
                                                      [
                                                        "object",
                                                        {
                                                          "key": "string",
                                                          "operator": "string",
                                                          "values": [
                                                            "list",
                                                            "string"
                                                          ]
                                                        }
                                                      ]
                                                    ],
                                                    "matchLabels": [
                                                      "map",
                                                      "string"
                                                    ]
                                                  }
                                                ],
                                                "matchLabelKeys": [
                                                  "list",
                                                  "string"
                                                ],
                                                "mismatchLabelKeys": [
                                                  "list",
                                                  "string"
                                                ],
                                                "namespaceSelector": [
                                                  "object",
                                                  {
                                                    "matchExpressions": [
                                                      "list",
                                                      [
                                                        "object",
                                                        {
                                                          "key": "string",
                                                          "operator": "string",
                                                          "values": [
                                                            "list",
                                                            "string"
                                                          ]
                                                        }
                                                      ]
                                                    ],
                                                    "matchLabels": [
                                                      "map",
                                                      "string"
                                                    ]
                                                  }
                                                ],
                                                "namespaces": [
                                                  "list",
                                                  "string"
                                                ],
                                                "topologyKey": "string"
                                              }
                                            ],
                                            "weight": "number"
                                          }
                                        ]
                                      ],
                                      "requiredDuringSchedulingIgnoredDuringExecution": [
                                        "list",
                                        [
                                          "object",
                                          {
                                            "labelSelector": [
                                              "object",
                                              {
                                                "matchExpressions": [
                                                  "list",
                                                  [
                                                    "object",
                                                    {
                                                      "key": "string",
                                                      "operator": "string",
                                                      "values": [
                                                        "list",
                                                        "string"
                                                      ]
                                                    }
                                                  ]
                                                ],
                                                "matchLabels": [
                                                  "map",
                                                  "string"
                                                ]
                                              }
                                            ],
                                            "matchLabelKeys": [
                                              "list",
                                              "string"
                                            ],
                                            "mismatchLabelKeys": [
                                              "list",
                                              "string"
                                            ],
                                            "namespaceSelector": [
                                              "object",
                                              {
                                                "matchExpressions": [
                                                  "list",
                                                  [
                                                    "object",
                                                    {
                                                      "key": "string",
                                                      "operator": "string",
                                                      "values": [
                                                        "list",
                                                        "string"
                                                      ]
                                                    }
                                                  ]
                                                ],
                                                "matchLabels": [
                                                  "map",
                                                  "string"
                                                ]
                                              }
                                            ],
                                            "namespaces": [
                                              "list",
                                              "string"
                                            ],
                                            "topologyKey": "string"
                                          }
                                        ]
                                      ]
                                    }
                                  ],
                                  "podAntiAffinity": [
                                    "object",
                                    {
                                      "preferredDuringSchedulingIgnoredDuringExecution": [
                                        "list",
                                        [
                                          "object",
                                          {
                                            "podAffinityTerm": [
                                              "object",
                                              {
                                                "labelSelector": [
                                                  "object",
                                                  {
                                                    "matchExpressions": [
                                                      "list",
                                                      [
                                                        "object",
                                                        {
                                                          "key": "string",
                                                          "operator": "string",
                                                          "values": [
                                                            "list",
                                                            "string"
                                                          ]
                                                        }
                                                      ]
                                                    ],
                                                    "matchLabels": [
                                                      "map",
                                                      "string"
                                                    ]
                                                  }
                                                ],
                                                "matchLabelKeys": [
                                                  "list",
                                                  "string"
                                                ],
                                                "mismatchLabelKeys": [
                                                  "list",
                                                  "string"
                                                ],
                                                "namespaceSelector": [
                                                  "object",
                                                  {
                                                    "matchExpressions": [
                                                      "list",
                                                      [
                                                        "object",
                                                        {
                                                          "key": "string",
                                                          "operator": "string",
                                                          "values": [
                                                            "list",
                                                            "string"
                                                          ]
                                                        }
                                                      ]
                                                    ],
                                                    "matchLabels": [
                                                      "map",
                                                      "string"
                                                    ]
                                                  }
                                                ],
                                                "namespaces": [
                                                  "list",
                                                  "string"
                                                ],
                                                "topologyKey": "string"
                                              }
                                            ],
                                            "weight": "number"
                                          }
                                        ]
                                      ],
                                      "requiredDuringSchedulingIgnoredDuringExecution": [
                                        "list",
                                        [
                                          "object",
                                          {
                                            "labelSelector": [
                                              "object",
                                              {
                                                "matchExpressions": [
                                                  "list",
                                                  [
                                                    "object",
                                                    {
                                                      "key": "string",
                                                      "operator": "string",
                                                      "values": [
                                                        "list",
                                                        "string"
                                                      ]
                                                    }
                                                  ]
                                                ],
                                                "matchLabels": [
                                                  "map",
                                                  "string"
                                                ]
                                              }
                                            ],
                                            "matchLabelKeys": [
                                              "list",
                                              "string"
                                            ],
                                            "mismatchLabelKeys": [
                                              "list",
                                              "string"
                                            ],
                                            "namespaceSelector": [
                                              "object",
                                              {
                                                "matchExpressions": [
                                                  "list",
                                                  [
                                                    "object",
                                                    {
                                                      "key": "string",
                                                      "operator": "string",
                                                      "values": [
                                                        "list",
                                                        "string"
                                                      ]
                                                    }
                                                  ]
                                                ],
                                                "matchLabels": [
                                                  "map",
                                                  "string"
                                                ]
                                              }
                                            ],
                                            "namespaces": [
                                              "list",
                                              "string"
                                            ],
                                            "topologyKey": "string"
                                          }
                                        ]
                                      ]
                                    }
                                  ]
                                }
                              ],
                              "automountServiceAccountToken": "bool",
                              "containers": [
                                "list",
                                [
                                  "object",
                                  {
                                    "args": [
                                      "list",
                                      "string"
                                    ],
                                    "command": [
                                      "list",
                                      "string"
                                    ],
                                    "env": [
                                      "list",
                                      [
                                        "object",
                                        {
                                          "name": "string",
                                          "value": "string",
                                          "valueFrom": [
                                            "object",
                                            {
                                              "configMapKeyRef": [
                                                "object",
                                                {
                                                  "key": "string",
                                                  "name": "string",
                                                  "optional": "bool"
                                                }
                                              ],
                                              "fieldRef": [
                                                "object",
                                                {
                                                  "apiVersion": "string",
                                                  "fieldPath": "string"
                                                }
                                              ],
                                              "resourceFieldRef": [
                                                "object",
                                                {
                                                  "containerName": "string",
                                                  "divisor": "string",
                                                  "resource": "string"
                                                }
                                              ],
                                              "secretKeyRef": [
                                                "object",
                                                {
                                                  "key": "string",
                                                  "name": "string",
                                                  "optional": "bool"
                                                }
                                              ]
                                            }
                                          ]
                                        }
                                      ]
                                    ],
                                    "envFrom": [
                                      "list",
                                      [
                                        "object",
                                        {
                                          "configMapRef": [
                                            "object",
                                            {
                                              "name": "string",
                                              "optional": "bool"
                                            }
                                          ],
                                          "prefix": "string",
                                          "secretRef": [
                                            "object",
                                            {
                                              "name": "string",
                                              "optional": "bool"
                                            }
                                          ]
                                        }
                                      ]
                                    ],
                                    "image": "string",
                                    "imagePullPolicy": "string",
                                    "lifecycle": [
                                      "object",
                                      {
                                        "postStart": [
                                          "object",
                                          {
                                            "exec": [
                                              "object",
                                              {
                                                "command": [
                                                  "list",
                                                  "string"
                                                ]
                                              }
                                            ],
                                            "httpGet": [
                                              "object",
                                              {
                                                "host": "string",
                                                "httpHeaders": [
                                                  "list",
                                                  [
                                                    "object",
                                                    {
                                                      "name": "string",
                                                      "value": "string"
                                                    }
                                                  ]
                                                ],
                                                "path": "string",
                                                "port": "string",
                                                "scheme": "string"
                                              }
                                            ],
                                            "sleep": [
                                              "object",
                                              {
                                                "seconds": "number"
                                              }
                                            ],
                                            "tcpSocket": [
                                              "object",
                                              {
                                                "host": "string",
                                                "port": "string"
                                              }
                                            ]
                                          }
                                        ],
                                        "preStop": [
                                          "object",
                                          {
                                            "exec": [
                                              "object",
                                              {
                                                "command": [
                                                  "list",
                                                  "string"
                                                ]
                                              }
                                            ],
                                            "httpGet": [
                                              "object",
                                              {
                                                "host": "string",
                                                "httpHeaders": [
                                                  "list",
                                                  [
                                                    "object",
                                                    {
                                                      "name": "string",
                                                      "value": "string"
                                                    }
                                                  ]
                                                ],
                                                "path": "string",
                                                "port": "string",
                                                "scheme": "string"
                                              }
                                            ],
                                            "sleep": [
                                              "object",
                                              {
                                                "seconds": "number"
                                              }
                                            ],
                                            "tcpSocket": [
                                              "object",
                                              {
                                                "host": "string",
                                                "port": "string"
                                              }
                                            ]
                                          }
                                        ]
                                      }
                                    ],
                                    "livenessProbe": [
                                      "object",
                                      {
                                        "exec": [
                                          "object",
                                          {
                                            "command": [
                                              "list",
                                              "string"
                                            ]
                                          }
                                        ],
                                        "failureThreshold": "number",
                                        "grpc": [
                                          "object",
                                          {
                                            "port": "number",
                                            "service": "string"
                                          }
                                        ],
                                        "httpGet": [
                                          "object",
                                          {
                                            "host": "string",
                                            "httpHeaders": [
                                              "list",
                                              [
                                                "object",
                                                {
                                                  "name": "string",
                                                  "value": "string"
                                                }
                                              ]
                                            ],
                                            "path": "string",
                                            "port": "string",
                                            "scheme": "string"
                                          }
                                        ],
                                        "initialDelaySeconds": "number",
                                        "periodSeconds": "number",
                                        "successThreshold": "number",
                                        "tcpSocket": [
                                          "object",
                                          {
                                            "host": "string",
                                            "port": "string"
                                          }
                                        ],
                                        "terminationGracePeriodSeconds": "number",
                                        "timeoutSeconds": "number"
                                      }
                                    ],
                                    "name": "string",
                                    "ports": [
                                      "list",
                                      [
                                        "object",
                                        {
                                          "containerPort": "number",
                                          "hostIP": "string",
                                          "hostPort": "number",
                                          "name": "string",
                                          "protocol": "string"
                                        }
                                      ]
                                    ],
                                    "readinessProbe": [
                                      "object",
                                      {
                                        "exec": [
                                          "object",
                                          {
                                            "command": [
                                              "list",
                                              "string"
                                            ]
                                          }
                                        ],
                                        "failureThreshold": "number",
                                        "grpc": [
                                          "object",
                                          {
                                            "port": "number",
                                            "service": "string"
                                          }
                                        ],
                                        "httpGet": [
                                          "object",
                                          {
                                            "host": "string",
                                            "httpHeaders": [
                                              "list",
                                              [
                                                "object",
                                                {
                                                  "name": "string",
                                                  "value": "string"
                                                }
                                              ]
                                            ],
                                            "path": "string",
                                            "port": "string",
                                            "scheme": "string"
                                          }
                                        ],
                                        "initialDelaySeconds": "number",
                                        "periodSeconds": "number",
                                        "successThreshold": "number",
                                        "tcpSocket": [
                                          "object",
                                          {
                                            "host": "string",
                                            "port": "string"
                                          }
                                        ],
                                        "terminationGracePeriodSeconds": "number",
                                        "timeoutSeconds": "number"
                                      }
                                    ],
                                    "resizePolicy": [
                                      "list",
                                      [
                                        "object",
                                        {
                                          "resourceName": "string",
                                          "restartPolicy": "string"
                                        }
                                      ]
                                    ],
                                    "resources": [
                                      "object",
                                      {
                                        "claims": [
                                          "list",
                                          [
                                            "object",
                                            {
                                              "name": "string"
                                            }
                                          ]
                                        ],
                                        "limits": [
                                          "map",
                                          "string"
                                        ],
                                        "requests": [
                                          "map",
                                          "string"
                                        ]
                                      }
                                    ],
                                    "restartPolicy": "string",
                                    "securityContext": [
                                      "object",
                                      {
                                        "allowPrivilegeEscalation": "bool",
                                        "appArmorProfile": [
                                          "object",
                                          {
                                            "localhostProfile": "string",
                                            "type": "string"
                                          }
                                        ],
                                        "capabilities": [
                                          "object",
                                          {
                                            "add": [
                                              "list",
                                              "string"
                                            ],
                                            "drop": [
                                              "list",
                                              "string"
                                            ]
                                          }
                                        ],
                                        "privileged": "bool",
                                        "procMount": "string",
                                        "readOnlyRootFilesystem": "bool",
                                        "runAsGroup": "number",
                                        "runAsNonRoot": "bool",
                                        "runAsUser": "number",
                                        "seLinuxOptions": [
                                          "object",
                                          {
                                            "level": "string",
                                            "role": "string",
                                            "type": "string",
                                            "user": "string"
                                          }
                                        ],
                                        "seccompProfile": [
                                          "object",
                                          {
                                            "localhostProfile": "string",
                                            "type": "string"
                                          }
                                        ],
                                        "windowsOptions": [
                                          "object",
                                          {
                                            "gmsaCredentialSpec": "string",
                                            "gmsaCredentialSpecName": "string",
                                            "hostProcess": "bool",
                                            "runAsUserName": "string"
                                          }
                                        ]
                                      }
                                    ],
                                    "startupProbe": [
                                      "object",
                                      {
                                        "exec": [
                                          "object",
                                          {
                                            "command": [
                                              "list",
                                              "string"
                                            ]
                                          }
                                        ],
                                        "failureThreshold": "number",
                                        "grpc": [
                                          "object",
                                          {
                                            "port": "number",
                                            "service": "string"
                                          }
                                        ],
                                        "httpGet": [
                                          "object",
                                          {
                                            "host": "string",
                                            "httpHeaders": [
                                              "list",
                                              [
                                                "object",
                                                {
                                                  "name": "string",
                                                  "value": "string"
                                                }
                                              ]
                                            ],
                                            "path": "string",
                                            "port": "string",
                                            "scheme": "string"
                                          }
                                        ],
                                        "initialDelaySeconds": "number",
                                        "periodSeconds": "number",
                                        "successThreshold": "number",
                                        "tcpSocket": [
                                          "object",
                                          {
                                            "host": "string",
                                            "port": "string"
                                          }
                                        ],
                                        "terminationGracePeriodSeconds": "number",
                                        "timeoutSeconds": "number"
                                      }
                                    ],
                                    "stdin": "bool",
                                    "stdinOnce": "bool",
                                    "terminationMessagePath": "string",
                                    "terminationMessagePolicy": "string",
                                    "tty": "bool",
                                    "volumeDevices": [
                                      "list",
                                      [
                                        "object",
                                        {
                                          "devicePath": "string",
                                          "name": "string"
                                        }
                                      ]
                                    ],
                                    "volumeMounts": [
                                      "list",
                                      [
                                        "object",
                                        {
                                          "mountPath": "string",
                                          "mountPropagation": "string",
                                          "name": "string",
                                          "readOnly": "bool",
                                          "recursiveReadOnly": "string",
                                          "subPath": "string",
                                          "subPathExpr": "string"
                                        }
                                      ]
                                    ],
                                    "workingDir": "string"
                                  }
                                ]
                              ],
                              "dnsConfig": [
                                "object",
                                {
                                  "nameservers": [
                                    "list",
                                    "string"
                                  ],
                                  "options": [
                                    "list",
                                    [
                                      "object",
                                      {
                                        "name": "string",
                                        "value": "string"
                                      }
                                    ]
                                  ],
                                  "searches": [
                                    "list",
                                    "string"
                                  ]
                                }
                              ],
                              "dnsPolicy": "string",
                              "enableServiceLinks": "bool",
                              "ephemeralContainers": [
                                "list",
                                [
                                  "object",
                                  {
                                    "args": [
                                      "list",
                                      "string"
                                    ],
                                    "command": [
                                      "list",
                                      "string"
                                    ],
                                    "env": [
                                      "list",
                                      [
                                        "object",
                                        {
                                          "name": "string",
                                          "value": "string",
                                          "valueFrom": [
                                            "object",
                                            {
                                              "configMapKeyRef": [
                                                "object",
                                                {
                                                  "key": "string",
                                                  "name": "string",
                                                  "optional": "bool"
                                                }
                                              ],
                                              "fieldRef": [
                                                "object",
                                                {
                                                  "apiVersion": "string",
                                                  "fieldPath": "string"
                                                }
                                              ],
                                              "resourceFieldRef": [
                                                "object",
                                                {
                                                  "containerName": "string",
                                                  "divisor": "string",
                                                  "resource": "string"
                                                }
                                              ],
                                              "secretKeyRef": [
                                                "object",
                                                {
                                                  "key": "string",
                                                  "name": "string",
                                                  "optional": "bool"
                                                }
                                              ]
                                            }
                                          ]
                                        }
                                      ]
                                    ],
                                    "envFrom": [
                                      "list",
                                      [
                                        "object",
                                        {
                                          "configMapRef": [
                                            "object",
                                            {
                                              "name": "string",
                                              "optional": "bool"
                                            }
                                          ],
                                          "prefix": "string",
                                          "secretRef": [
                                            "object",
                                            {
                                              "name": "string",
                                              "optional": "bool"
                                            }
                                          ]
                                        }
                                      ]
                                    ],
                                    "image": "string",
                                    "imagePullPolicy": "string",
                                    "lifecycle": [
                                      "object",
                                      {
                                        "postStart": [
                                          "object",
                                          {
                                            "exec": [
                                              "object",
                                              {
                                                "command": [
                                                  "list",
                                                  "string"
                                                ]
                                              }
                                            ],
                                            "httpGet": [
                                              "object",
                                              {
                                                "host": "string",
                                                "httpHeaders": [
                                                  "list",
                                                  [
                                                    "object",
                                                    {
                                                      "name": "string",
                                                      "value": "string"
                                                    }
                                                  ]
                                                ],
                                                "path": "string",
                                                "port": "string",
                                                "scheme": "string"
                                              }
                                            ],
                                            "sleep": [
                                              "object",
                                              {
                                                "seconds": "number"
                                              }
                                            ],
                                            "tcpSocket": [
                                              "object",
                                              {
                                                "host": "string",
                                                "port": "string"
                                              }
                                            ]
                                          }
                                        ],
                                        "preStop": [
                                          "object",
                                          {
                                            "exec": [
                                              "object",
                                              {
                                                "command": [
                                                  "list",
                                                  "string"
                                                ]
                                              }
                                            ],
                                            "httpGet": [
                                              "object",
                                              {
                                                "host": "string",
                                                "httpHeaders": [
                                                  "list",
                                                  [
                                                    "object",
                                                    {
                                                      "name": "string",
                                                      "value": "string"
                                                    }
                                                  ]
                                                ],
                                                "path": "string",
                                                "port": "string",
                                                "scheme": "string"
                                              }
                                            ],
                                            "sleep": [
                                              "object",
                                              {
                                                "seconds": "number"
                                              }
                                            ],
                                            "tcpSocket": [
                                              "object",
                                              {
                                                "host": "string",
                                                "port": "string"
                                              }
                                            ]
                                          }
                                        ]
                                      }
                                    ],
                                    "livenessProbe": [
                                      "object",
                                      {
                                        "exec": [
                                          "object",
                                          {
                                            "command": [
                                              "list",
                                              "string"
                                            ]
                                          }
                                        ],
                                        "failureThreshold": "number",
                                        "grpc": [
                                          "object",
                                          {
                                            "port": "number",
                                            "service": "string"
                                          }
                                        ],
                                        "httpGet": [
                                          "object",
                                          {
                                            "host": "string",
                                            "httpHeaders": [
                                              "list",
                                              [
                                                "object",
                                                {
                                                  "name": "string",
                                                  "value": "string"
                                                }
                                              ]
                                            ],
                                            "path": "string",
                                            "port": "string",
                                            "scheme": "string"
                                          }
                                        ],
                                        "initialDelaySeconds": "number",
                                        "periodSeconds": "number",
                                        "successThreshold": "number",
                                        "tcpSocket": [
                                          "object",
                                          {
                                            "host": "string",
                                            "port": "string"
                                          }
                                        ],
                                        "terminationGracePeriodSeconds": "number",
                                        "timeoutSeconds": "number"
                                      }
                                    ],
                                    "name": "string",
                                    "ports": [
                                      "list",
                                      [
                                        "object",
                                        {
                                          "containerPort": "number",
                                          "hostIP": "string",
                                          "hostPort": "number",
                                          "name": "string",
                                          "protocol": "string"
                                        }
                                      ]
                                    ],
                                    "readinessProbe": [
                                      "object",
                                      {
                                        "exec": [
                                          "object",
                                          {
                                            "command": [
                                              "list",
                                              "string"
                                            ]
                                          }
                                        ],
                                        "failureThreshold": "number",
                                        "grpc": [
                                          "object",
                                          {
                                            "port": "number",
                                            "service": "string"
                                          }
                                        ],
                                        "httpGet": [
                                          "object",
                                          {
                                            "host": "string",
                                            "httpHeaders": [
                                              "list",
                                              [
                                                "object",
                                                {
                                                  "name": "string",
                                                  "value": "string"
                                                }
                                              ]
                                            ],
                                            "path": "string",
                                            "port": "string",
                                            "scheme": "string"
                                          }
                                        ],
                                        "initialDelaySeconds": "number",
                                        "periodSeconds": "number",
                                        "successThreshold": "number",
                                        "tcpSocket": [
                                          "object",
                                          {
                                            "host": "string",
                                            "port": "string"
                                          }
                                        ],
                                        "terminationGracePeriodSeconds": "number",
                                        "timeoutSeconds": "number"
                                      }
                                    ],
                                    "resizePolicy": [
                                      "list",
                                      [
                                        "object",
                                        {
                                          "resourceName": "string",
                                          "restartPolicy": "string"
                                        }
                                      ]
                                    ],
                                    "resources": [
                                      "object",
                                      {
                                        "claims": [
                                          "list",
                                          [
                                            "object",
                                            {
                                              "name": "string"
                                            }
                                          ]
                                        ],
                                        "limits": [
                                          "map",
                                          "string"
                                        ],
                                        "requests": [
                                          "map",
                                          "string"
                                        ]
                                      }
                                    ],
                                    "restartPolicy": "string",
                                    "securityContext": [
                                      "object",
                                      {
                                        "allowPrivilegeEscalation": "bool",
                                        "appArmorProfile": [
                                          "object",
                                          {
                                            "localhostProfile": "string",
                                            "type": "string"
                                          }
                                        ],
                                        "capabilities": [
                                          "object",
                                          {
                                            "add": [
                                              "list",
                                              "string"
                                            ],
                                            "drop": [
                                              "list",
                                              "string"
                                            ]
                                          }
                                        ],
                                        "privileged": "bool",
                                        "procMount": "string",
                                        "readOnlyRootFilesystem": "bool",
                                        "runAsGroup": "number",
                                        "runAsNonRoot": "bool",
                                        "runAsUser": "number",
                                        "seLinuxOptions": [
                                          "object",
                                          {
                                            "level": "string",
                                            "role": "string",
                                            "type": "string",
                                            "user": "string"
                                          }
                                        ],
                                        "seccompProfile": [
                                          "object",
                                          {
                                            "localhostProfile": "string",
                                            "type": "string"
                                          }
                                        ],
                                        "windowsOptions": [
                                          "object",
                                          {
                                            "gmsaCredentialSpec": "string",
                                            "gmsaCredentialSpecName": "string",
                                            "hostProcess": "bool",
                                            "runAsUserName": "string"
                                          }
                                        ]
                                      }
                                    ],
                                    "startupProbe": [
                                      "object",
                                      {
                                        "exec": [
                                          "object",
                                          {
                                            "command": [
                                              "list",
                                              "string"
                                            ]
                                          }
                                        ],
                                        "failureThreshold": "number",
                                        "grpc": [
                                          "object",
                                          {
                                            "port": "number",
                                            "service": "string"
                                          }
                                        ],
                                        "httpGet": [
                                          "object",
                                          {
                                            "host": "string",
                                            "httpHeaders": [
                                              "list",
                                              [
                                                "object",
                                                {
                                                  "name": "string",
                                                  "value": "string"
                                                }
                                              ]
                                            ],
                                            "path": "string",
                                            "port": "string",
                                            "scheme": "string"
                                          }
                                        ],
                                        "initialDelaySeconds": "number",
                                        "periodSeconds": "number",
                                        "successThreshold": "number",
                                        "tcpSocket": [
                                          "object",
                                          {
                                            "host": "string",
                                            "port": "string"
                                          }
                                        ],
                                        "terminationGracePeriodSeconds": "number",
                                        "timeoutSeconds": "number"
                                      }
                                    ],
                                    "stdin": "bool",
                                    "stdinOnce": "bool",
                                    "targetContainerName": "string",
                                    "terminationMessagePath": "string",
                                    "terminationMessagePolicy": "string",
                                    "tty": "bool",
                                    "volumeDevices": [
                                      "list",
                                      [
                                        "object",
                                        {
                                          "devicePath": "string",
                                          "name": "string"
                                        }
                                      ]
                                    ],
                                    "volumeMounts": [
                                      "list",
                                      [
                                        "object",
                                        {
                                          "mountPath": "string",
                                          "mountPropagation": "string",
                                          "name": "string",
                                          "readOnly": "bool",
                                          "recursiveReadOnly": "string",
                                          "subPath": "string",
                                          "subPathExpr": "string"
                                        }
                                      ]
                                    ],
                                    "workingDir": "string"
                                  }
                                ]
                              ],
                              "hostAliases": [
                                "list",
                                [
                                  "object",
                                  {
                                    "hostnames": [
                                      "list",
                                      "string"
                                    ],
                                    "ip": "string"
                                  }
                                ]
                              ],
                              "hostIPC": "bool",
                              "hostNetwork": "bool",
                              "hostPID": "bool",
                              "hostUsers": "bool",
                              "hostname": "string",
                              "imagePullSecrets": [
                                "list",
                                [
                                  "object",
                                  {
                                    "name": "string"
                                  }
                                ]
                              ],
                              "initContainers": [
                                "list",
                                [
                                  "object",
                                  {
                                    "args": [
                                      "list",
                                      "string"
                                    ],
                                    "command": [
                                      "list",
                                      "string"
                                    ],
                                    "env": [
                                      "list",
                                      [
                                        "object",
                                        {
                                          "name": "string",
                                          "value": "string",
                                          "valueFrom": [
                                            "object",
                                            {
                                              "configMapKeyRef": [
                                                "object",
                                                {
                                                  "key": "string",
                                                  "name": "string",
                                                  "optional": "bool"
                                                }
                                              ],
                                              "fieldRef": [
                                                "object",
                                                {
                                                  "apiVersion": "string",
                                                  "fieldPath": "string"
                                                }
                                              ],
                                              "resourceFieldRef": [
                                                "object",
                                                {
                                                  "containerName": "string",
                                                  "divisor": "string",
                                                  "resource": "string"
                                                }
                                              ],
                                              "secretKeyRef": [
                                                "object",
                                                {
                                                  "key": "string",
                                                  "name": "string",
                                                  "optional": "bool"
                                                }
                                              ]
                                            }
                                          ]
                                        }
                                      ]
                                    ],
                                    "envFrom": [
                                      "list",
                                      [
                                        "object",
                                        {
                                          "configMapRef": [
                                            "object",
                                            {
                                              "name": "string",
                                              "optional": "bool"
                                            }
                                          ],
                                          "prefix": "string",
                                          "secretRef": [
                                            "object",
                                            {
                                              "name": "string",
                                              "optional": "bool"
                                            }
                                          ]
                                        }
                                      ]
                                    ],
                                    "image": "string",
                                    "imagePullPolicy": "string",
                                    "lifecycle": [
                                      "object",
                                      {
                                        "postStart": [
                                          "object",
                                          {
                                            "exec": [
                                              "object",
                                              {
                                                "command": [
                                                  "list",
                                                  "string"
                                                ]
                                              }
                                            ],
                                            "httpGet": [
                                              "object",
                                              {
                                                "host": "string",
                                                "httpHeaders": [
                                                  "list",
                                                  [
                                                    "object",
                                                    {
                                                      "name": "string",
                                                      "value": "string"
                                                    }
                                                  ]
                                                ],
                                                "path": "string",
                                                "port": "string",
                                                "scheme": "string"
                                              }
                                            ],
                                            "sleep": [
                                              "object",
                                              {
                                                "seconds": "number"
                                              }
                                            ],
                                            "tcpSocket": [
                                              "object",
                                              {
                                                "host": "string",
                                                "port": "string"
                                              }
                                            ]
                                          }
                                        ],
                                        "preStop": [
                                          "object",
                                          {
                                            "exec": [
                                              "object",
                                              {
                                                "command": [
                                                  "list",
                                                  "string"
                                                ]
                                              }
                                            ],
                                            "httpGet": [
                                              "object",
                                              {
                                                "host": "string",
                                                "httpHeaders": [
                                                  "list",
                                                  [
                                                    "object",
                                                    {
                                                      "name": "string",
                                                      "value": "string"
                                                    }
                                                  ]
                                                ],
                                                "path": "string",
                                                "port": "string",
                                                "scheme": "string"
                                              }
                                            ],
                                            "sleep": [
                                              "object",
                                              {
                                                "seconds": "number"
                                              }
                                            ],
                                            "tcpSocket": [
                                              "object",
                                              {
                                                "host": "string",
                                                "port": "string"
                                              }
                                            ]
                                          }
                                        ]
                                      }
                                    ],
                                    "livenessProbe": [
                                      "object",
                                      {
                                        "exec": [
                                          "object",
                                          {
                                            "command": [
                                              "list",
                                              "string"
                                            ]
                                          }
                                        ],
                                        "failureThreshold": "number",
                                        "grpc": [
                                          "object",
                                          {
                                            "port": "number",
                                            "service": "string"
                                          }
                                        ],
                                        "httpGet": [
                                          "object",
                                          {
                                            "host": "string",
                                            "httpHeaders": [
                                              "list",
                                              [
                                                "object",
                                                {
                                                  "name": "string",
                                                  "value": "string"
                                                }
                                              ]
                                            ],
                                            "path": "string",
                                            "port": "string",
                                            "scheme": "string"
                                          }
                                        ],
                                        "initialDelaySeconds": "number",
                                        "periodSeconds": "number",
                                        "successThreshold": "number",
                                        "tcpSocket": [
                                          "object",
                                          {
                                            "host": "string",
                                            "port": "string"
                                          }
                                        ],
                                        "terminationGracePeriodSeconds": "number",
                                        "timeoutSeconds": "number"
                                      }
                                    ],
                                    "name": "string",
                                    "ports": [
                                      "list",
                                      [
                                        "object",
                                        {
                                          "containerPort": "number",
                                          "hostIP": "string",
                                          "hostPort": "number",
                                          "name": "string",
                                          "protocol": "string"
                                        }
                                      ]
                                    ],
                                    "readinessProbe": [
                                      "object",
                                      {
                                        "exec": [
                                          "object",
                                          {
                                            "command": [
                                              "list",
                                              "string"
                                            ]
                                          }
                                        ],
                                        "failureThreshold": "number",
                                        "grpc": [
                                          "object",
                                          {
                                            "port": "number",
                                            "service": "string"
                                          }
                                        ],
                                        "httpGet": [
                                          "object",
                                          {
                                            "host": "string",
                                            "httpHeaders": [
                                              "list",
                                              [
                                                "object",
                                                {
                                                  "name": "string",
                                                  "value": "string"
                                                }
                                              ]
                                            ],
                                            "path": "string",
                                            "port": "string",
                                            "scheme": "string"
                                          }
                                        ],
                                        "initialDelaySeconds": "number",
                                        "periodSeconds": "number",
                                        "successThreshold": "number",
                                        "tcpSocket": [
                                          "object",
                                          {
                                            "host": "string",
                                            "port": "string"
                                          }
                                        ],
                                        "terminationGracePeriodSeconds": "number",
                                        "timeoutSeconds": "number"
                                      }
                                    ],
                                    "resizePolicy": [
                                      "list",
                                      [
                                        "object",
                                        {
                                          "resourceName": "string",
                                          "restartPolicy": "string"
                                        }
                                      ]
                                    ],
                                    "resources": [
                                      "object",
                                      {
                                        "claims": [
                                          "list",
                                          [
                                            "object",
                                            {
                                              "name": "string"
                                            }
                                          ]
                                        ],
                                        "limits": [
                                          "map",
                                          "string"
                                        ],
                                        "requests": [
                                          "map",
                                          "string"
                                        ]
                                      }
                                    ],
                                    "restartPolicy": "string",
                                    "securityContext": [
                                      "object",
                                      {
                                        "allowPrivilegeEscalation": "bool",
                                        "appArmorProfile": [
                                          "object",
                                          {
                                            "localhostProfile": "string",
                                            "type": "string"
                                          }
                                        ],
                                        "capabilities": [
                                          "object",
                                          {
                                            "add": [
                                              "list",
                                              "string"
                                            ],
                                            "drop": [
                                              "list",
                                              "string"
                                            ]
                                          }
                                        ],
                                        "privileged": "bool",
                                        "procMount": "string",
                                        "readOnlyRootFilesystem": "bool",
                                        "runAsGroup": "number",
                                        "runAsNonRoot": "bool",
                                        "runAsUser": "number",
                                        "seLinuxOptions": [
                                          "object",
                                          {
                                            "level": "string",
                                            "role": "string",
                                            "type": "string",
                                            "user": "string"
                                          }
                                        ],
                                        "seccompProfile": [
                                          "object",
                                          {
                                            "localhostProfile": "string",
                                            "type": "string"
                                          }
                                        ],
                                        "windowsOptions": [
                                          "object",
                                          {
                                            "gmsaCredentialSpec": "string",
                                            "gmsaCredentialSpecName": "string",
                                            "hostProcess": "bool",
                                            "runAsUserName": "string"
                                          }
                                        ]
                                      }
                                    ],
                                    "startupProbe": [
                                      "object",
                                      {
                                        "exec": [
                                          "object",
                                          {
                                            "command": [
                                              "list",
                                              "string"
                                            ]
                                          }
                                        ],
                                        "failureThreshold": "number",
                                        "grpc": [
                                          "object",
                                          {
                                            "port": "number",
                                            "service": "string"
                                          }
                                        ],
                                        "httpGet": [
                                          "object",
                                          {
                                            "host": "string",
                                            "httpHeaders": [
                                              "list",
                                              [
                                                "object",
                                                {
                                                  "name": "string",
                                                  "value": "string"
                                                }
                                              ]
                                            ],
                                            "path": "string",
                                            "port": "string",
                                            "scheme": "string"
                                          }
                                        ],
                                        "initialDelaySeconds": "number",
                                        "periodSeconds": "number",
                                        "successThreshold": "number",
                                        "tcpSocket": [
                                          "object",
                                          {
                                            "host": "string",
                                            "port": "string"
                                          }
                                        ],
                                        "terminationGracePeriodSeconds": "number",
                                        "timeoutSeconds": "number"
                                      }
                                    ],
                                    "stdin": "bool",
                                    "stdinOnce": "bool",
                                    "terminationMessagePath": "string",
                                    "terminationMessagePolicy": "string",
                                    "tty": "bool",
                                    "volumeDevices": [
                                      "list",
                                      [
                                        "object",
                                        {
                                          "devicePath": "string",
                                          "name": "string"
                                        }
                                      ]
                                    ],
                                    "volumeMounts": [
                                      "list",
                                      [
                                        "object",
                                        {
                                          "mountPath": "string",
                                          "mountPropagation": "string",
                                          "name": "string",
                                          "readOnly": "bool",
                                          "recursiveReadOnly": "string",
                                          "subPath": "string",
                                          "subPathExpr": "string"
                                        }
                                      ]
                                    ],
                                    "workingDir": "string"
                                  }
                                ]
                              ],
                              "nodeName": "string",
                              "nodeSelector": [
                                "map",
                                "string"
                              ],
                              "os": [
                                "object",
                                {
                                  "name": "string"
                                }
                              ],
                              "overhead": [
                                "map",
                                "string"
                              ],
                              "preemptionPolicy": "string",
                              "priority": "number",
                              "priorityClassName": "string",
                              "readinessGates": [
                                "list",
                                [
                                  "object",
                                  {
                                    "conditionType": "string"
                                  }
                                ]
                              ],
                              "resourceClaims": [
                                "list",
                                [
                                  "object",
                                  {
                                    "name": "string",
                                    "source": [
                                      "object",
                                      {
                                        "resourceClaimName": "string",
                                        "resourceClaimTemplateName": "string"
                                      }
                                    ]
                                  }
                                ]
                              ],
                              "restartPolicy": "string",
                              "runtimeClassName": "string",
                              "schedulerName": "string",
                              "schedulingGates": [
                                "list",
                                [
                                  "object",
                                  {
                                    "name": "string"
                                  }
                                ]
                              ],
                              "securityContext": [
                                "object",
                                {
                                  "appArmorProfile": [
                                    "object",
                                    {
                                      "localhostProfile": "string",
                                      "type": "string"
                                    }
                                  ],
                                  "fsGroup": "number",
                                  "fsGroupChangePolicy": "string",
                                  "runAsGroup": "number",
                                  "runAsNonRoot": "bool",
                                  "runAsUser": "number",
                                  "seLinuxOptions": [
                                    "object",
                                    {
                                      "level": "string",
                                      "role": "string",
                                      "type": "string",
                                      "user": "string"
                                    }
                                  ],
                                  "seccompProfile": [
                                    "object",
                                    {
                                      "localhostProfile": "string",
                                      "type": "string"
                                    }
                                  ],
                                  "supplementalGroups": [
                                    "list",
                                    "number"
                                  ],
                                  "sysctls": [
                                    "list",
                                    [
                                      "object",
                                      {
                                        "name": "string",
                                        "value": "string"
                                      }
                                    ]
                                  ],
                                  "windowsOptions": [
                                    "object",
                                    {
                                      "gmsaCredentialSpec": "string",
                                      "gmsaCredentialSpecName": "string",
                                      "hostProcess": "bool",
                                      "runAsUserName": "string"
                                    }
                                  ]
                                }
                              ],
                              "serviceAccount": "string",
                              "serviceAccountName": "string",
                              "setHostnameAsFQDN": "bool",
                              "shareProcessNamespace": "bool",
                              "subdomain": "string",
                              "terminationGracePeriodSeconds": "number",
                              "tolerations": [
                                "list",
                                [
                                  "object",
                                  {
                                    "effect": "string",
                                    "key": "string",
                                    "operator": "string",
                                    "tolerationSeconds": "number",
                                    "value": "string"
                                  }
                                ]
                              ],
                              "topologySpreadConstraints": [
                                "list",
                                [
                                  "object",
                                  {
                                    "labelSelector": [
                                      "object",
                                      {
                                        "matchExpressions": [
                                          "list",
                                          [
                                            "object",
                                            {
                                              "key": "string",
                                              "operator": "string",
                                              "values": [
                                                "list",
                                                "string"
                                              ]
                                            }
                                          ]
                                        ],
                                        "matchLabels": [
                                          "map",
                                          "string"
                                        ]
                                      }
                                    ],
                                    "matchLabelKeys": [
                                      "list",
                                      "string"
                                    ],
                                    "maxSkew": "number",
                                    "minDomains": "number",
                                    "nodeAffinityPolicy": "string",
                                    "nodeTaintsPolicy": "string",
                                    "topologyKey": "string",
                                    "whenUnsatisfiable": "string"
                                  }
                                ]
                              ],
                              "volumes": [
                                "tuple",
                                [
                                  [
                                    "object",
                                    {
                                      "awsElasticBlockStore": [
                                        "object",
                                        {
                                          "fsType": "string",
                                          "partition": "number",
                                          "readOnly": "bool",
                                          "volumeID": "string"
                                        }
                                      ],
                                      "azureDisk": [
                                        "object",
                                        {
                                          "cachingMode": "string",
                                          "diskName": "string",
                                          "diskURI": "string",
                                          "fsType": "string",
                                          "kind": "string",
                                          "readOnly": "bool"
                                        }
                                      ],
                                      "azureFile": [
                                        "object",
                                        {
                                          "readOnly": "bool",
                                          "secretName": "string",
                                          "shareName": "string"
                                        }
                                      ],
                                      "cephfs": [
                                        "object",
                                        {
                                          "monitors": [
                                            "list",
                                            "string"
                                          ],
                                          "path": "string",
                                          "readOnly": "bool",
                                          "secretFile": "string",
                                          "secretRef": [
                                            "object",
                                            {
                                              "name": "string"
                                            }
                                          ],
                                          "user": "string"
                                        }
                                      ],
                                      "cinder": [
                                        "object",
                                        {
                                          "fsType": "string",
                                          "readOnly": "bool",
                                          "secretRef": [
                                            "object",
                                            {
                                              "name": "string"
                                            }
                                          ],
                                          "volumeID": "string"
                                        }
                                      ],
                                      "configMap": [
                                        "object",
                                        {
                                          "defaultMode": "number",
                                          "items": [
                                            "list",
                                            [
                                              "object",
                                              {
                                                "key": "string",
                                                "mode": "number",
                                                "path": "string"
                                              }
                                            ]
                                          ],
                                          "name": "string",
                                          "optional": "bool"
                                        }
                                      ],
                                      "csi": [
                                        "object",
                                        {
                                          "driver": "string",
                                          "fsType": "string",
                                          "nodePublishSecretRef": [
                                            "object",
                                            {
                                              "name": "string"
                                            }
                                          ],
                                          "readOnly": "bool",
                                          "volumeAttributes": [
                                            "map",
                                            "string"
                                          ]
                                        }
                                      ],
                                      "downwardAPI": [
                                        "object",
                                        {
                                          "defaultMode": "number",
                                          "items": [
                                            "list",
                                            [
                                              "object",
                                              {
                                                "fieldRef": [
                                                  "object",
                                                  {
                                                    "apiVersion": "string",
                                                    "fieldPath": "string"
                                                  }
                                                ],
                                                "mode": "number",
                                                "path": "string",
                                                "resourceFieldRef": [
                                                  "object",
                                                  {
                                                    "containerName": "string",
                                                    "divisor": "string",
                                                    "resource": "string"
                                                  }
                                                ]
                                              }
                                            ]
                                          ]
                                        }
                                      ],
                                      "emptyDir": [
                                        "object",
                                        {
                                          "medium": "string",
                                          "sizeLimit": "string"
                                        }
                                      ],
                                      "ephemeral": [
                                        "object",
                                        {
                                          "volumeClaimTemplate": [
                                            "object",
                                            {
                                              "metadata": [
                                                "object",
                                                {
                                                  "annotations": [
                                                    "map",
                                                    "string"
                                                  ],
                                                  "creationTimestamp": "string",
                                                  "deletionGracePeriodSeconds": "number",
                                                  "deletionTimestamp": "string",
                                                  "finalizers": [
                                                    "list",
                                                    "string"
                                                  ],
                                                  "generateName": "string",
                                                  "generation": "number",
                                                  "labels": [
                                                    "map",
                                                    "string"
                                                  ],
                                                  "managedFields": [
                                                    "tuple",
                                                    [
                                                      [
                                                        "object",
                                                        {
                                                          "apiVersion": "string",
                                                          "fieldsType": "string",
                                                          "fieldsV1": "dynamic",
                                                          "manager": "string",
                                                          "operation": "string",
                                                          "subresource": "string",
                                                          "time": "string"
                                                        }
                                                      ]
                                                    ]
                                                  ],
                                                  "name": "string",
                                                  "namespace": "string",
                                                  "ownerReferences": [
                                                    "list",
                                                    [
                                                      "object",
                                                      {
                                                        "apiVersion": "string",
                                                        "blockOwnerDeletion": "bool",
                                                        "controller": "bool",
                                                        "kind": "string",
                                                        "name": "string",
                                                        "uid": "string"
                                                      }
                                                    ]
                                                  ],
                                                  "resourceVersion": "string",
                                                  "selfLink": "string",
                                                  "uid": "string"
                                                }
                                              ],
                                              "spec": [
                                                "object",
                                                {
                                                  "accessModes": [
                                                    "list",
                                                    "string"
                                                  ],
                                                  "dataSource": [
                                                    "object",
                                                    {
                                                      "apiGroup": "string",
                                                      "kind": "string",
                                                      "name": "string"
                                                    }
                                                  ],
                                                  "dataSourceRef": [
                                                    "object",
                                                    {
                                                      "apiGroup": "string",
                                                      "kind": "string",
                                                      "name": "string",
                                                      "namespace": "string"
                                                    }
                                                  ],
                                                  "resources": [
                                                    "object",
                                                    {
                                                      "limits": [
                                                        "map",
                                                        "string"
                                                      ],
                                                      "requests": [
                                                        "map",
                                                        "string"
                                                      ]
                                                    }
                                                  ],
                                                  "selector": [
                                                    "object",
                                                    {
                                                      "matchExpressions": [
                                                        "list",
                                                        [
                                                          "object",
                                                          {
                                                            "key": "string",
                                                            "operator": "string",
                                                            "values": [
                                                              "list",
                                                              "string"
                                                            ]
                                                          }
                                                        ]
                                                      ],
                                                      "matchLabels": [
                                                        "map",
                                                        "string"
                                                      ]
                                                    }
                                                  ],
                                                  "storageClassName": "string",
                                                  "volumeAttributesClassName": "string",
                                                  "volumeMode": "string",
                                                  "volumeName": "string"
                                                }
                                              ]
                                            }
                                          ]
                                        }
                                      ],
                                      "fc": [
                                        "object",
                                        {
                                          "fsType": "string",
                                          "lun": "number",
                                          "readOnly": "bool",
                                          "targetWWNs": [
                                            "list",
                                            "string"
                                          ],
                                          "wwids": [
                                            "list",
                                            "string"
                                          ]
                                        }
                                      ],
                                      "flexVolume": [
                                        "object",
                                        {
                                          "driver": "string",
                                          "fsType": "string",
                                          "options": [
                                            "map",
                                            "string"
                                          ],
                                          "readOnly": "bool",
                                          "secretRef": [
                                            "object",
                                            {
                                              "name": "string"
                                            }
                                          ]
                                        }
                                      ],
                                      "flocker": [
                                        "object",
                                        {
                                          "datasetName": "string",
                                          "datasetUUID": "string"
                                        }
                                      ],
                                      "gcePersistentDisk": [
                                        "object",
                                        {
                                          "fsType": "string",
                                          "partition": "number",
                                          "pdName": "string",
                                          "readOnly": "bool"
                                        }
                                      ],
                                      "gitRepo": [
                                        "object",
                                        {
                                          "directory": "string",
                                          "repository": "string",
                                          "revision": "string"
                                        }
                                      ],
                                      "glusterfs": [
                                        "object",
                                        {
                                          "endpoints": "string",
                                          "path": "string",
                                          "readOnly": "bool"
                                        }
                                      ],
                                      "hostPath": [
                                        "object",
                                        {
                                          "path": "string",
                                          "type": "string"
                                        }
                                      ],
                                      "iscsi": [
                                        "object",
                                        {
                                          "chapAuthDiscovery": "bool",
                                          "chapAuthSession": "bool",
                                          "fsType": "string",
                                          "initiatorName": "string",
                                          "iqn": "string",
                                          "iscsiInterface": "string",
                                          "lun": "number",
                                          "portals": [
                                            "list",
                                            "string"
                                          ],
                                          "readOnly": "bool",
                                          "secretRef": [
                                            "object",
                                            {
                                              "name": "string"
                                            }
                                          ],
                                          "targetPortal": "string"
                                        }
                                      ],
                                      "name": "string",
                                      "nfs": [
                                        "object",
                                        {
                                          "path": "string",
                                          "readOnly": "bool",
                                          "server": "string"
                                        }
                                      ],
                                      "persistentVolumeClaim": [
                                        "object",
                                        {
                                          "claimName": "string",
                                          "readOnly": "bool"
                                        }
                                      ],
                                      "photonPersistentDisk": [
                                        "object",
                                        {
                                          "fsType": "string",
                                          "pdID": "string"
                                        }
                                      ],
                                      "portworxVolume": [
                                        "object",
                                        {
                                          "fsType": "string",
                                          "readOnly": "bool",
                                          "volumeID": "string"
                                        }
                                      ],
                                      "projected": [
                                        "object",
                                        {
                                          "defaultMode": "number",
                                          "sources": [
                                            "list",
                                            [
                                              "object",
                                              {
                                                "clusterTrustBundle": [
                                                  "object",
                                                  {
                                                    "labelSelector": [
                                                      "object",
                                                      {
                                                        "matchExpressions": [
                                                          "list",
                                                          [
                                                            "object",
                                                            {
                                                              "key": "string",
                                                              "operator": "string",
                                                              "values": [
                                                                "list",
                                                                "string"
                                                              ]
                                                            }
                                                          ]
                                                        ],
                                                        "matchLabels": [
                                                          "map",
                                                          "string"
                                                        ]
                                                      }
                                                    ],
                                                    "name": "string",
                                                    "optional": "bool",
                                                    "path": "string",
                                                    "signerName": "string"
                                                  }
                                                ],
                                                "configMap": [
                                                  "object",
                                                  {
                                                    "items": [
                                                      "list",
                                                      [
                                                        "object",
                                                        {
                                                          "key": "string",
                                                          "mode": "number",
                                                          "path": "string"
                                                        }
                                                      ]
                                                    ],
                                                    "name": "string",
                                                    "optional": "bool"
                                                  }
                                                ],
                                                "downwardAPI": [
                                                  "object",
                                                  {
                                                    "items": [
                                                      "list",
                                                      [
                                                        "object",
                                                        {
                                                          "fieldRef": [
                                                            "object",
                                                            {
                                                              "apiVersion": "string",
                                                              "fieldPath": "string"
                                                            }
                                                          ],
                                                          "mode": "number",
                                                          "path": "string",
                                                          "resourceFieldRef": [
                                                            "object",
                                                            {
                                                              "containerName": "string",
                                                              "divisor": "string",
                                                              "resource": "string"
                                                            }
                                                          ]
                                                        }
                                                      ]
                                                    ]
                                                  }
                                                ],
                                                "secret": [
                                                  "object",
                                                  {
                                                    "items": [
                                                      "list",
                                                      [
                                                        "object",
                                                        {
                                                          "key": "string",
                                                          "mode": "number",
                                                          "path": "string"
                                                        }
                                                      ]
                                                    ],
                                                    "name": "string",
                                                    "optional": "bool"
                                                  }
                                                ],
                                                "serviceAccountToken": [
                                                  "object",
                                                  {
                                                    "audience": "string",
                                                    "expirationSeconds": "number",
                                                    "path": "string"
                                                  }
                                                ]
                                              }
                                            ]
                                          ]
                                        }
                                      ],
                                      "quobyte": [
                                        "object",
                                        {
                                          "group": "string",
                                          "readOnly": "bool",
                                          "registry": "string",
                                          "tenant": "string",
                                          "user": "string",
                                          "volume": "string"
                                        }
                                      ],
                                      "rbd": [
                                        "object",
                                        {
                                          "fsType": "string",
                                          "image": "string",
                                          "keyring": "string",
                                          "monitors": [
                                            "list",
                                            "string"
                                          ],
                                          "pool": "string",
                                          "readOnly": "bool",
                                          "secretRef": [
                                            "object",
                                            {
                                              "name": "string"
                                            }
                                          ],
                                          "user": "string"
                                        }
                                      ],
                                      "scaleIO": [
                                        "object",
                                        {
                                          "fsType": "string",
                                          "gateway": "string",
                                          "protectionDomain": "string",
                                          "readOnly": "bool",
                                          "secretRef": [
                                            "object",
                                            {
                                              "name": "string"
                                            }
                                          ],
                                          "sslEnabled": "bool",
                                          "storageMode": "string",
                                          "storagePool": "string",
                                          "system": "string",
                                          "volumeName": "string"
                                        }
                                      ],
                                      "secret": [
                                        "object",
                                        {
                                          "defaultMode": "number",
                                          "items": [
                                            "list",
                                            [
                                              "object",
                                              {
                                                "key": "string",
                                                "mode": "number",
                                                "path": "string"
                                              }
                                            ]
                                          ],
                                          "optional": "bool",
                                          "secretName": "string"
                                        }
                                      ],
                                      "storageos": [
                                        "object",
                                        {
                                          "fsType": "string",
                                          "readOnly": "bool",
                                          "secretRef": [
                                            "object",
                                            {
                                              "name": "string"
                                            }
                                          ],
                                          "volumeName": "string",
                                          "volumeNamespace": "string"
                                        }
                                      ],
                                      "vsphereVolume": [
                                        "object",
                                        {
                                          "fsType": "string",
                                          "storagePolicyID": "string",
                                          "storagePolicyName": "string",
                                          "volumePath": "string"
                                        }
                                      ]
                                    }
                                  ]
                                ]
                              ]
                            }
                          ]
                        }
                      ]
                    }
                  ]
                }
              ]
            },
            "timeouts": [],
            "wait": [],
            "wait_for": null
          },
          "sensitive_attributes": []
        }
      ]
    }
  ],
  "check_results": null
}
